// !$*UTF8*$!
{
	archiveVersion = 1;
	classes = {
	};
	objectVersion = 55;
	objects = {

/* Begin PBXBuildFile section */
		B743228D27CC5DF300445645 /* AppDelegate.swift in Sources */ = {isa = PBXBuildFile; fileRef = B743228C27CC5DF300445645 /* AppDelegate.swift */; };
		B743228F27CC5DF300445645 /* SceneDelegate.swift in Sources */ = {isa = PBXBuildFile; fileRef = B743228E27CC5DF300445645 /* SceneDelegate.swift */; };
		B743229127CC5DF300445645 /* ViewController.swift in Sources */ = {isa = PBXBuildFile; fileRef = B743229027CC5DF300445645 /* ViewController.swift */; };
		B743229427CC5DF300445645 /* Main.storyboard in Resources */ = {isa = PBXBuildFile; fileRef = B743229227CC5DF300445645 /* Main.storyboard */; };
		B743229627CC5DF400445645 /* Assets.xcassets in Resources */ = {isa = PBXBuildFile; fileRef = B743229527CC5DF400445645 /* Assets.xcassets */; };
		B743229927CC5DF400445645 /* LaunchScreen.storyboard in Resources */ = {isa = PBXBuildFile; fileRef = B743229727CC5DF400445645 /* LaunchScreen.storyboard */; };
		B74322A327CC6F4000445645 /* Rectangle.swift in Sources */ = {isa = PBXBuildFile; fileRef = B74322A227CC6F4000445645 /* Rectangle.swift */; };
		B74322A527CC81ED00445645 /* ShapeFactory.swift in Sources */ = {isa = PBXBuildFile; fileRef = B74322A427CC81ED00445645 /* ShapeFactory.swift */; };
		B74322B027CCE42000445645 /* drawingAppTests.swift in Sources */ = {isa = PBXBuildFile; fileRef = B74322AF27CCE42000445645 /* drawingAppTests.swift */; };
		B74322B927CF0C0500445645 /* Color.swift in Sources */ = {isa = PBXBuildFile; fileRef = B74322B827CF0C0500445645 /* Color.swift */; };
		B74322BD27CF0C3400445645 /* Size.swift in Sources */ = {isa = PBXBuildFile; fileRef = B74322BC27CF0C3400445645 /* Size.swift */; };
		B74322BF27CF0C3D00445645 /* Point.swift in Sources */ = {isa = PBXBuildFile; fileRef = B74322BE27CF0C3D00445645 /* Point.swift */; };
		B74322C127CF35F000445645 /* Alpha.swift in Sources */ = {isa = PBXBuildFile; fileRef = B74322C027CF35F000445645 /* Alpha.swift */; };
		B74322C327CF5A0700445645 /* Plane.swift in Sources */ = {isa = PBXBuildFile; fileRef = B74322C227CF5A0700445645 /* Plane.swift */; };
		B74322C627D0CB8400445645 /* RectangleView.swift in Sources */ = {isa = PBXBuildFile; fileRef = B74322C527D0CB8400445645 /* RectangleView.swift */; };
		B74322CC27D1B91C00445645 /* PanelView.swift in Sources */ = {isa = PBXBuildFile; fileRef = B74322CB27D1B91C00445645 /* PanelView.swift */; };
		B74322D127D2534200445645 /* Utils.swift in Sources */ = {isa = PBXBuildFile; fileRef = B74322D027D2534200445645 /* Utils.swift */; };
/* End PBXBuildFile section */

/* Begin PBXContainerItemProxy section */
		B74322B127CCE42000445645 /* PBXContainerItemProxy */ = {
			isa = PBXContainerItemProxy;
			containerPortal = B743228127CC5DF300445645 /* Project object */;
			proxyType = 1;
			remoteGlobalIDString = B743228827CC5DF300445645;
			remoteInfo = drawingApp;
		};
/* End PBXContainerItemProxy section */

/* Begin PBXFileReference section */
		B743228927CC5DF300445645 /* drawingApp.app */ = {isa = PBXFileReference; explicitFileType = wrapper.application; includeInIndex = 0; path = drawingApp.app; sourceTree = BUILT_PRODUCTS_DIR; };
		B743228C27CC5DF300445645 /* AppDelegate.swift */ = {isa = PBXFileReference; lastKnownFileType = sourcecode.swift; path = AppDelegate.swift; sourceTree = "<group>"; };
		B743228E27CC5DF300445645 /* SceneDelegate.swift */ = {isa = PBXFileReference; lastKnownFileType = sourcecode.swift; path = SceneDelegate.swift; sourceTree = "<group>"; };
		B743229027CC5DF300445645 /* ViewController.swift */ = {isa = PBXFileReference; lastKnownFileType = sourcecode.swift; path = ViewController.swift; sourceTree = "<group>"; };
		B743229327CC5DF300445645 /* Base */ = {isa = PBXFileReference; lastKnownFileType = file.storyboard; name = Base; path = Base.lproj/Main.storyboard; sourceTree = "<group>"; };
		B743229527CC5DF400445645 /* Assets.xcassets */ = {isa = PBXFileReference; lastKnownFileType = folder.assetcatalog; path = Assets.xcassets; sourceTree = "<group>"; };
		B743229827CC5DF400445645 /* Base */ = {isa = PBXFileReference; lastKnownFileType = file.storyboard; name = Base; path = Base.lproj/LaunchScreen.storyboard; sourceTree = "<group>"; };
		B743229A27CC5DF400445645 /* Info.plist */ = {isa = PBXFileReference; lastKnownFileType = text.plist.xml; path = Info.plist; sourceTree = "<group>"; };
		B74322A227CC6F4000445645 /* Rectangle.swift */ = {isa = PBXFileReference; lastKnownFileType = sourcecode.swift; path = Rectangle.swift; sourceTree = "<group>"; };
		B74322A427CC81ED00445645 /* ShapeFactory.swift */ = {isa = PBXFileReference; lastKnownFileType = sourcecode.swift; path = ShapeFactory.swift; sourceTree = "<group>"; };
		B74322AD27CCE42000445645 /* drawingAppTests.xctest */ = {isa = PBXFileReference; explicitFileType = wrapper.cfbundle; includeInIndex = 0; path = drawingAppTests.xctest; sourceTree = BUILT_PRODUCTS_DIR; };
		B74322AF27CCE42000445645 /* drawingAppTests.swift */ = {isa = PBXFileReference; lastKnownFileType = sourcecode.swift; path = drawingAppTests.swift; sourceTree = "<group>"; };
		B74322B827CF0C0500445645 /* Color.swift */ = {isa = PBXFileReference; lastKnownFileType = sourcecode.swift; path = Color.swift; sourceTree = "<group>"; };
		B74322BC27CF0C3400445645 /* Size.swift */ = {isa = PBXFileReference; lastKnownFileType = sourcecode.swift; path = Size.swift; sourceTree = "<group>"; };
		B74322BE27CF0C3D00445645 /* Point.swift */ = {isa = PBXFileReference; lastKnownFileType = sourcecode.swift; path = Point.swift; sourceTree = "<group>"; };
		B74322C027CF35F000445645 /* Alpha.swift */ = {isa = PBXFileReference; lastKnownFileType = sourcecode.swift; path = Alpha.swift; sourceTree = "<group>"; };
		B74322C227CF5A0700445645 /* Plane.swift */ = {isa = PBXFileReference; lastKnownFileType = sourcecode.swift; path = Plane.swift; sourceTree = "<group>"; };
		B74322C527D0CB8400445645 /* RectangleView.swift */ = {isa = PBXFileReference; lastKnownFileType = sourcecode.swift; path = RectangleView.swift; sourceTree = "<group>"; };
		B74322CB27D1B91C00445645 /* PanelView.swift */ = {isa = PBXFileReference; lastKnownFileType = sourcecode.swift; path = PanelView.swift; sourceTree = "<group>"; };
		B74322D027D2534200445645 /* Utils.swift */ = {isa = PBXFileReference; lastKnownFileType = sourcecode.swift; path = Utils.swift; sourceTree = "<group>"; };
/* End PBXFileReference section */

/* Begin PBXFrameworksBuildPhase section */
		B743228627CC5DF300445645 /* Frameworks */ = {
			isa = PBXFrameworksBuildPhase;
			buildActionMask = 2147483647;
			files = (
			);
			runOnlyForDeploymentPostprocessing = 0;
		};
		B74322AA27CCE42000445645 /* Frameworks */ = {
			isa = PBXFrameworksBuildPhase;
			buildActionMask = 2147483647;
			files = (
			);
			runOnlyForDeploymentPostprocessing = 0;
		};
/* End PBXFrameworksBuildPhase section */

/* Begin PBXGroup section */
		B743228027CC5DF300445645 = {
			isa = PBXGroup;
			children = (
				B743228B27CC5DF300445645 /* drawingApp */,
				B74322AE27CCE42000445645 /* drawingAppTests */,
				B743228A27CC5DF300445645 /* Products */,
			);
			sourceTree = "<group>";
		};
		B743228A27CC5DF300445645 /* Products */ = {
			isa = PBXGroup;
			children = (
				B743228927CC5DF300445645 /* drawingApp.app */,
				B74322AD27CCE42000445645 /* drawingAppTests.xctest */,
			);
			name = Products;
			sourceTree = "<group>";
		};
		B743228B27CC5DF300445645 /* drawingApp */ = {
			isa = PBXGroup;
			children = (
				B74322CF27D2531C00445645 /* Extensions */,
				B74322C427D0CB5800445645 /* View */,
				B74322A127CC6F1E00445645 /* Controller */,
				B74322A027CC6F1800445645 /* Model */,
				B743228C27CC5DF300445645 /* AppDelegate.swift */,
				B743228E27CC5DF300445645 /* SceneDelegate.swift */,
				B743229227CC5DF300445645 /* Main.storyboard */,
				B743229527CC5DF400445645 /* Assets.xcassets */,
				B743229727CC5DF400445645 /* LaunchScreen.storyboard */,
				B743229A27CC5DF400445645 /* Info.plist */,
			);
			path = drawingApp;
			sourceTree = "<group>";
		};
		B74322A027CC6F1800445645 /* Model */ = {
			isa = PBXGroup;
			children = (
				B74322A227CC6F4000445645 /* Rectangle.swift */,
				B74322A427CC81ED00445645 /* ShapeFactory.swift */,
				B74322C227CF5A0700445645 /* Plane.swift */,
				B74322B827CF0C0500445645 /* Color.swift */,
				B74322BC27CF0C3400445645 /* Size.swift */,
				B74322C027CF35F000445645 /* Alpha.swift */,
				B74322BE27CF0C3D00445645 /* Point.swift */,
			);
			path = Model;
			sourceTree = "<group>";
		};
		B74322A127CC6F1E00445645 /* Controller */ = {
			isa = PBXGroup;
			children = (
				B743229027CC5DF300445645 /* ViewController.swift */,
			);
			path = Controller;
			sourceTree = "<group>";
		};
		B74322AE27CCE42000445645 /* drawingAppTests */ = {
			isa = PBXGroup;
			children = (
				B74322AF27CCE42000445645 /* drawingAppTests.swift */,
			);
			path = drawingAppTests;
			sourceTree = "<group>";
		};
		B74322C427D0CB5800445645 /* View */ = {
			isa = PBXGroup;
			children = (
				B74322C527D0CB8400445645 /* RectangleView.swift */,
				B74322CB27D1B91C00445645 /* PanelView.swift */,
			);
			path = View;
			sourceTree = "<group>";
		};
		B74322CF27D2531C00445645 /* Extensions */ = {
			isa = PBXGroup;
			children = (
				B74322D027D2534200445645 /* Utils.swift */,
			);
			path = Extensions;
			sourceTree = "<group>";
		};
/* End PBXGroup section */

/* Begin PBXNativeTarget section */
		B743228827CC5DF300445645 /* drawingApp */ = {
			isa = PBXNativeTarget;
			buildConfigurationList = B743229D27CC5DF400445645 /* Build configuration list for PBXNativeTarget "drawingApp" */;
			buildPhases = (
				B743228527CC5DF300445645 /* Sources */,
				B743228627CC5DF300445645 /* Frameworks */,
				B743228727CC5DF300445645 /* Resources */,
			);
			buildRules = (
			);
			dependencies = (
			);
			name = drawingApp;
			productName = drawingApp;
			productReference = B743228927CC5DF300445645 /* drawingApp.app */;
			productType = "com.apple.product-type.application";
		};
		B74322AC27CCE42000445645 /* drawingAppTests */ = {
			isa = PBXNativeTarget;
			buildConfigurationList = B74322B327CCE42000445645 /* Build configuration list for PBXNativeTarget "drawingAppTests" */;
			buildPhases = (
				B74322A927CCE42000445645 /* Sources */,
				B74322AA27CCE42000445645 /* Frameworks */,
				B74322AB27CCE42000445645 /* Resources */,
			);
			buildRules = (
			);
			dependencies = (
				B74322B227CCE42000445645 /* PBXTargetDependency */,
			);
			name = drawingAppTests;
			productName = drawingAppTests;
			productReference = B74322AD27CCE42000445645 /* drawingAppTests.xctest */;
			productType = "com.apple.product-type.bundle.unit-test";
		};
/* End PBXNativeTarget section */

/* Begin PBXProject section */
		B743228127CC5DF300445645 /* Project object */ = {
			isa = PBXProject;
			attributes = {
				BuildIndependentTargetsInParallel = 1;
				LastSwiftUpdateCheck = 1320;
				LastUpgradeCheck = 1320;
				TargetAttributes = {
					B743228827CC5DF300445645 = {
						CreatedOnToolsVersion = 13.2.1;
					};
					B74322AC27CCE42000445645 = {
						CreatedOnToolsVersion = 13.2.1;
						TestTargetID = B743228827CC5DF300445645;
					};
				};
			};
			buildConfigurationList = B743228427CC5DF300445645 /* Build configuration list for PBXProject "drawingApp" */;
			compatibilityVersion = "Xcode 13.0";
			developmentRegion = en;
			hasScannedForEncodings = 0;
			knownRegions = (
				en,
				Base,
			);
			mainGroup = B743228027CC5DF300445645;
			productRefGroup = B743228A27CC5DF300445645 /* Products */;
			projectDirPath = "";
			projectRoot = "";
			targets = (
				B743228827CC5DF300445645 /* drawingApp */,
				B74322AC27CCE42000445645 /* drawingAppTests */,
			);
		};
/* End PBXProject section */

/* Begin PBXResourcesBuildPhase section */
		B743228727CC5DF300445645 /* Resources */ = {
			isa = PBXResourcesBuildPhase;
			buildActionMask = 2147483647;
			files = (
				B743229927CC5DF400445645 /* LaunchScreen.storyboard in Resources */,
				B743229627CC5DF400445645 /* Assets.xcassets in Resources */,
				B743229427CC5DF300445645 /* Main.storyboard in Resources */,
			);
			runOnlyForDeploymentPostprocessing = 0;
		};
		B74322AB27CCE42000445645 /* Resources */ = {
			isa = PBXResourcesBuildPhase;
			buildActionMask = 2147483647;
			files = (
			);
			runOnlyForDeploymentPostprocessing = 0;
		};
/* End PBXResourcesBuildPhase section */

/* Begin PBXSourcesBuildPhase section */
		B743228527CC5DF300445645 /* Sources */ = {
			isa = PBXSourcesBuildPhase;
			buildActionMask = 2147483647;
			files = (
				B74322BD27CF0C3400445645 /* Size.swift in Sources */,
				B743229127CC5DF300445645 /* ViewController.swift in Sources */,
				B74322C327CF5A0700445645 /* Plane.swift in Sources */,
				B74322A527CC81ED00445645 /* ShapeFactory.swift in Sources */,
				B74322C627D0CB8400445645 /* RectangleView.swift in Sources */,
				B743228D27CC5DF300445645 /* AppDelegate.swift in Sources */,
				B74322D127D2534200445645 /* Utils.swift in Sources */,
				B74322BF27CF0C3D00445645 /* Point.swift in Sources */,
				B74322CC27D1B91C00445645 /* PanelView.swift in Sources */,
				B743228F27CC5DF300445645 /* SceneDelegate.swift in Sources */,
				B74322A327CC6F4000445645 /* Rectangle.swift in Sources */,
				B74322B927CF0C0500445645 /* Color.swift in Sources */,
				B74322C127CF35F000445645 /* Alpha.swift in Sources */,
			);
			runOnlyForDeploymentPostprocessing = 0;
		};
		B74322A927CCE42000445645 /* Sources */ = {
			isa = PBXSourcesBuildPhase;
			buildActionMask = 2147483647;
			files = (
				B74322B027CCE42000445645 /* drawingAppTests.swift in Sources */,
			);
			runOnlyForDeploymentPostprocessing = 0;
		};
/* End PBXSourcesBuildPhase section */

/* Begin PBXTargetDependency section */
		B74322B227CCE42000445645 /* PBXTargetDependency */ = {
			isa = PBXTargetDependency;
			target = B743228827CC5DF300445645 /* drawingApp */;
			targetProxy = B74322B127CCE42000445645 /* PBXContainerItemProxy */;
		};
/* End PBXTargetDependency section */

/* Begin PBXVariantGroup section */
		B743229227CC5DF300445645 /* Main.storyboard */ = {
			isa = PBXVariantGroup;
			children = (
				B743229327CC5DF300445645 /* Base */,
			);
			name = Main.storyboard;
			sourceTree = "<group>";
		};
		B743229727CC5DF400445645 /* LaunchScreen.storyboard */ = {
			isa = PBXVariantGroup;
			children = (
				B743229827CC5DF400445645 /* Base */,
			);
			name = LaunchScreen.storyboard;
			sourceTree = "<group>";
		};
/* End PBXVariantGroup section */

/* Begin XCBuildConfiguration section */
		B743229B27CC5DF400445645 /* Debug */ = {
			isa = XCBuildConfiguration;
			buildSettings = {
				ALWAYS_SEARCH_USER_PATHS = NO;
				CLANG_ANALYZER_NONNULL = YES;
				CLANG_ANALYZER_NUMBER_OBJECT_CONVERSION = YES_AGGRESSIVE;
				CLANG_CXX_LANGUAGE_STANDARD = "gnu++17";
				CLANG_CXX_LIBRARY = "libc++";
				CLANG_ENABLE_MODULES = YES;
				CLANG_ENABLE_OBJC_ARC = YES;
				CLANG_ENABLE_OBJC_WEAK = YES;
				CLANG_WARN_BLOCK_CAPTURE_AUTORELEASING = YES;
				CLANG_WARN_BOOL_CONVERSION = YES;
				CLANG_WARN_COMMA = YES;
				CLANG_WARN_CONSTANT_CONVERSION = YES;
				CLANG_WARN_DEPRECATED_OBJC_IMPLEMENTATIONS = YES;
				CLANG_WARN_DIRECT_OBJC_ISA_USAGE = YES_ERROR;
				CLANG_WARN_DOCUMENTATION_COMMENTS = YES;
				CLANG_WARN_EMPTY_BODY = YES;
				CLANG_WARN_ENUM_CONVERSION = YES;
				CLANG_WARN_INFINITE_RECURSION = YES;
				CLANG_WARN_INT_CONVERSION = YES;
				CLANG_WARN_NON_LITERAL_NULL_CONVERSION = YES;
				CLANG_WARN_OBJC_IMPLICIT_RETAIN_SELF = YES;
				CLANG_WARN_OBJC_LITERAL_CONVERSION = YES;
				CLANG_WARN_OBJC_ROOT_CLASS = YES_ERROR;
				CLANG_WARN_QUOTED_INCLUDE_IN_FRAMEWORK_HEADER = YES;
				CLANG_WARN_RANGE_LOOP_ANALYSIS = YES;
				CLANG_WARN_STRICT_PROTOTYPES = YES;
				CLANG_WARN_SUSPICIOUS_MOVE = YES;
				CLANG_WARN_UNGUARDED_AVAILABILITY = YES_AGGRESSIVE;
				CLANG_WARN_UNREACHABLE_CODE = YES;
				CLANG_WARN__DUPLICATE_METHOD_MATCH = YES;
				COPY_PHASE_STRIP = NO;
				DEBUG_INFORMATION_FORMAT = dwarf;
				ENABLE_STRICT_OBJC_MSGSEND = YES;
				ENABLE_TESTABILITY = YES;
				GCC_C_LANGUAGE_STANDARD = gnu11;
				GCC_DYNAMIC_NO_PIC = NO;
				GCC_NO_COMMON_BLOCKS = YES;
				GCC_OPTIMIZATION_LEVEL = 0;
				GCC_PREPROCESSOR_DEFINITIONS = (
					"DEBUG=1",
					"$(inherited)",
				);
				GCC_WARN_64_TO_32_BIT_CONVERSION = YES;
				GCC_WARN_ABOUT_RETURN_TYPE = YES_ERROR;
				GCC_WARN_UNDECLARED_SELECTOR = YES;
				GCC_WARN_UNINITIALIZED_AUTOS = YES_AGGRESSIVE;
				GCC_WARN_UNUSED_FUNCTION = YES;
				GCC_WARN_UNUSED_VARIABLE = YES;
				IPHONEOS_DEPLOYMENT_TARGET = 15.2;
				MTL_ENABLE_DEBUG_INFO = INCLUDE_SOURCE;
				MTL_FAST_MATH = YES;
				ONLY_ACTIVE_ARCH = YES;
				SDKROOT = iphoneos;
				SWIFT_ACTIVE_COMPILATION_CONDITIONS = DEBUG;
				SWIFT_OPTIMIZATION_LEVEL = "-Onone";
			};
			name = Debug;
		};
		B743229C27CC5DF400445645 /* Release */ = {
			isa = XCBuildConfiguration;
			buildSettings = {
				ALWAYS_SEARCH_USER_PATHS = NO;
				CLANG_ANALYZER_NONNULL = YES;
				CLANG_ANALYZER_NUMBER_OBJECT_CONVERSION = YES_AGGRESSIVE;
				CLANG_CXX_LANGUAGE_STANDARD = "gnu++17";
				CLANG_CXX_LIBRARY = "libc++";
				CLANG_ENABLE_MODULES = YES;
				CLANG_ENABLE_OBJC_ARC = YES;
				CLANG_ENABLE_OBJC_WEAK = YES;
				CLANG_WARN_BLOCK_CAPTURE_AUTORELEASING = YES;
				CLANG_WARN_BOOL_CONVERSION = YES;
				CLANG_WARN_COMMA = YES;
				CLANG_WARN_CONSTANT_CONVERSION = YES;
				CLANG_WARN_DEPRECATED_OBJC_IMPLEMENTATIONS = YES;
				CLANG_WARN_DIRECT_OBJC_ISA_USAGE = YES_ERROR;
				CLANG_WARN_DOCUMENTATION_COMMENTS = YES;
				CLANG_WARN_EMPTY_BODY = YES;
				CLANG_WARN_ENUM_CONVERSION = YES;
				CLANG_WARN_INFINITE_RECURSION = YES;
				CLANG_WARN_INT_CONVERSION = YES;
				CLANG_WARN_NON_LITERAL_NULL_CONVERSION = YES;
				CLANG_WARN_OBJC_IMPLICIT_RETAIN_SELF = YES;
				CLANG_WARN_OBJC_LITERAL_CONVERSION = YES;
				CLANG_WARN_OBJC_ROOT_CLASS = YES_ERROR;
				CLANG_WARN_QUOTED_INCLUDE_IN_FRAMEWORK_HEADER = YES;
				CLANG_WARN_RANGE_LOOP_ANALYSIS = YES;
				CLANG_WARN_STRICT_PROTOTYPES = YES;
				CLANG_WARN_SUSPICIOUS_MOVE = YES;
				CLANG_WARN_UNGUARDED_AVAILABILITY = YES_AGGRESSIVE;
				CLANG_WARN_UNREACHABLE_CODE = YES;
				CLANG_WARN__DUPLICATE_METHOD_MATCH = YES;
				COPY_PHASE_STRIP = NO;
				DEBUG_INFORMATION_FORMAT = "dwarf-with-dsym";
				ENABLE_NS_ASSERTIONS = NO;
				ENABLE_STRICT_OBJC_MSGSEND = YES;
				GCC_C_LANGUAGE_STANDARD = gnu11;
				GCC_NO_COMMON_BLOCKS = YES;
				GCC_WARN_64_TO_32_BIT_CONVERSION = YES;
				GCC_WARN_ABOUT_RETURN_TYPE = YES_ERROR;
				GCC_WARN_UNDECLARED_SELECTOR = YES;
				GCC_WARN_UNINITIALIZED_AUTOS = YES_AGGRESSIVE;
				GCC_WARN_UNUSED_FUNCTION = YES;
				GCC_WARN_UNUSED_VARIABLE = YES;
				IPHONEOS_DEPLOYMENT_TARGET = 15.2;
				MTL_ENABLE_DEBUG_INFO = NO;
				MTL_FAST_MATH = YES;
				SDKROOT = iphoneos;
				SWIFT_COMPILATION_MODE = wholemodule;
				SWIFT_OPTIMIZATION_LEVEL = "-O";
				VALIDATE_PRODUCT = YES;
			};
			name = Release;
		};
		B743229E27CC5DF400445645 /* Debug */ = {
			isa = XCBuildConfiguration;
			buildSettings = {
				ASSETCATALOG_COMPILER_APPICON_NAME = AppIcon;
				ASSETCATALOG_COMPILER_GLOBAL_ACCENT_COLOR_NAME = AccentColor;
				CODE_SIGN_STYLE = Automatic;
				CURRENT_PROJECT_VERSION = 1;
				DEVELOPMENT_TEAM = 57KUPHDJ89;
				GENERATE_INFOPLIST_FILE = YES;
				INFOPLIST_FILE = drawingApp/Info.plist;
				INFOPLIST_KEY_UIApplicationSupportsIndirectInputEvents = YES;
				INFOPLIST_KEY_UILaunchStoryboardName = LaunchScreen;
				INFOPLIST_KEY_UIMainStoryboardFile = Main;
				INFOPLIST_KEY_UISupportedInterfaceOrientations_iPad = "UIInterfaceOrientationPortrait UIInterfaceOrientationPortraitUpsideDown UIInterfaceOrientationLandscapeLeft UIInterfaceOrientationLandscapeRight";
				INFOPLIST_KEY_UISupportedInterfaceOrientations_iPhone = "UIInterfaceOrientationPortrait UIInterfaceOrientationLandscapeLeft UIInterfaceOrientationLandscapeRight";
				LD_RUNPATH_SEARCH_PATHS = (
					"$(inherited)",
					"@executable_path/Frameworks",
				);
				MARKETING_VERSION = 1.0;
				PRODUCT_BUNDLE_IDENTIFIER = Kai.drawingApp;
				PRODUCT_NAME = "$(TARGET_NAME)";
				SWIFT_EMIT_LOC_STRINGS = YES;
				SWIFT_VERSION = 5.0;
				TARGETED_DEVICE_FAMILY = 2;
			};
			name = Debug;
		};
		B743229F27CC5DF400445645 /* Release */ = {
			isa = XCBuildConfiguration;
			buildSettings = {
				ASSETCATALOG_COMPILER_APPICON_NAME = AppIcon;
				ASSETCATALOG_COMPILER_GLOBAL_ACCENT_COLOR_NAME = AccentColor;
				CODE_SIGN_STYLE = Automatic;
				CURRENT_PROJECT_VERSION = 1;
				DEVELOPMENT_TEAM = 57KUPHDJ89;
				GENERATE_INFOPLIST_FILE = YES;
				INFOPLIST_FILE = drawingApp/Info.plist;
				INFOPLIST_KEY_UIApplicationSupportsIndirectInputEvents = YES;
				INFOPLIST_KEY_UILaunchStoryboardName = LaunchScreen;
				INFOPLIST_KEY_UIMainStoryboardFile = Main;
				INFOPLIST_KEY_UISupportedInterfaceOrientations_iPad = "UIInterfaceOrientationPortrait UIInterfaceOrientationPortraitUpsideDown UIInterfaceOrientationLandscapeLeft UIInterfaceOrientationLandscapeRight";
				INFOPLIST_KEY_UISupportedInterfaceOrientations_iPhone = "UIInterfaceOrientationPortrait UIInterfaceOrientationLandscapeLeft UIInterfaceOrientationLandscapeRight";
				LD_RUNPATH_SEARCH_PATHS = (
					"$(inherited)",
					"@executable_path/Frameworks",
				);
				MARKETING_VERSION = 1.0;
				PRODUCT_BUNDLE_IDENTIFIER = Kai.drawingApp;
				PRODUCT_NAME = "$(TARGET_NAME)";
				SWIFT_EMIT_LOC_STRINGS = YES;
				SWIFT_VERSION = 5.0;
				TARGETED_DEVICE_FAMILY = 2;
			};
			name = Release;
		};
		B74322B427CCE42000445645 /* Debug */ = {
			isa = XCBuildConfiguration;
			buildSettings = {
				BUNDLE_LOADER = "$(TEST_HOST)";
				CODE_SIGN_STYLE = Automatic;
				CURRENT_PROJECT_VERSION = 1;
				DEVELOPMENT_TEAM = 57KUPHDJ89;
				GENERATE_INFOPLIST_FILE = YES;
				MARKETING_VERSION = 1.0;
				PRODUCT_BUNDLE_IDENTIFIER = Kai.drawingAppTests;
				PRODUCT_NAME = "$(TARGET_NAME)";
				SWIFT_EMIT_LOC_STRINGS = NO;
				SWIFT_VERSION = 5.0;
				TARGETED_DEVICE_FAMILY = "1,2";
				TEST_HOST = "$(BUILT_PRODUCTS_DIR)/drawingApp.app/drawingApp";
			};
			name = Debug;
		};
		B74322B527CCE42000445645 /* Release */ = {
			isa = XCBuildConfiguration;
			buildSettings = {
				BUNDLE_LOADER = "$(TEST_HOST)";
				CODE_SIGN_STYLE = Automatic;
				CURRENT_PROJECT_VERSION = 1;
				DEVELOPMENT_TEAM = 57KUPHDJ89;
				GENERATE_INFOPLIST_FILE = YES;
				MARKETING_VERSION = 1.0;
				PRODUCT_BUNDLE_IDENTIFIER = Kai.drawingAppTests;
				PRODUCT_NAME = "$(TARGET_NAME)";
				SWIFT_EMIT_LOC_STRINGS = NO;
				SWIFT_VERSION = 5.0;
				TARGETED_DEVICE_FAMILY = "1,2";
				TEST_HOST = "$(BUILT_PRODUCTS_DIR)/drawingApp.app/drawingApp";
			};
			name = Release;
		};
/* End XCBuildConfiguration section */

/* Begin XCConfigurationList section */
		B743228427CC5DF300445645 /* Build configuration list for PBXProject "drawingApp" */ = {
			isa = XCConfigurationList;
			buildConfigurations = (
				B743229B27CC5DF400445645 /* Debug */,
				B743229C27CC5DF400445645 /* Release */,
			);
			defaultConfigurationIsVisible = 0;
			defaultConfigurationName = Release;
		};
		B743229D27CC5DF400445645 /* Build configuration list for PBXNativeTarget "drawingApp" */ = {
			isa = XCConfigurationList;
			buildConfigurations = (
				B743229E27CC5DF400445645 /* Debug */,
				B743229F27CC5DF400445645 /* Release */,
			);
			defaultConfigurationIsVisible = 0;
			defaultConfigurationName = Release;
		};
		B74322B327CCE42000445645 /* Build configuration list for PBXNativeTarget "drawingAppTests" */ = {
			isa = XCConfigurationList;
			buildConfigurations = (
				B74322B427CCE42000445645 /* Debug */,
				B74322B527CCE42000445645 /* Release */,
			);
			defaultConfigurationIsVisible = 0;
			defaultConfigurationName = Release;
		};
/* End XCConfigurationList section */
	};
	rootObject = B743228127CC5DF300445645 /* Project object */;
}
