// !$*UTF8*$!
{
	archiveVersion = 1;
	classes = {
	};
	objectVersion = 55;
	objects = {

/* Begin PBXBuildFile section */
		73312E5027D618C10073D746 /* ID.swift in Sources */ = {isa = PBXBuildFile; fileRef = 738A8A8227D5AC1400086985 /* ID.swift */; };
		7348F21B27D7407F00613449 /* Plane.swift in Sources */ = {isa = PBXBuildFile; fileRef = 7348F21A27D7407F00613449 /* Plane.swift */; };
		736D9D3B27CFBF6C00C040D8 /* DrawingAppTests.swift in Sources */ = {isa = PBXBuildFile; fileRef = 736D9D3A27CFBF6C00C040D8 /* DrawingAppTests.swift */; };
		736D9D4227CFBF9600C040D8 /* Factory.swift in Sources */ = {isa = PBXBuildFile; fileRef = 73C750BC27CE1D1A00086C1D /* Factory.swift */; };
		736D9D4327CFBF9E00C040D8 /* Point.swift in Sources */ = {isa = PBXBuildFile; fileRef = 73C750B227CE00FE00086C1D /* Point.swift */; };
		736D9D4427CFBF9E00C040D8 /* Color.swift in Sources */ = {isa = PBXBuildFile; fileRef = 73C750B427CE015800086C1D /* Color.swift */; };
		736D9D4527CFBF9E00C040D8 /* Alpha.swift in Sources */ = {isa = PBXBuildFile; fileRef = 73C750B627CE01CF00086C1D /* Alpha.swift */; };
		736D9D4627CFBF9E00C040D8 /* Rectangle.swift in Sources */ = {isa = PBXBuildFile; fileRef = 73C750B827CE033900086C1D /* Rectangle.swift */; };
		736D9D4727CFBF9E00C040D8 /* Size.swift in Sources */ = {isa = PBXBuildFile; fileRef = 73C750B027CE007300086C1D /* Size.swift */; };
		738A8A8327D5AC1400086985 /* ID.swift in Sources */ = {isa = PBXBuildFile; fileRef = 738A8A8227D5AC1400086985 /* ID.swift */; };
		738ADB1227DEDCC300BE418C /* Convert.swift in Sources */ = {isa = PBXBuildFile; fileRef = 73966C8727DA10FE006883FF /* Convert.swift */; };
		73966C8827DA10FE006883FF /* Convert.swift in Sources */ = {isa = PBXBuildFile; fileRef = 73966C8727DA10FE006883FF /* Convert.swift */; };
		73C7509C27CDB7D300086C1D /* AppDelegate.swift in Sources */ = {isa = PBXBuildFile; fileRef = 73C7509B27CDB7D300086C1D /* AppDelegate.swift */; };
		73C7509E27CDB7D300086C1D /* SceneDelegate.swift in Sources */ = {isa = PBXBuildFile; fileRef = 73C7509D27CDB7D300086C1D /* SceneDelegate.swift */; };
		73C750A027CDB7D300086C1D /* ViewController.swift in Sources */ = {isa = PBXBuildFile; fileRef = 73C7509F27CDB7D300086C1D /* ViewController.swift */; };
		73C750A327CDB7D300086C1D /* Main.storyboard in Resources */ = {isa = PBXBuildFile; fileRef = 73C750A127CDB7D300086C1D /* Main.storyboard */; };
		73C750A527CDB7D400086C1D /* Assets.xcassets in Resources */ = {isa = PBXBuildFile; fileRef = 73C750A427CDB7D400086C1D /* Assets.xcassets */; };
		73C750A827CDB7D400086C1D /* LaunchScreen.storyboard in Resources */ = {isa = PBXBuildFile; fileRef = 73C750A627CDB7D400086C1D /* LaunchScreen.storyboard */; };
		73C750B127CE007300086C1D /* Size.swift in Sources */ = {isa = PBXBuildFile; fileRef = 73C750B027CE007300086C1D /* Size.swift */; };
		73C750B327CE00FE00086C1D /* Point.swift in Sources */ = {isa = PBXBuildFile; fileRef = 73C750B227CE00FE00086C1D /* Point.swift */; };
		73C750B527CE015800086C1D /* Color.swift in Sources */ = {isa = PBXBuildFile; fileRef = 73C750B427CE015800086C1D /* Color.swift */; };
		73C750B727CE01CF00086C1D /* Alpha.swift in Sources */ = {isa = PBXBuildFile; fileRef = 73C750B627CE01CF00086C1D /* Alpha.swift */; };
		73C750B927CE033900086C1D /* Rectangle.swift in Sources */ = {isa = PBXBuildFile; fileRef = 73C750B827CE033900086C1D /* Rectangle.swift */; };
		73C750BD27CE1D1A00086C1D /* Factory.swift in Sources */ = {isa = PBXBuildFile; fileRef = 73C750BC27CE1D1A00086C1D /* Factory.swift */; };
/* End PBXBuildFile section */

/* Begin PBXContainerItemProxy section */
		736D9D3C27CFBF6C00C040D8 /* PBXContainerItemProxy */ = {
			isa = PBXContainerItemProxy;
			containerPortal = 73C7509027CDB7D300086C1D /* Project object */;
			proxyType = 1;
			remoteGlobalIDString = 73C7509727CDB7D300086C1D;
			remoteInfo = DrawingApp;
		};
/* End PBXContainerItemProxy section */

/* Begin PBXFileReference section */
		7348F21A27D7407F00613449 /* Plane.swift */ = {isa = PBXFileReference; lastKnownFileType = sourcecode.swift; path = Plane.swift; sourceTree = "<group>"; };
		736D9D3827CFBF6C00C040D8 /* DrawingAppTests.xctest */ = {isa = PBXFileReference; explicitFileType = wrapper.cfbundle; includeInIndex = 0; path = DrawingAppTests.xctest; sourceTree = BUILT_PRODUCTS_DIR; };
		736D9D3A27CFBF6C00C040D8 /* DrawingAppTests.swift */ = {isa = PBXFileReference; lastKnownFileType = sourcecode.swift; path = DrawingAppTests.swift; sourceTree = "<group>"; };
		738A8A8227D5AC1400086985 /* ID.swift */ = {isa = PBXFileReference; lastKnownFileType = sourcecode.swift; path = ID.swift; sourceTree = "<group>"; };
		73966C8727DA10FE006883FF /* Convert.swift */ = {isa = PBXFileReference; lastKnownFileType = sourcecode.swift; path = Convert.swift; sourceTree = "<group>"; };
		73C7509827CDB7D300086C1D /* DrawingApp.app */ = {isa = PBXFileReference; explicitFileType = wrapper.application; includeInIndex = 0; path = DrawingApp.app; sourceTree = BUILT_PRODUCTS_DIR; };
		73C7509B27CDB7D300086C1D /* AppDelegate.swift */ = {isa = PBXFileReference; lastKnownFileType = sourcecode.swift; path = AppDelegate.swift; sourceTree = "<group>"; };
		73C7509D27CDB7D300086C1D /* SceneDelegate.swift */ = {isa = PBXFileReference; lastKnownFileType = sourcecode.swift; path = SceneDelegate.swift; sourceTree = "<group>"; };
		73C7509F27CDB7D300086C1D /* ViewController.swift */ = {isa = PBXFileReference; lastKnownFileType = sourcecode.swift; path = ViewController.swift; sourceTree = "<group>"; };
		73C750A227CDB7D300086C1D /* Base */ = {isa = PBXFileReference; lastKnownFileType = file.storyboard; name = Base; path = Base.lproj/Main.storyboard; sourceTree = "<group>"; };
		73C750A427CDB7D400086C1D /* Assets.xcassets */ = {isa = PBXFileReference; lastKnownFileType = folder.assetcatalog; path = Assets.xcassets; sourceTree = "<group>"; };
		73C750A727CDB7D400086C1D /* Base */ = {isa = PBXFileReference; lastKnownFileType = file.storyboard; name = Base; path = Base.lproj/LaunchScreen.storyboard; sourceTree = "<group>"; };
		73C750A927CDB7D400086C1D /* Info.plist */ = {isa = PBXFileReference; lastKnownFileType = text.plist.xml; path = Info.plist; sourceTree = "<group>"; };
		73C750B027CE007300086C1D /* Size.swift */ = {isa = PBXFileReference; lastKnownFileType = sourcecode.swift; path = Size.swift; sourceTree = "<group>"; };
		73C750B227CE00FE00086C1D /* Point.swift */ = {isa = PBXFileReference; lastKnownFileType = sourcecode.swift; path = Point.swift; sourceTree = "<group>"; };
		73C750B427CE015800086C1D /* Color.swift */ = {isa = PBXFileReference; lastKnownFileType = sourcecode.swift; path = Color.swift; sourceTree = "<group>"; };
		73C750B627CE01CF00086C1D /* Alpha.swift */ = {isa = PBXFileReference; lastKnownFileType = sourcecode.swift; path = Alpha.swift; sourceTree = "<group>"; };
		73C750B827CE033900086C1D /* Rectangle.swift */ = {isa = PBXFileReference; lastKnownFileType = sourcecode.swift; path = Rectangle.swift; sourceTree = "<group>"; };
		73C750BC27CE1D1A00086C1D /* Factory.swift */ = {isa = PBXFileReference; lastKnownFileType = sourcecode.swift; path = Factory.swift; sourceTree = "<group>"; };
/* End PBXFileReference section */

/* Begin PBXFrameworksBuildPhase section */
		736D9D3527CFBF6C00C040D8 /* Frameworks */ = {
			isa = PBXFrameworksBuildPhase;
			buildActionMask = 2147483647;
			files = (
			);
			runOnlyForDeploymentPostprocessing = 0;
		};
		73C7509527CDB7D300086C1D /* Frameworks */ = {
			isa = PBXFrameworksBuildPhase;
			buildActionMask = 2147483647;
			files = (
			);
			runOnlyForDeploymentPostprocessing = 0;
		};
/* End PBXFrameworksBuildPhase section */

/* Begin PBXGroup section */
		73312E5127D61A170073D746 /* Base */ = {
			isa = PBXGroup;
			children = (
				73C750A627CDB7D400086C1D /* LaunchScreen.storyboard */,
			);
			path = Base;
			sourceTree = "<group>";
		};
		736D9D3927CFBF6C00C040D8 /* DrawingAppTests */ = {
			isa = PBXGroup;
			children = (
				736D9D3A27CFBF6C00C040D8 /* DrawingAppTests.swift */,
			);
			path = DrawingAppTests;
			sourceTree = "<group>";
		};
		738ADB1427DEE16200BE418C /* Resources */ = {
			isa = PBXGroup;
			children = (
				73C750A127CDB7D300086C1D /* Main.storyboard */,
				73C750A427CDB7D400086C1D /* Assets.xcassets */,
				73C7509D27CDB7D300086C1D /* SceneDelegate.swift */,
				73C7509B27CDB7D300086C1D /* AppDelegate.swift */,
				73312E5127D61A170073D746 /* Base */,
			);
			path = Resources;
			sourceTree = "<group>";
		};
		738ADB1527DEE1A900BE418C /* VC */ = {
			isa = PBXGroup;
			children = (
				73C7509F27CDB7D300086C1D /* ViewController.swift */,
			);
			path = VC;
			sourceTree = "<group>";
		};
		738ADB1627DEE1B700BE418C /* Sources */ = {
			isa = PBXGroup;
			children = (
				73966C8727DA10FE006883FF /* Convert.swift */,
				73C750BC27CE1D1A00086C1D /* Factory.swift */,
				73C750AF27CE003D00086C1D /* Model */,
				738ADB1527DEE1A900BE418C /* VC */,
			);
			path = Sources;
			sourceTree = "<group>";
		};
		73C7508F27CDB7D300086C1D = {
			isa = PBXGroup;
			children = (
				73C7509A27CDB7D300086C1D /* DrawingApp */,
				736D9D3927CFBF6C00C040D8 /* DrawingAppTests */,
				73C7509927CDB7D300086C1D /* Products */,
			);
			sourceTree = "<group>";
		};
		73C7509927CDB7D300086C1D /* Products */ = {
			isa = PBXGroup;
			children = (
				73C7509827CDB7D300086C1D /* DrawingApp.app */,
				736D9D3827CFBF6C00C040D8 /* DrawingAppTests.xctest */,
			);
			name = Products;
			sourceTree = "<group>";
		};
		73C7509A27CDB7D300086C1D /* DrawingApp */ = {
			isa = PBXGroup;
			children = (
				73C750A927CDB7D400086C1D /* Info.plist */,
				738ADB1427DEE16200BE418C /* Resources */,
				738ADB1627DEE1B700BE418C /* Sources */,
			);
			path = DrawingApp;
			sourceTree = "<group>";
		};
		73C750AF27CE003D00086C1D /* Model */ = {
			isa = PBXGroup;
			children = (
				7348F21A27D7407F00613449 /* Plane.swift */,
				73C750B827CE033900086C1D /* Rectangle.swift */,
				73C750B427CE015800086C1D /* Color.swift */,
				73C750B027CE007300086C1D /* Size.swift */,
				73C750B227CE00FE00086C1D /* Point.swift */,
				73C750B627CE01CF00086C1D /* Alpha.swift */,
				738A8A8227D5AC1400086985 /* ID.swift */,
			);
			path = Model;
			sourceTree = "<group>";
		};
/* End PBXGroup section */

/* Begin PBXNativeTarget section */
		736D9D3727CFBF6C00C040D8 /* DrawingAppTests */ = {
			isa = PBXNativeTarget;
			buildConfigurationList = 736D9D3E27CFBF6C00C040D8 /* Build configuration list for PBXNativeTarget "DrawingAppTests" */;
			buildPhases = (
				736D9D3427CFBF6C00C040D8 /* Sources */,
				736D9D3527CFBF6C00C040D8 /* Frameworks */,
				736D9D3627CFBF6C00C040D8 /* Resources */,
			);
			buildRules = (
			);
			dependencies = (
				736D9D3D27CFBF6C00C040D8 /* PBXTargetDependency */,
			);
			name = DrawingAppTests;
			productName = DrawingAppTests;
			productReference = 736D9D3827CFBF6C00C040D8 /* DrawingAppTests.xctest */;
			productType = "com.apple.product-type.bundle.unit-test";
		};
		73C7509727CDB7D300086C1D /* DrawingApp */ = {
			isa = PBXNativeTarget;
			buildConfigurationList = 73C750AC27CDB7D400086C1D /* Build configuration list for PBXNativeTarget "DrawingApp" */;
			buildPhases = (
				73C7509427CDB7D300086C1D /* Sources */,
				73C7509527CDB7D300086C1D /* Frameworks */,
				73C7509627CDB7D300086C1D /* Resources */,
			);
			buildRules = (
			);
			dependencies = (
			);
			name = DrawingApp;
			productName = DrawingApp;
			productReference = 73C7509827CDB7D300086C1D /* DrawingApp.app */;
			productType = "com.apple.product-type.application";
		};
/* End PBXNativeTarget section */

/* Begin PBXProject section */
		73C7509027CDB7D300086C1D /* Project object */ = {
			isa = PBXProject;
			attributes = {
				BuildIndependentTargetsInParallel = 1;
				LastSwiftUpdateCheck = 1320;
				LastUpgradeCheck = 1320;
				TargetAttributes = {
					736D9D3727CFBF6C00C040D8 = {
						CreatedOnToolsVersion = 13.2.1;
						TestTargetID = 73C7509727CDB7D300086C1D;
					};
					73C7509727CDB7D300086C1D = {
						CreatedOnToolsVersion = 13.2.1;
					};
				};
			};
			buildConfigurationList = 73C7509327CDB7D300086C1D /* Build configuration list for PBXProject "DrawingApp" */;
			compatibilityVersion = "Xcode 13.0";
			developmentRegion = en;
			hasScannedForEncodings = 0;
			knownRegions = (
				en,
				Base,
			);
			mainGroup = 73C7508F27CDB7D300086C1D;
			productRefGroup = 73C7509927CDB7D300086C1D /* Products */;
			projectDirPath = "";
			projectRoot = "";
			targets = (
				73C7509727CDB7D300086C1D /* DrawingApp */,
				736D9D3727CFBF6C00C040D8 /* DrawingAppTests */,
			);
		};
/* End PBXProject section */

/* Begin PBXResourcesBuildPhase section */
		736D9D3627CFBF6C00C040D8 /* Resources */ = {
			isa = PBXResourcesBuildPhase;
			buildActionMask = 2147483647;
			files = (
			);
			runOnlyForDeploymentPostprocessing = 0;
		};
		73C7509627CDB7D300086C1D /* Resources */ = {
			isa = PBXResourcesBuildPhase;
			buildActionMask = 2147483647;
			files = (
				73C750A827CDB7D400086C1D /* LaunchScreen.storyboard in Resources */,
				73C750A527CDB7D400086C1D /* Assets.xcassets in Resources */,
				73C750A327CDB7D300086C1D /* Main.storyboard in Resources */,
			);
			runOnlyForDeploymentPostprocessing = 0;
		};
/* End PBXResourcesBuildPhase section */

/* Begin PBXSourcesBuildPhase section */
		736D9D3427CFBF6C00C040D8 /* Sources */ = {
			isa = PBXSourcesBuildPhase;
			buildActionMask = 2147483647;
			files = (
				73312E5027D618C10073D746 /* ID.swift in Sources */,
				738ADB1227DEDCC300BE418C /* Convert.swift in Sources */,
				736D9D4727CFBF9E00C040D8 /* Size.swift in Sources */,
				736D9D4327CFBF9E00C040D8 /* Point.swift in Sources */,
				736D9D4527CFBF9E00C040D8 /* Alpha.swift in Sources */,
				736D9D4427CFBF9E00C040D8 /* Color.swift in Sources */,
				736D9D3B27CFBF6C00C040D8 /* DrawingAppTests.swift in Sources */,
				736D9D4227CFBF9600C040D8 /* Factory.swift in Sources */,
				736D9D4627CFBF9E00C040D8 /* Rectangle.swift in Sources */,
			);
			runOnlyForDeploymentPostprocessing = 0;
		};
		73C7509427CDB7D300086C1D /* Sources */ = {
			isa = PBXSourcesBuildPhase;
			buildActionMask = 2147483647;
			files = (
				73C750B127CE007300086C1D /* Size.swift in Sources */,
				738A8A8327D5AC1400086985 /* ID.swift in Sources */,
				73C750B527CE015800086C1D /* Color.swift in Sources */,
				73C750B727CE01CF00086C1D /* Alpha.swift in Sources */,
				73C750B327CE00FE00086C1D /* Point.swift in Sources */,
				73C750A027CDB7D300086C1D /* ViewController.swift in Sources */,
				73C750BD27CE1D1A00086C1D /* Factory.swift in Sources */,
				73966C8827DA10FE006883FF /* Convert.swift in Sources */,
				73C7509C27CDB7D300086C1D /* AppDelegate.swift in Sources */,
				73C7509E27CDB7D300086C1D /* SceneDelegate.swift in Sources */,
				73C750B927CE033900086C1D /* Rectangle.swift in Sources */,
				7348F21B27D7407F00613449 /* Plane.swift in Sources */,
			);
			runOnlyForDeploymentPostprocessing = 0;
		};
/* End PBXSourcesBuildPhase section */

/* Begin PBXTargetDependency section */
		736D9D3D27CFBF6C00C040D8 /* PBXTargetDependency */ = {
			isa = PBXTargetDependency;
			target = 73C7509727CDB7D300086C1D /* DrawingApp */;
			targetProxy = 736D9D3C27CFBF6C00C040D8 /* PBXContainerItemProxy */;
		};
/* End PBXTargetDependency section */

/* Begin PBXVariantGroup section */
		73C750A127CDB7D300086C1D /* Main.storyboard */ = {
			isa = PBXVariantGroup;
			children = (
				73C750A227CDB7D300086C1D /* Base */,
			);
			name = Main.storyboard;
			sourceTree = "<group>";
		};
		73C750A627CDB7D400086C1D /* LaunchScreen.storyboard */ = {
			isa = PBXVariantGroup;
			children = (
				73C750A727CDB7D400086C1D /* Base */,
			);
			name = LaunchScreen.storyboard;
			sourceTree = "<group>";
		};
/* End PBXVariantGroup section */

/* Begin XCBuildConfiguration section */
		736D9D3F27CFBF6C00C040D8 /* Debug */ = {
			isa = XCBuildConfiguration;
			buildSettings = {
				BUNDLE_LOADER = "$(TEST_HOST)";
				CODE_SIGN_STYLE = Automatic;
				CURRENT_PROJECT_VERSION = 1;
				DEVELOPMENT_TEAM = 6Y9V523M6R;
				GENERATE_INFOPLIST_FILE = YES;
				MARKETING_VERSION = 1.0;
				PRODUCT_BUNDLE_IDENTIFIER = com.jihee.DrawingAppTests;
				PRODUCT_NAME = "$(TARGET_NAME)";
				SWIFT_EMIT_LOC_STRINGS = NO;
				SWIFT_VERSION = 5.0;
				TARGETED_DEVICE_FAMILY = "1,2";
				TEST_HOST = "$(BUILT_PRODUCTS_DIR)/DrawingApp.app/DrawingApp";
			};
			name = Debug;
		};
		736D9D4027CFBF6C00C040D8 /* Release */ = {
			isa = XCBuildConfiguration;
			buildSettings = {
				BUNDLE_LOADER = "$(TEST_HOST)";
				CODE_SIGN_STYLE = Automatic;
				CURRENT_PROJECT_VERSION = 1;
				DEVELOPMENT_TEAM = 6Y9V523M6R;
				GENERATE_INFOPLIST_FILE = YES;
				MARKETING_VERSION = 1.0;
				PRODUCT_BUNDLE_IDENTIFIER = com.jihee.DrawingAppTests;
				PRODUCT_NAME = "$(TARGET_NAME)";
				SWIFT_EMIT_LOC_STRINGS = NO;
				SWIFT_VERSION = 5.0;
				TARGETED_DEVICE_FAMILY = "1,2";
				TEST_HOST = "$(BUILT_PRODUCTS_DIR)/DrawingApp.app/DrawingApp";
			};
			name = Release;
		};
		73C750AA27CDB7D400086C1D /* Debug */ = {
			isa = XCBuildConfiguration;
			buildSettings = {
				ALWAYS_SEARCH_USER_PATHS = NO;
				CLANG_ANALYZER_NONNULL = YES;
				CLANG_ANALYZER_NUMBER_OBJECT_CONVERSION = YES_AGGRESSIVE;
				CLANG_CXX_LANGUAGE_STANDARD = "gnu++17";
				CLANG_CXX_LIBRARY = "libc++";
				CLANG_ENABLE_MODULES = YES;
				CLANG_ENABLE_OBJC_ARC = YES;
				CLANG_ENABLE_OBJC_WEAK = YES;
				CLANG_WARN_BLOCK_CAPTURE_AUTORELEASING = YES;
				CLANG_WARN_BOOL_CONVERSION = YES;
				CLANG_WARN_COMMA = YES;
				CLANG_WARN_CONSTANT_CONVERSION = YES;
				CLANG_WARN_DEPRECATED_OBJC_IMPLEMENTATIONS = YES;
				CLANG_WARN_DIRECT_OBJC_ISA_USAGE = YES_ERROR;
				CLANG_WARN_DOCUMENTATION_COMMENTS = YES;
				CLANG_WARN_EMPTY_BODY = YES;
				CLANG_WARN_ENUM_CONVERSION = YES;
				CLANG_WARN_INFINITE_RECURSION = YES;
				CLANG_WARN_INT_CONVERSION = YES;
				CLANG_WARN_NON_LITERAL_NULL_CONVERSION = YES;
				CLANG_WARN_OBJC_IMPLICIT_RETAIN_SELF = YES;
				CLANG_WARN_OBJC_LITERAL_CONVERSION = YES;
				CLANG_WARN_OBJC_ROOT_CLASS = YES_ERROR;
				CLANG_WARN_QUOTED_INCLUDE_IN_FRAMEWORK_HEADER = YES;
				CLANG_WARN_RANGE_LOOP_ANALYSIS = YES;
				CLANG_WARN_STRICT_PROTOTYPES = YES;
				CLANG_WARN_SUSPICIOUS_MOVE = YES;
				CLANG_WARN_UNGUARDED_AVAILABILITY = YES_AGGRESSIVE;
				CLANG_WARN_UNREACHABLE_CODE = YES;
				CLANG_WARN__DUPLICATE_METHOD_MATCH = YES;
				COPY_PHASE_STRIP = NO;
				DEBUG_INFORMATION_FORMAT = dwarf;
				ENABLE_STRICT_OBJC_MSGSEND = YES;
				ENABLE_TESTABILITY = YES;
				GCC_C_LANGUAGE_STANDARD = gnu11;
				GCC_DYNAMIC_NO_PIC = NO;
				GCC_NO_COMMON_BLOCKS = YES;
				GCC_OPTIMIZATION_LEVEL = 0;
				GCC_PREPROCESSOR_DEFINITIONS = (
					"DEBUG=1",
					"$(inherited)",
				);
				GCC_WARN_64_TO_32_BIT_CONVERSION = YES;
				GCC_WARN_ABOUT_RETURN_TYPE = YES_ERROR;
				GCC_WARN_UNDECLARED_SELECTOR = YES;
				GCC_WARN_UNINITIALIZED_AUTOS = YES_AGGRESSIVE;
				GCC_WARN_UNUSED_FUNCTION = YES;
				GCC_WARN_UNUSED_VARIABLE = YES;
				IPHONEOS_DEPLOYMENT_TARGET = 15.2;
				MTL_ENABLE_DEBUG_INFO = INCLUDE_SOURCE;
				MTL_FAST_MATH = YES;
				ONLY_ACTIVE_ARCH = YES;
				SDKROOT = iphoneos;
				SWIFT_ACTIVE_COMPILATION_CONDITIONS = DEBUG;
				SWIFT_OPTIMIZATION_LEVEL = "-Onone";
			};
			name = Debug;
		};
		73C750AB27CDB7D400086C1D /* Release */ = {
			isa = XCBuildConfiguration;
			buildSettings = {
				ALWAYS_SEARCH_USER_PATHS = NO;
				CLANG_ANALYZER_NONNULL = YES;
				CLANG_ANALYZER_NUMBER_OBJECT_CONVERSION = YES_AGGRESSIVE;
				CLANG_CXX_LANGUAGE_STANDARD = "gnu++17";
				CLANG_CXX_LIBRARY = "libc++";
				CLANG_ENABLE_MODULES = YES;
				CLANG_ENABLE_OBJC_ARC = YES;
				CLANG_ENABLE_OBJC_WEAK = YES;
				CLANG_WARN_BLOCK_CAPTURE_AUTORELEASING = YES;
				CLANG_WARN_BOOL_CONVERSION = YES;
				CLANG_WARN_COMMA = YES;
				CLANG_WARN_CONSTANT_CONVERSION = YES;
				CLANG_WARN_DEPRECATED_OBJC_IMPLEMENTATIONS = YES;
				CLANG_WARN_DIRECT_OBJC_ISA_USAGE = YES_ERROR;
				CLANG_WARN_DOCUMENTATION_COMMENTS = YES;
				CLANG_WARN_EMPTY_BODY = YES;
				CLANG_WARN_ENUM_CONVERSION = YES;
				CLANG_WARN_INFINITE_RECURSION = YES;
				CLANG_WARN_INT_CONVERSION = YES;
				CLANG_WARN_NON_LITERAL_NULL_CONVERSION = YES;
				CLANG_WARN_OBJC_IMPLICIT_RETAIN_SELF = YES;
				CLANG_WARN_OBJC_LITERAL_CONVERSION = YES;
				CLANG_WARN_OBJC_ROOT_CLASS = YES_ERROR;
				CLANG_WARN_QUOTED_INCLUDE_IN_FRAMEWORK_HEADER = YES;
				CLANG_WARN_RANGE_LOOP_ANALYSIS = YES;
				CLANG_WARN_STRICT_PROTOTYPES = YES;
				CLANG_WARN_SUSPICIOUS_MOVE = YES;
				CLANG_WARN_UNGUARDED_AVAILABILITY = YES_AGGRESSIVE;
				CLANG_WARN_UNREACHABLE_CODE = YES;
				CLANG_WARN__DUPLICATE_METHOD_MATCH = YES;
				COPY_PHASE_STRIP = NO;
				DEBUG_INFORMATION_FORMAT = "dwarf-with-dsym";
				ENABLE_NS_ASSERTIONS = NO;
				ENABLE_STRICT_OBJC_MSGSEND = YES;
				GCC_C_LANGUAGE_STANDARD = gnu11;
				GCC_NO_COMMON_BLOCKS = YES;
				GCC_WARN_64_TO_32_BIT_CONVERSION = YES;
				GCC_WARN_ABOUT_RETURN_TYPE = YES_ERROR;
				GCC_WARN_UNDECLARED_SELECTOR = YES;
				GCC_WARN_UNINITIALIZED_AUTOS = YES_AGGRESSIVE;
				GCC_WARN_UNUSED_FUNCTION = YES;
				GCC_WARN_UNUSED_VARIABLE = YES;
				IPHONEOS_DEPLOYMENT_TARGET = 15.2;
				MTL_ENABLE_DEBUG_INFO = NO;
				MTL_FAST_MATH = YES;
				SDKROOT = iphoneos;
				SWIFT_COMPILATION_MODE = wholemodule;
				SWIFT_OPTIMIZATION_LEVEL = "-O";
				VALIDATE_PRODUCT = YES;
			};
			name = Release;
		};
		73C750AD27CDB7D400086C1D /* Debug */ = {
			isa = XCBuildConfiguration;
			buildSettings = {
				ASSETCATALOG_COMPILER_APPICON_NAME = AppIcon;
				ASSETCATALOG_COMPILER_GLOBAL_ACCENT_COLOR_NAME = AccentColor;
				CODE_SIGN_STYLE = Automatic;
				CURRENT_PROJECT_VERSION = 1;
				DEVELOPMENT_TEAM = 6Y9V523M6R;
				GENERATE_INFOPLIST_FILE = YES;
				INFOPLIST_FILE = DrawingApp/Info.plist;
				INFOPLIST_KEY_UIApplicationSupportsIndirectInputEvents = YES;
				INFOPLIST_KEY_UILaunchStoryboardName = LaunchScreen;
				INFOPLIST_KEY_UIMainStoryboardFile = Main;
				INFOPLIST_KEY_UISupportedInterfaceOrientations_iPad = "UIInterfaceOrientationLandscapeLeft UIInterfaceOrientationLandscapeRight";
				INFOPLIST_KEY_UISupportedInterfaceOrientations_iPhone = "UIInterfaceOrientationPortrait UIInterfaceOrientationLandscapeLeft UIInterfaceOrientationLandscapeRight";
				LD_RUNPATH_SEARCH_PATHS = (
					"$(inherited)",
					"@executable_path/Frameworks",
				);
				MARKETING_VERSION = 1.0;
				PRODUCT_BUNDLE_IDENTIFIER = com.jihee.DrawingApp;
				PRODUCT_NAME = "$(TARGET_NAME)";
				SWIFT_EMIT_LOC_STRINGS = YES;
				SWIFT_VERSION = 5.0;
				TARGETED_DEVICE_FAMILY = 2;
			};
			name = Debug;
		};
		73C750AE27CDB7D400086C1D /* Release */ = {
			isa = XCBuildConfiguration;
			buildSettings = {
				ASSETCATALOG_COMPILER_APPICON_NAME = AppIcon;
				ASSETCATALOG_COMPILER_GLOBAL_ACCENT_COLOR_NAME = AccentColor;
				CODE_SIGN_STYLE = Automatic;
				CURRENT_PROJECT_VERSION = 1;
				DEVELOPMENT_TEAM = 6Y9V523M6R;
				GENERATE_INFOPLIST_FILE = YES;
				INFOPLIST_FILE = DrawingApp/Info.plist;
				INFOPLIST_KEY_UIApplicationSupportsIndirectInputEvents = YES;
				INFOPLIST_KEY_UILaunchStoryboardName = LaunchScreen;
				INFOPLIST_KEY_UIMainStoryboardFile = Main;
				INFOPLIST_KEY_UISupportedInterfaceOrientations_iPad = "UIInterfaceOrientationLandscapeLeft UIInterfaceOrientationLandscapeRight";
				INFOPLIST_KEY_UISupportedInterfaceOrientations_iPhone = "UIInterfaceOrientationPortrait UIInterfaceOrientationLandscapeLeft UIInterfaceOrientationLandscapeRight";
				LD_RUNPATH_SEARCH_PATHS = (
					"$(inherited)",
					"@executable_path/Frameworks",
				);
				MARKETING_VERSION = 1.0;
				PRODUCT_BUNDLE_IDENTIFIER = com.jihee.DrawingApp;
				PRODUCT_NAME = "$(TARGET_NAME)";
				SWIFT_EMIT_LOC_STRINGS = YES;
				SWIFT_VERSION = 5.0;
				TARGETED_DEVICE_FAMILY = 2;
			};
			name = Release;
		};
/* End XCBuildConfiguration section */

/* Begin XCConfigurationList section */
		736D9D3E27CFBF6C00C040D8 /* Build configuration list for PBXNativeTarget "DrawingAppTests" */ = {
			isa = XCConfigurationList;
			buildConfigurations = (
				736D9D3F27CFBF6C00C040D8 /* Debug */,
				736D9D4027CFBF6C00C040D8 /* Release */,
			);
			defaultConfigurationIsVisible = 0;
			defaultConfigurationName = Release;
		};
		73C7509327CDB7D300086C1D /* Build configuration list for PBXProject "DrawingApp" */ = {
			isa = XCConfigurationList;
			buildConfigurations = (
				73C750AA27CDB7D400086C1D /* Debug */,
				73C750AB27CDB7D400086C1D /* Release */,
			);
			defaultConfigurationIsVisible = 0;
			defaultConfigurationName = Release;
		};
		73C750AC27CDB7D400086C1D /* Build configuration list for PBXNativeTarget "DrawingApp" */ = {
			isa = XCConfigurationList;
			buildConfigurations = (
				73C750AD27CDB7D400086C1D /* Debug */,
				73C750AE27CDB7D400086C1D /* Release */,
			);
			defaultConfigurationIsVisible = 0;
			defaultConfigurationName = Release;
		};
/* End XCConfigurationList section */
	};
	rootObject = 73C7509027CDB7D300086C1D /* Project object */;
}
