// !$*UTF8*$!
{
	archiveVersion = 1;
	classes = {
	};
	objectVersion = 55;
	objects = {

/* Begin PBXBuildFile section */
		02A7161C27CCF63C00034A70 /* RectangleFactory.swift in Sources */ = {isa = PBXBuildFile; fileRef = 02A7161B27CCF63C00034A70 /* RectangleFactory.swift */; };
		02A7162027CD11C000034A70 /* RectangleDelegate.swift in Sources */ = {isa = PBXBuildFile; fileRef = 02A7161F27CD11C000034A70 /* RectangleDelegate.swift */; };
		02B9D29F27CF033B00A7185E /* Alpha.swift in Sources */ = {isa = PBXBuildFile; fileRef = 02B9D29E27CF033B00A7185E /* Alpha.swift */; };
		02B9D2A127CF37E600A7185E /* id.swift in Sources */ = {isa = PBXBuildFile; fileRef = 02B9D2A027CF37E600A7185E /* id.swift */; };
		02D5540227CC5E7D00291B27 /* AppDelegate.swift in Sources */ = {isa = PBXBuildFile; fileRef = 02D5540127CC5E7D00291B27 /* AppDelegate.swift */; };
		02D5540427CC5E7D00291B27 /* SceneDelegate.swift in Sources */ = {isa = PBXBuildFile; fileRef = 02D5540327CC5E7D00291B27 /* SceneDelegate.swift */; };
		02D5540627CC5E7D00291B27 /* ViewController.swift in Sources */ = {isa = PBXBuildFile; fileRef = 02D5540527CC5E7D00291B27 /* ViewController.swift */; };
		02D5540927CC5E7D00291B27 /* Main.storyboard in Resources */ = {isa = PBXBuildFile; fileRef = 02D5540727CC5E7D00291B27 /* Main.storyboard */; };
		02D5540B27CC5E7F00291B27 /* Assets.xcassets in Resources */ = {isa = PBXBuildFile; fileRef = 02D5540A27CC5E7F00291B27 /* Assets.xcassets */; };
		02D5540E27CC5E7F00291B27 /* LaunchScreen.storyboard in Resources */ = {isa = PBXBuildFile; fileRef = 02D5540C27CC5E7F00291B27 /* LaunchScreen.storyboard */; };
		02D5541627CC5FB000291B27 /* Rectangle.swift in Sources */ = {isa = PBXBuildFile; fileRef = 02D5541527CC5FB000291B27 /* Rectangle.swift */; };
		02D5541827CC5FF200291B27 /* Size.swift in Sources */ = {isa = PBXBuildFile; fileRef = 02D5541727CC5FF200291B27 /* Size.swift */; };
		02D5541A27CC606300291B27 /* Point.swift in Sources */ = {isa = PBXBuildFile; fileRef = 02D5541927CC606300291B27 /* Point.swift */; };
		02D5541C27CC6CE100291B27 /* BackgroundColor.swift in Sources */ = {isa = PBXBuildFile; fileRef = 02D5541B27CC6CE100291B27 /* BackgroundColor.swift */; };
/* End PBXBuildFile section */

/* Begin PBXFileReference section */
		02A7161B27CCF63C00034A70 /* RectangleFactory.swift */ = {isa = PBXFileReference; lastKnownFileType = sourcecode.swift; path = RectangleFactory.swift; sourceTree = "<group>"; };
		02A7161F27CD11C000034A70 /* RectangleDelegate.swift */ = {isa = PBXFileReference; lastKnownFileType = sourcecode.swift; path = RectangleDelegate.swift; sourceTree = "<group>"; };
		02B9D29E27CF033B00A7185E /* Alpha.swift */ = {isa = PBXFileReference; lastKnownFileType = sourcecode.swift; path = Alpha.swift; sourceTree = "<group>"; };
		02B9D2A027CF37E600A7185E /* id.swift */ = {isa = PBXFileReference; lastKnownFileType = sourcecode.swift; path = id.swift; sourceTree = "<group>"; };
		02D553FE27CC5E7D00291B27 /* DrawingApp.app */ = {isa = PBXFileReference; explicitFileType = wrapper.application; includeInIndex = 0; path = DrawingApp.app; sourceTree = BUILT_PRODUCTS_DIR; };
		02D5540127CC5E7D00291B27 /* AppDelegate.swift */ = {isa = PBXFileReference; lastKnownFileType = sourcecode.swift; path = AppDelegate.swift; sourceTree = "<group>"; };
		02D5540327CC5E7D00291B27 /* SceneDelegate.swift */ = {isa = PBXFileReference; lastKnownFileType = sourcecode.swift; path = SceneDelegate.swift; sourceTree = "<group>"; };
		02D5540527CC5E7D00291B27 /* ViewController.swift */ = {isa = PBXFileReference; lastKnownFileType = sourcecode.swift; path = ViewController.swift; sourceTree = "<group>"; };
		02D5540827CC5E7D00291B27 /* Base */ = {isa = PBXFileReference; lastKnownFileType = file.storyboard; name = Base; path = Base.lproj/Main.storyboard; sourceTree = "<group>"; };
		02D5540A27CC5E7F00291B27 /* Assets.xcassets */ = {isa = PBXFileReference; lastKnownFileType = folder.assetcatalog; path = Assets.xcassets; sourceTree = "<group>"; };
		02D5540D27CC5E7F00291B27 /* Base */ = {isa = PBXFileReference; lastKnownFileType = file.storyboard; name = Base; path = Base.lproj/LaunchScreen.storyboard; sourceTree = "<group>"; };
		02D5540F27CC5E7F00291B27 /* Info.plist */ = {isa = PBXFileReference; lastKnownFileType = text.plist.xml; path = Info.plist; sourceTree = "<group>"; };
		02D5541527CC5FB000291B27 /* Rectangle.swift */ = {isa = PBXFileReference; lastKnownFileType = sourcecode.swift; path = Rectangle.swift; sourceTree = "<group>"; };
		02D5541727CC5FF200291B27 /* Size.swift */ = {isa = PBXFileReference; lastKnownFileType = sourcecode.swift; path = Size.swift; sourceTree = "<group>"; };
		02D5541927CC606300291B27 /* Point.swift */ = {isa = PBXFileReference; lastKnownFileType = sourcecode.swift; path = Point.swift; sourceTree = "<group>"; };
		02D5541B27CC6CE100291B27 /* BackgroundColor.swift */ = {isa = PBXFileReference; lastKnownFileType = sourcecode.swift; path = BackgroundColor.swift; sourceTree = "<group>"; };
/* End PBXFileReference section */

/* Begin PBXFrameworksBuildPhase section */
		02D553FB27CC5E7C00291B27 /* Frameworks */ = {
			isa = PBXFrameworksBuildPhase;
			buildActionMask = 2147483647;
			files = (
			);
			runOnlyForDeploymentPostprocessing = 0;
		};
/* End PBXFrameworksBuildPhase section */

/* Begin PBXGroup section */
		02D553F527CC5E7C00291B27 = {
			isa = PBXGroup;
			children = (
				02D5540027CC5E7D00291B27 /* DrawingApp */,
				02D553FF27CC5E7D00291B27 /* Products */,
			);
			sourceTree = "<group>";
		};
		02D553FF27CC5E7D00291B27 /* Products */ = {
			isa = PBXGroup;
			children = (
				02D553FE27CC5E7D00291B27 /* DrawingApp.app */,
			);
			name = Products;
			sourceTree = "<group>";
		};
		02D5540027CC5E7D00291B27 /* DrawingApp */ = {
			isa = PBXGroup;
			children = (
				02D5540127CC5E7D00291B27 /* AppDelegate.swift */,
				02D5540327CC5E7D00291B27 /* SceneDelegate.swift */,
				02D5540527CC5E7D00291B27 /* ViewController.swift */,
				02A7161B27CCF63C00034A70 /* RectangleFactory.swift */,
				02D5541527CC5FB000291B27 /* Rectangle.swift */,
				02B9D2A027CF37E600A7185E /* id.swift */,
				02D5541B27CC6CE100291B27 /* BackgroundColor.swift */,
				02D5541727CC5FF200291B27 /* Size.swift */,
				02D5541927CC606300291B27 /* Point.swift */,
				02B9D29E27CF033B00A7185E /* Alpha.swift */,
				02A7161F27CD11C000034A70 /* RectangleDelegate.swift */,
				02D5540727CC5E7D00291B27 /* Main.storyboard */,
				02D5540A27CC5E7F00291B27 /* Assets.xcassets */,
				02D5540C27CC5E7F00291B27 /* LaunchScreen.storyboard */,
				02D5540F27CC5E7F00291B27 /* Info.plist */,
			);
			path = DrawingApp;
			sourceTree = "<group>";
		};
/* End PBXGroup section */

/* Begin PBXNativeTarget section */
		02D553FD27CC5E7C00291B27 /* DrawingApp */ = {
			isa = PBXNativeTarget;
			buildConfigurationList = 02D5541227CC5E7F00291B27 /* Build configuration list for PBXNativeTarget "DrawingApp" */;
			buildPhases = (
				02D553FA27CC5E7C00291B27 /* Sources */,
				02D553FB27CC5E7C00291B27 /* Frameworks */,
				02D553FC27CC5E7C00291B27 /* Resources */,
			);
			buildRules = (
			);
			dependencies = (
			);
			name = DrawingApp;
			productName = DrawingApp;
			productReference = 02D553FE27CC5E7D00291B27 /* DrawingApp.app */;
			productType = "com.apple.product-type.application";
		};
/* End PBXNativeTarget section */

/* Begin PBXProject section */
		02D553F627CC5E7C00291B27 /* Project object */ = {
			isa = PBXProject;
			attributes = {
				BuildIndependentTargetsInParallel = 1;
				LastSwiftUpdateCheck = 1320;
				LastUpgradeCheck = 1320;
				TargetAttributes = {
					02D553FD27CC5E7C00291B27 = {
						CreatedOnToolsVersion = 13.2.1;
					};
				};
			};
			buildConfigurationList = 02D553F927CC5E7C00291B27 /* Build configuration list for PBXProject "DrawingApp" */;
			compatibilityVersion = "Xcode 13.0";
			developmentRegion = en;
			hasScannedForEncodings = 0;
			knownRegions = (
				en,
				Base,
			);
			mainGroup = 02D553F527CC5E7C00291B27;
			productRefGroup = 02D553FF27CC5E7D00291B27 /* Products */;
			projectDirPath = "";
			projectRoot = "";
			targets = (
				02D553FD27CC5E7C00291B27 /* DrawingApp */,
			);
		};
/* End PBXProject section */

/* Begin PBXResourcesBuildPhase section */
		02D553FC27CC5E7C00291B27 /* Resources */ = {
			isa = PBXResourcesBuildPhase;
			buildActionMask = 2147483647;
			files = (
				02D5540E27CC5E7F00291B27 /* LaunchScreen.storyboard in Resources */,
				02D5540B27CC5E7F00291B27 /* Assets.xcassets in Resources */,
				02D5540927CC5E7D00291B27 /* Main.storyboard in Resources */,
			);
			runOnlyForDeploymentPostprocessing = 0;
		};
/* End PBXResourcesBuildPhase section */

/* Begin PBXSourcesBuildPhase section */
		02D553FA27CC5E7C00291B27 /* Sources */ = {
			isa = PBXSourcesBuildPhase;
			buildActionMask = 2147483647;
			files = (
				02D5540627CC5E7D00291B27 /* ViewController.swift in Sources */,
				02D5541827CC5FF200291B27 /* Size.swift in Sources */,
				02D5541A27CC606300291B27 /* Point.swift in Sources */,
				02D5540227CC5E7D00291B27 /* AppDelegate.swift in Sources */,
				02A7162027CD11C000034A70 /* RectangleDelegate.swift in Sources */,
				02D5540427CC5E7D00291B27 /* SceneDelegate.swift in Sources */,
				02B9D29F27CF033B00A7185E /* Alpha.swift in Sources */,
				02D5541627CC5FB000291B27 /* Rectangle.swift in Sources */,
				02B9D2A127CF37E600A7185E /* id.swift in Sources */,
				02A7161C27CCF63C00034A70 /* RectangleFactory.swift in Sources */,
				02D5541C27CC6CE100291B27 /* BackgroundColor.swift in Sources */,
			);
			runOnlyForDeploymentPostprocessing = 0;
		};
/* End PBXSourcesBuildPhase section */

/* Begin PBXVariantGroup section */
		02D5540727CC5E7D00291B27 /* Main.storyboard */ = {
			isa = PBXVariantGroup;
			children = (
				02D5540827CC5E7D00291B27 /* Base */,
			);
			name = Main.storyboard;
			sourceTree = "<group>";
		};
		02D5540C27CC5E7F00291B27 /* LaunchScreen.storyboard */ = {
			isa = PBXVariantGroup;
			children = (
				02D5540D27CC5E7F00291B27 /* Base */,
			);
			name = LaunchScreen.storyboard;
			sourceTree = "<group>";
		};
/* End PBXVariantGroup section */

/* Begin XCBuildConfiguration section */
		02D5541027CC5E7F00291B27 /* Debug */ = {
			isa = XCBuildConfiguration;
			buildSettings = {
				ALWAYS_SEARCH_USER_PATHS = NO;
				CLANG_ANALYZER_NONNULL = YES;
				CLANG_ANALYZER_NUMBER_OBJECT_CONVERSION = YES_AGGRESSIVE;
				CLANG_CXX_LANGUAGE_STANDARD = "gnu++17";
				CLANG_CXX_LIBRARY = "libc++";
				CLANG_ENABLE_MODULES = YES;
				CLANG_ENABLE_OBJC_ARC = YES;
				CLANG_ENABLE_OBJC_WEAK = YES;
				CLANG_WARN_BLOCK_CAPTURE_AUTORELEASING = YES;
				CLANG_WARN_BOOL_CONVERSION = YES;
				CLANG_WARN_COMMA = YES;
				CLANG_WARN_CONSTANT_CONVERSION = YES;
				CLANG_WARN_DEPRECATED_OBJC_IMPLEMENTATIONS = YES;
				CLANG_WARN_DIRECT_OBJC_ISA_USAGE = YES_ERROR;
				CLANG_WARN_DOCUMENTATION_COMMENTS = YES;
				CLANG_WARN_EMPTY_BODY = YES;
				CLANG_WARN_ENUM_CONVERSION = YES;
				CLANG_WARN_INFINITE_RECURSION = YES;
				CLANG_WARN_INT_CONVERSION = YES;
				CLANG_WARN_NON_LITERAL_NULL_CONVERSION = YES;
				CLANG_WARN_OBJC_IMPLICIT_RETAIN_SELF = YES;
				CLANG_WARN_OBJC_LITERAL_CONVERSION = YES;
				CLANG_WARN_OBJC_ROOT_CLASS = YES_ERROR;
				CLANG_WARN_QUOTED_INCLUDE_IN_FRAMEWORK_HEADER = YES;
				CLANG_WARN_RANGE_LOOP_ANALYSIS = YES;
				CLANG_WARN_STRICT_PROTOTYPES = YES;
				CLANG_WARN_SUSPICIOUS_MOVE = YES;
				CLANG_WARN_UNGUARDED_AVAILABILITY = YES_AGGRESSIVE;
				CLANG_WARN_UNREACHABLE_CODE = YES;
				CLANG_WARN__DUPLICATE_METHOD_MATCH = YES;
				COPY_PHASE_STRIP = NO;
				DEBUG_INFORMATION_FORMAT = dwarf;
				ENABLE_STRICT_OBJC_MSGSEND = YES;
				ENABLE_TESTABILITY = YES;
				GCC_C_LANGUAGE_STANDARD = gnu11;
				GCC_DYNAMIC_NO_PIC = NO;
				GCC_NO_COMMON_BLOCKS = YES;
				GCC_OPTIMIZATION_LEVEL = 0;
				GCC_PREPROCESSOR_DEFINITIONS = (
					"DEBUG=1",
					"$(inherited)",
				);
				GCC_WARN_64_TO_32_BIT_CONVERSION = YES;
				GCC_WARN_ABOUT_RETURN_TYPE = YES_ERROR;
				GCC_WARN_UNDECLARED_SELECTOR = YES;
				GCC_WARN_UNINITIALIZED_AUTOS = YES_AGGRESSIVE;
				GCC_WARN_UNUSED_FUNCTION = YES;
				GCC_WARN_UNUSED_VARIABLE = YES;
				IPHONEOS_DEPLOYMENT_TARGET = 15.2;
				MTL_ENABLE_DEBUG_INFO = INCLUDE_SOURCE;
				MTL_FAST_MATH = YES;
				ONLY_ACTIVE_ARCH = YES;
				SDKROOT = iphoneos;
				SWIFT_ACTIVE_COMPILATION_CONDITIONS = DEBUG;
				SWIFT_OPTIMIZATION_LEVEL = "-Onone";
			};
			name = Debug;
		};
		02D5541127CC5E7F00291B27 /* Release */ = {
			isa = XCBuildConfiguration;
			buildSettings = {
				ALWAYS_SEARCH_USER_PATHS = NO;
				CLANG_ANALYZER_NONNULL = YES;
				CLANG_ANALYZER_NUMBER_OBJECT_CONVERSION = YES_AGGRESSIVE;
				CLANG_CXX_LANGUAGE_STANDARD = "gnu++17";
				CLANG_CXX_LIBRARY = "libc++";
				CLANG_ENABLE_MODULES = YES;
				CLANG_ENABLE_OBJC_ARC = YES;
				CLANG_ENABLE_OBJC_WEAK = YES;
				CLANG_WARN_BLOCK_CAPTURE_AUTORELEASING = YES;
				CLANG_WARN_BOOL_CONVERSION = YES;
				CLANG_WARN_COMMA = YES;
				CLANG_WARN_CONSTANT_CONVERSION = YES;
				CLANG_WARN_DEPRECATED_OBJC_IMPLEMENTATIONS = YES;
				CLANG_WARN_DIRECT_OBJC_ISA_USAGE = YES_ERROR;
				CLANG_WARN_DOCUMENTATION_COMMENTS = YES;
				CLANG_WARN_EMPTY_BODY = YES;
				CLANG_WARN_ENUM_CONVERSION = YES;
				CLANG_WARN_INFINITE_RECURSION = YES;
				CLANG_WARN_INT_CONVERSION = YES;
				CLANG_WARN_NON_LITERAL_NULL_CONVERSION = YES;
				CLANG_WARN_OBJC_IMPLICIT_RETAIN_SELF = YES;
				CLANG_WARN_OBJC_LITERAL_CONVERSION = YES;
				CLANG_WARN_OBJC_ROOT_CLASS = YES_ERROR;
				CLANG_WARN_QUOTED_INCLUDE_IN_FRAMEWORK_HEADER = YES;
				CLANG_WARN_RANGE_LOOP_ANALYSIS = YES;
				CLANG_WARN_STRICT_PROTOTYPES = YES;
				CLANG_WARN_SUSPICIOUS_MOVE = YES;
				CLANG_WARN_UNGUARDED_AVAILABILITY = YES_AGGRESSIVE;
				CLANG_WARN_UNREACHABLE_CODE = YES;
				CLANG_WARN__DUPLICATE_METHOD_MATCH = YES;
				COPY_PHASE_STRIP = NO;
				DEBUG_INFORMATION_FORMAT = "dwarf-with-dsym";
				ENABLE_NS_ASSERTIONS = NO;
				ENABLE_STRICT_OBJC_MSGSEND = YES;
				GCC_C_LANGUAGE_STANDARD = gnu11;
				GCC_NO_COMMON_BLOCKS = YES;
				GCC_WARN_64_TO_32_BIT_CONVERSION = YES;
				GCC_WARN_ABOUT_RETURN_TYPE = YES_ERROR;
				GCC_WARN_UNDECLARED_SELECTOR = YES;
				GCC_WARN_UNINITIALIZED_AUTOS = YES_AGGRESSIVE;
				GCC_WARN_UNUSED_FUNCTION = YES;
				GCC_WARN_UNUSED_VARIABLE = YES;
				IPHONEOS_DEPLOYMENT_TARGET = 15.2;
				MTL_ENABLE_DEBUG_INFO = NO;
				MTL_FAST_MATH = YES;
				SDKROOT = iphoneos;
				SWIFT_COMPILATION_MODE = wholemodule;
				SWIFT_OPTIMIZATION_LEVEL = "-O";
				VALIDATE_PRODUCT = YES;
			};
			name = Release;
		};
		02D5541327CC5E7F00291B27 /* Debug */ = {
			isa = XCBuildConfiguration;
			buildSettings = {
				ASSETCATALOG_COMPILER_APPICON_NAME = AppIcon;
				ASSETCATALOG_COMPILER_GLOBAL_ACCENT_COLOR_NAME = AccentColor;
				CODE_SIGN_STYLE = Automatic;
				CURRENT_PROJECT_VERSION = 1;
				GENERATE_INFOPLIST_FILE = YES;
				INFOPLIST_FILE = DrawingApp/Info.plist;
				INFOPLIST_KEY_UIApplicationSupportsIndirectInputEvents = YES;
				INFOPLIST_KEY_UILaunchStoryboardName = LaunchScreen;
				INFOPLIST_KEY_UIMainStoryboardFile = Main;
				INFOPLIST_KEY_UISupportedInterfaceOrientations_iPad = "UIInterfaceOrientationLandscapeLeft UIInterfaceOrientationLandscapeRight";
				INFOPLIST_KEY_UISupportedInterfaceOrientations_iPhone = "UIInterfaceOrientationPortrait UIInterfaceOrientationLandscapeLeft UIInterfaceOrientationLandscapeRight";
				LD_RUNPATH_SEARCH_PATHS = (
					"$(inherited)",
					"@executable_path/Frameworks",
				);
				MARKETING_VERSION = 1.0;
				PRODUCT_BUNDLE_IDENTIFIER = com.Sol.DrawingApp;
				PRODUCT_NAME = "$(TARGET_NAME)";
				SWIFT_EMIT_LOC_STRINGS = YES;
				SWIFT_VERSION = 5.0;
				TARGETED_DEVICE_FAMILY = 2;
			};
			name = Debug;
		};
		02D5541427CC5E7F00291B27 /* Release */ = {
			isa = XCBuildConfiguration;
			buildSettings = {
				ASSETCATALOG_COMPILER_APPICON_NAME = AppIcon;
				ASSETCATALOG_COMPILER_GLOBAL_ACCENT_COLOR_NAME = AccentColor;
				CODE_SIGN_STYLE = Automatic;
				CURRENT_PROJECT_VERSION = 1;
				GENERATE_INFOPLIST_FILE = YES;
				INFOPLIST_FILE = DrawingApp/Info.plist;
				INFOPLIST_KEY_UIApplicationSupportsIndirectInputEvents = YES;
				INFOPLIST_KEY_UILaunchStoryboardName = LaunchScreen;
				INFOPLIST_KEY_UIMainStoryboardFile = Main;
				INFOPLIST_KEY_UISupportedInterfaceOrientations_iPad = "UIInterfaceOrientationLandscapeLeft UIInterfaceOrientationLandscapeRight";
				INFOPLIST_KEY_UISupportedInterfaceOrientations_iPhone = "UIInterfaceOrientationPortrait UIInterfaceOrientationLandscapeLeft UIInterfaceOrientationLandscapeRight";
				LD_RUNPATH_SEARCH_PATHS = (
					"$(inherited)",
					"@executable_path/Frameworks",
				);
				MARKETING_VERSION = 1.0;
				PRODUCT_BUNDLE_IDENTIFIER = com.Sol.DrawingApp;
				PRODUCT_NAME = "$(TARGET_NAME)";
				SWIFT_EMIT_LOC_STRINGS = YES;
				SWIFT_VERSION = 5.0;
				TARGETED_DEVICE_FAMILY = 2;
			};
			name = Release;
		};
/* End XCBuildConfiguration section */

/* Begin XCConfigurationList section */
		02D553F927CC5E7C00291B27 /* Build configuration list for PBXProject "DrawingApp" */ = {
			isa = XCConfigurationList;
			buildConfigurations = (
				02D5541027CC5E7F00291B27 /* Debug */,
				02D5541127CC5E7F00291B27 /* Release */,
			);
			defaultConfigurationIsVisible = 0;
			defaultConfigurationName = Release;
		};
		02D5541227CC5E7F00291B27 /* Build configuration list for PBXNativeTarget "DrawingApp" */ = {
			isa = XCConfigurationList;
			buildConfigurations = (
				02D5541327CC5E7F00291B27 /* Debug */,
				02D5541427CC5E7F00291B27 /* Release */,
			);
			defaultConfigurationIsVisible = 0;
			defaultConfigurationName = Release;
		};
/* End XCConfigurationList section */
	};
	rootObject = 02D553F627CC5E7C00291B27 /* Project object */;
}
