// !$*UTF8*$!
{
	archiveVersion = 1;
	classes = {
	};
	objectVersion = 55;
	objects = {

/* Begin PBXBuildFile section */
		E4630C2727CDD2BC00644B70 /* SceneDelegate.swift in Sources */ = {isa = PBXBuildFile; fileRef = E4630C2627CDD2BC00644B70 /* SceneDelegate.swift */; };
		E481266227CCF8E000A3FFF6 /* AppDelegate.swift in Sources */ = {isa = PBXBuildFile; fileRef = E481266127CCF8E000A3FFF6 /* AppDelegate.swift */; };
		E481266627CCF8E000A3FFF6 /* ViewController.swift in Sources */ = {isa = PBXBuildFile; fileRef = E481266527CCF8E000A3FFF6 /* ViewController.swift */; };
		E481266927CCF8E000A3FFF6 /* Main.storyboard in Resources */ = {isa = PBXBuildFile; fileRef = E481266727CCF8E000A3FFF6 /* Main.storyboard */; };
		E481266B27CCF8E100A3FFF6 /* Assets.xcassets in Resources */ = {isa = PBXBuildFile; fileRef = E481266A27CCF8E100A3FFF6 /* Assets.xcassets */; };
		E481266E27CCF8E100A3FFF6 /* LaunchScreen.storyboard in Resources */ = {isa = PBXBuildFile; fileRef = E481266C27CCF8E100A3FFF6 /* LaunchScreen.storyboard */; };
		E4D3DFA227CEFE490096810A /* Point.swift in Sources */ = {isa = PBXBuildFile; fileRef = E4D3DFA127CEFE490096810A /* Point.swift */; };
		E4D3DFA427CEFE7C0096810A /* Size.swift in Sources */ = {isa = PBXBuildFile; fileRef = E4D3DFA327CEFE7C0096810A /* Size.swift */; };
		E4D3DFA627CEFE7F0096810A /* Color.swift in Sources */ = {isa = PBXBuildFile; fileRef = E4D3DFA527CEFE7F0096810A /* Color.swift */; };
		E4D3DFA827CEFEB90096810A /* Alpha.swift in Sources */ = {isa = PBXBuildFile; fileRef = E4D3DFA727CEFEB90096810A /* Alpha.swift */; };
		E4D3DFA927CF18740096810A /* Point.swift in Sources */ = {isa = PBXBuildFile; fileRef = E4D3DFA127CEFE490096810A /* Point.swift */; };
		E4D3DFAA27CF18740096810A /* Size.swift in Sources */ = {isa = PBXBuildFile; fileRef = E4D3DFA327CEFE7C0096810A /* Size.swift */; };
		E4D3DFAB27CF18740096810A /* Color.swift in Sources */ = {isa = PBXBuildFile; fileRef = E4D3DFA527CEFE7F0096810A /* Color.swift */; };
		E4D3DFAC27CF18740096810A /* Alpha.swift in Sources */ = {isa = PBXBuildFile; fileRef = E4D3DFA727CEFEB90096810A /* Alpha.swift */; };
		E4D3DFB027CF42560096810A /* Extensions.swift in Sources */ = {isa = PBXBuildFile; fileRef = E4D3DFAF27CF42560096810A /* Extensions.swift */; };
		E4E8082F27CDF0C100F4C062 /* Rectangle.swift in Sources */ = {isa = PBXBuildFile; fileRef = E4E8082E27CDF0C100F4C062 /* Rectangle.swift */; };
		E4E8083127CE062600F4C062 /* ShapeFactory.swift in Sources */ = {isa = PBXBuildFile; fileRef = E4E8083027CE062600F4C062 /* ShapeFactory.swift */; };
		E4E8083B27CE0EBB00F4C062 /* DrawingAppTests.swift in Sources */ = {isa = PBXBuildFile; fileRef = E4E8083A27CE0EBB00F4C062 /* DrawingAppTests.swift */; };
		E4E8084227CE0EF700F4C062 /* Rectangle.swift in Sources */ = {isa = PBXBuildFile; fileRef = E4E8082E27CDF0C100F4C062 /* Rectangle.swift */; };
		E4E8084327CE0F0000F4C062 /* ShapeFactory.swift in Sources */ = {isa = PBXBuildFile; fileRef = E4E8083027CE062600F4C062 /* ShapeFactory.swift */; };
/* End PBXBuildFile section */

/* Begin PBXContainerItemProxy section */
		E4E8083C27CE0EBB00F4C062 /* PBXContainerItemProxy */ = {
			isa = PBXContainerItemProxy;
			containerPortal = E481265627CCF8E000A3FFF6 /* Project object */;
			proxyType = 1;
			remoteGlobalIDString = E481265D27CCF8E000A3FFF6;
			remoteInfo = DrawingApp;
		};
/* End PBXContainerItemProxy section */

/* Begin PBXFileReference section */
		E4630C2627CDD2BC00644B70 /* SceneDelegate.swift */ = {isa = PBXFileReference; fileEncoding = 4; lastKnownFileType = sourcecode.swift; path = SceneDelegate.swift; sourceTree = "<group>"; };
		E481265E27CCF8E000A3FFF6 /* DrawingApp.app */ = {isa = PBXFileReference; explicitFileType = wrapper.application; includeInIndex = 0; path = DrawingApp.app; sourceTree = BUILT_PRODUCTS_DIR; };
		E481266127CCF8E000A3FFF6 /* AppDelegate.swift */ = {isa = PBXFileReference; lastKnownFileType = sourcecode.swift; path = AppDelegate.swift; sourceTree = "<group>"; };
		E481266527CCF8E000A3FFF6 /* ViewController.swift */ = {isa = PBXFileReference; lastKnownFileType = sourcecode.swift; path = ViewController.swift; sourceTree = "<group>"; };
		E481266827CCF8E000A3FFF6 /* Base */ = {isa = PBXFileReference; lastKnownFileType = file.storyboard; name = Base; path = Base.lproj/Main.storyboard; sourceTree = "<group>"; };
		E481266A27CCF8E100A3FFF6 /* Assets.xcassets */ = {isa = PBXFileReference; lastKnownFileType = folder.assetcatalog; path = Assets.xcassets; sourceTree = "<group>"; };
		E481266D27CCF8E100A3FFF6 /* Base */ = {isa = PBXFileReference; lastKnownFileType = file.storyboard; name = Base; path = Base.lproj/LaunchScreen.storyboard; sourceTree = "<group>"; };
		E481266F27CCF8E100A3FFF6 /* Info.plist */ = {isa = PBXFileReference; lastKnownFileType = text.plist.xml; path = Info.plist; sourceTree = "<group>"; };
		E4D3DFA127CEFE490096810A /* Point.swift */ = {isa = PBXFileReference; lastKnownFileType = sourcecode.swift; path = Point.swift; sourceTree = "<group>"; };
		E4D3DFA327CEFE7C0096810A /* Size.swift */ = {isa = PBXFileReference; lastKnownFileType = sourcecode.swift; path = Size.swift; sourceTree = "<group>"; };
		E4D3DFA527CEFE7F0096810A /* Color.swift */ = {isa = PBXFileReference; lastKnownFileType = sourcecode.swift; path = Color.swift; sourceTree = "<group>"; };
		E4D3DFA727CEFEB90096810A /* Alpha.swift */ = {isa = PBXFileReference; lastKnownFileType = sourcecode.swift; path = Alpha.swift; sourceTree = "<group>"; };
		E4D3DFAF27CF42560096810A /* Extensions.swift */ = {isa = PBXFileReference; lastKnownFileType = sourcecode.swift; path = Extensions.swift; sourceTree = "<group>"; };
		E4E8082E27CDF0C100F4C062 /* Rectangle.swift */ = {isa = PBXFileReference; lastKnownFileType = sourcecode.swift; path = Rectangle.swift; sourceTree = "<group>"; };
		E4E8083027CE062600F4C062 /* ShapeFactory.swift */ = {isa = PBXFileReference; lastKnownFileType = sourcecode.swift; path = ShapeFactory.swift; sourceTree = "<group>"; };
		E4E8083827CE0EBB00F4C062 /* DrawingAppTests.xctest */ = {isa = PBXFileReference; explicitFileType = wrapper.cfbundle; includeInIndex = 0; path = DrawingAppTests.xctest; sourceTree = BUILT_PRODUCTS_DIR; };
		E4E8083A27CE0EBB00F4C062 /* DrawingAppTests.swift */ = {isa = PBXFileReference; lastKnownFileType = sourcecode.swift; path = DrawingAppTests.swift; sourceTree = "<group>"; };
/* End PBXFileReference section */

/* Begin PBXFrameworksBuildPhase section */
		E481265B27CCF8E000A3FFF6 /* Frameworks */ = {
			isa = PBXFrameworksBuildPhase;
			buildActionMask = 2147483647;
			files = (
			);
			runOnlyForDeploymentPostprocessing = 0;
		};
		E4E8083527CE0EBB00F4C062 /* Frameworks */ = {
			isa = PBXFrameworksBuildPhase;
			buildActionMask = 2147483647;
			files = (
			);
			runOnlyForDeploymentPostprocessing = 0;
		};
/* End PBXFrameworksBuildPhase section */

/* Begin PBXGroup section */
		E4630C2227CDD22900644B70 /* Model */ = {
			isa = PBXGroup;
			children = (
				E4D3DFA127CEFE490096810A /* Point.swift */,
				E4D3DFA327CEFE7C0096810A /* Size.swift */,
				E4D3DFA527CEFE7F0096810A /* Color.swift */,
				E4D3DFA727CEFEB90096810A /* Alpha.swift */,
				E4E8082E27CDF0C100F4C062 /* Rectangle.swift */,
			);
			path = Model;
			sourceTree = "<group>";
		};
		E4630C2327CDD22D00644B70 /* View */ = {
			isa = PBXGroup;
			children = (
			);
			path = View;
			sourceTree = "<group>";
		};
		E4630C2427CDD23000644B70 /* Controller */ = {
			isa = PBXGroup;
			children = (
				E481266527CCF8E000A3FFF6 /* ViewController.swift */,
			);
			path = Controller;
			sourceTree = "<group>";
		};
		E4630C2527CDD24000644B70 /* Resources */ = {
			isa = PBXGroup;
			children = (
				E481266727CCF8E000A3FFF6 /* Main.storyboard */,
				E481266A27CCF8E100A3FFF6 /* Assets.xcassets */,
				E481266C27CCF8E100A3FFF6 /* LaunchScreen.storyboard */,
			);
			path = Resources;
			sourceTree = "<group>";
		};
		E481265527CCF8E000A3FFF6 = {
			isa = PBXGroup;
			children = (
				E481266027CCF8E000A3FFF6 /* DrawingApp */,
				E4E8083927CE0EBB00F4C062 /* DrawingAppTests */,
				E481265F27CCF8E000A3FFF6 /* Products */,
			);
			sourceTree = "<group>";
		};
		E481265F27CCF8E000A3FFF6 /* Products */ = {
			isa = PBXGroup;
			children = (
				E481265E27CCF8E000A3FFF6 /* DrawingApp.app */,
				E4E8083827CE0EBB00F4C062 /* DrawingAppTests.xctest */,
			);
			name = Products;
			sourceTree = "<group>";
		};
		E481266027CCF8E000A3FFF6 /* DrawingApp */ = {
			isa = PBXGroup;
			children = (
				E481266127CCF8E000A3FFF6 /* AppDelegate.swift */,
				E4630C2627CDD2BC00644B70 /* SceneDelegate.swift */,
				E4E8083027CE062600F4C062 /* ShapeFactory.swift */,
				E4D3DFAF27CF42560096810A /* Extensions.swift */,
				E4630C2227CDD22900644B70 /* Model */,
				E4630C2327CDD22D00644B70 /* View */,
				E4630C2427CDD23000644B70 /* Controller */,
				E4630C2527CDD24000644B70 /* Resources */,
				E481266F27CCF8E100A3FFF6 /* Info.plist */,
			);
			path = DrawingApp;
			sourceTree = "<group>";
		};
		E4E8083927CE0EBB00F4C062 /* DrawingAppTests */ = {
			isa = PBXGroup;
			children = (
				E4E8083A27CE0EBB00F4C062 /* DrawingAppTests.swift */,
			);
			path = DrawingAppTests;
			sourceTree = "<group>";
		};
/* End PBXGroup section */

/* Begin PBXNativeTarget section */
		E481265D27CCF8E000A3FFF6 /* DrawingApp */ = {
			isa = PBXNativeTarget;
			buildConfigurationList = E481267227CCF8E100A3FFF6 /* Build configuration list for PBXNativeTarget "DrawingApp" */;
			buildPhases = (
				E481265A27CCF8E000A3FFF6 /* Sources */,
				E481265B27CCF8E000A3FFF6 /* Frameworks */,
				E481265C27CCF8E000A3FFF6 /* Resources */,
			);
			buildRules = (
			);
			dependencies = (
			);
			name = DrawingApp;
			productName = DrawingApp;
			productReference = E481265E27CCF8E000A3FFF6 /* DrawingApp.app */;
			productType = "com.apple.product-type.application";
		};
		E4E8083727CE0EBB00F4C062 /* DrawingAppTests */ = {
			isa = PBXNativeTarget;
			buildConfigurationList = E4E8083E27CE0EBB00F4C062 /* Build configuration list for PBXNativeTarget "DrawingAppTests" */;
			buildPhases = (
				E4E8083427CE0EBB00F4C062 /* Sources */,
				E4E8083527CE0EBB00F4C062 /* Frameworks */,
				E4E8083627CE0EBB00F4C062 /* Resources */,
			);
			buildRules = (
			);
			dependencies = (
				E4E8083D27CE0EBB00F4C062 /* PBXTargetDependency */,
			);
			name = DrawingAppTests;
			productName = DrawingAppTests;
			productReference = E4E8083827CE0EBB00F4C062 /* DrawingAppTests.xctest */;
			productType = "com.apple.product-type.bundle.unit-test";
		};
/* End PBXNativeTarget section */

/* Begin PBXProject section */
		E481265627CCF8E000A3FFF6 /* Project object */ = {
			isa = PBXProject;
			attributes = {
				BuildIndependentTargetsInParallel = 1;
				LastSwiftUpdateCheck = 1320;
				LastUpgradeCheck = 1320;
				TargetAttributes = {
					E481265D27CCF8E000A3FFF6 = {
						CreatedOnToolsVersion = 13.2.1;
					};
					E4E8083727CE0EBB00F4C062 = {
						CreatedOnToolsVersion = 13.2.1;
						TestTargetID = E481265D27CCF8E000A3FFF6;
					};
				};
			};
			buildConfigurationList = E481265927CCF8E000A3FFF6 /* Build configuration list for PBXProject "DrawingApp" */;
			compatibilityVersion = "Xcode 13.0";
			developmentRegion = en;
			hasScannedForEncodings = 0;
			knownRegions = (
				en,
				Base,
			);
			mainGroup = E481265527CCF8E000A3FFF6;
			productRefGroup = E481265F27CCF8E000A3FFF6 /* Products */;
			projectDirPath = "";
			projectRoot = "";
			targets = (
				E481265D27CCF8E000A3FFF6 /* DrawingApp */,
				E4E8083727CE0EBB00F4C062 /* DrawingAppTests */,
			);
		};
/* End PBXProject section */

/* Begin PBXResourcesBuildPhase section */
		E481265C27CCF8E000A3FFF6 /* Resources */ = {
			isa = PBXResourcesBuildPhase;
			buildActionMask = 2147483647;
			files = (
				E481266E27CCF8E100A3FFF6 /* LaunchScreen.storyboard in Resources */,
				E481266B27CCF8E100A3FFF6 /* Assets.xcassets in Resources */,
				E481266927CCF8E000A3FFF6 /* Main.storyboard in Resources */,
			);
			runOnlyForDeploymentPostprocessing = 0;
		};
		E4E8083627CE0EBB00F4C062 /* Resources */ = {
			isa = PBXResourcesBuildPhase;
			buildActionMask = 2147483647;
			files = (
			);
			runOnlyForDeploymentPostprocessing = 0;
		};
/* End PBXResourcesBuildPhase section */

/* Begin PBXSourcesBuildPhase section */
		E481265A27CCF8E000A3FFF6 /* Sources */ = {
			isa = PBXSourcesBuildPhase;
			buildActionMask = 2147483647;
			files = (
				E4D3DFA427CEFE7C0096810A /* Size.swift in Sources */,
				E4E8082F27CDF0C100F4C062 /* Rectangle.swift in Sources */,
				E4D3DFA227CEFE490096810A /* Point.swift in Sources */,
				E4D3DFA627CEFE7F0096810A /* Color.swift in Sources */,
				E4D3DFA827CEFEB90096810A /* Alpha.swift in Sources */,
				E4E8083127CE062600F4C062 /* ShapeFactory.swift in Sources */,
				E481266627CCF8E000A3FFF6 /* ViewController.swift in Sources */,
				E481266227CCF8E000A3FFF6 /* AppDelegate.swift in Sources */,
				E4D3DFB027CF42560096810A /* Extensions.swift in Sources */,
				E4630C2727CDD2BC00644B70 /* SceneDelegate.swift in Sources */,
			);
			runOnlyForDeploymentPostprocessing = 0;
		};
		E4E8083427CE0EBB00F4C062 /* Sources */ = {
			isa = PBXSourcesBuildPhase;
			buildActionMask = 2147483647;
			files = (
				E4D3DFA927CF18740096810A /* Point.swift in Sources */,
				E4D3DFAA27CF18740096810A /* Size.swift in Sources */,
				E4D3DFAB27CF18740096810A /* Color.swift in Sources */,
				E4D3DFAC27CF18740096810A /* Alpha.swift in Sources */,
				E4E8084327CE0F0000F4C062 /* ShapeFactory.swift in Sources */,
				E4E8084227CE0EF700F4C062 /* Rectangle.swift in Sources */,
				E4E8083B27CE0EBB00F4C062 /* DrawingAppTests.swift in Sources */,
			);
			runOnlyForDeploymentPostprocessing = 0;
		};
/* End PBXSourcesBuildPhase section */

/* Begin PBXTargetDependency section */
		E4E8083D27CE0EBB00F4C062 /* PBXTargetDependency */ = {
			isa = PBXTargetDependency;
			target = E481265D27CCF8E000A3FFF6 /* DrawingApp */;
			targetProxy = E4E8083C27CE0EBB00F4C062 /* PBXContainerItemProxy */;
		};
/* End PBXTargetDependency section */

/* Begin PBXVariantGroup section */
		E481266727CCF8E000A3FFF6 /* Main.storyboard */ = {
			isa = PBXVariantGroup;
			children = (
				E481266827CCF8E000A3FFF6 /* Base */,
			);
			name = Main.storyboard;
			sourceTree = "<group>";
		};
		E481266C27CCF8E100A3FFF6 /* LaunchScreen.storyboard */ = {
			isa = PBXVariantGroup;
			children = (
				E481266D27CCF8E100A3FFF6 /* Base */,
			);
			name = LaunchScreen.storyboard;
			sourceTree = "<group>";
		};
/* End PBXVariantGroup section */

/* Begin XCBuildConfiguration section */
		E481267027CCF8E100A3FFF6 /* Debug */ = {
			isa = XCBuildConfiguration;
			buildSettings = {
				ALWAYS_SEARCH_USER_PATHS = NO;
				CLANG_ANALYZER_NONNULL = YES;
				CLANG_ANALYZER_NUMBER_OBJECT_CONVERSION = YES_AGGRESSIVE;
				CLANG_CXX_LANGUAGE_STANDARD = "gnu++17";
				CLANG_CXX_LIBRARY = "libc++";
				CLANG_ENABLE_MODULES = YES;
				CLANG_ENABLE_OBJC_ARC = YES;
				CLANG_ENABLE_OBJC_WEAK = YES;
				CLANG_WARN_BLOCK_CAPTURE_AUTORELEASING = YES;
				CLANG_WARN_BOOL_CONVERSION = YES;
				CLANG_WARN_COMMA = YES;
				CLANG_WARN_CONSTANT_CONVERSION = YES;
				CLANG_WARN_DEPRECATED_OBJC_IMPLEMENTATIONS = YES;
				CLANG_WARN_DIRECT_OBJC_ISA_USAGE = YES_ERROR;
				CLANG_WARN_DOCUMENTATION_COMMENTS = YES;
				CLANG_WARN_EMPTY_BODY = YES;
				CLANG_WARN_ENUM_CONVERSION = YES;
				CLANG_WARN_INFINITE_RECURSION = YES;
				CLANG_WARN_INT_CONVERSION = YES;
				CLANG_WARN_NON_LITERAL_NULL_CONVERSION = YES;
				CLANG_WARN_OBJC_IMPLICIT_RETAIN_SELF = YES;
				CLANG_WARN_OBJC_LITERAL_CONVERSION = YES;
				CLANG_WARN_OBJC_ROOT_CLASS = YES_ERROR;
				CLANG_WARN_QUOTED_INCLUDE_IN_FRAMEWORK_HEADER = YES;
				CLANG_WARN_RANGE_LOOP_ANALYSIS = YES;
				CLANG_WARN_STRICT_PROTOTYPES = YES;
				CLANG_WARN_SUSPICIOUS_MOVE = YES;
				CLANG_WARN_UNGUARDED_AVAILABILITY = YES_AGGRESSIVE;
				CLANG_WARN_UNREACHABLE_CODE = YES;
				CLANG_WARN__DUPLICATE_METHOD_MATCH = YES;
				COPY_PHASE_STRIP = NO;
				DEBUG_INFORMATION_FORMAT = dwarf;
				ENABLE_STRICT_OBJC_MSGSEND = YES;
				ENABLE_TESTABILITY = YES;
				GCC_C_LANGUAGE_STANDARD = gnu11;
				GCC_DYNAMIC_NO_PIC = NO;
				GCC_NO_COMMON_BLOCKS = YES;
				GCC_OPTIMIZATION_LEVEL = 0;
				GCC_PREPROCESSOR_DEFINITIONS = (
					"DEBUG=1",
					"$(inherited)",
				);
				GCC_WARN_64_TO_32_BIT_CONVERSION = YES;
				GCC_WARN_ABOUT_RETURN_TYPE = YES_ERROR;
				GCC_WARN_UNDECLARED_SELECTOR = YES;
				GCC_WARN_UNINITIALIZED_AUTOS = YES_AGGRESSIVE;
				GCC_WARN_UNUSED_FUNCTION = YES;
				GCC_WARN_UNUSED_VARIABLE = YES;
				IPHONEOS_DEPLOYMENT_TARGET = 15.2;
				MTL_ENABLE_DEBUG_INFO = INCLUDE_SOURCE;
				MTL_FAST_MATH = YES;
				ONLY_ACTIVE_ARCH = YES;
				SDKROOT = iphoneos;
				SWIFT_ACTIVE_COMPILATION_CONDITIONS = DEBUG;
				SWIFT_OPTIMIZATION_LEVEL = "-Onone";
			};
			name = Debug;
		};
		E481267127CCF8E100A3FFF6 /* Release */ = {
			isa = XCBuildConfiguration;
			buildSettings = {
				ALWAYS_SEARCH_USER_PATHS = NO;
				CLANG_ANALYZER_NONNULL = YES;
				CLANG_ANALYZER_NUMBER_OBJECT_CONVERSION = YES_AGGRESSIVE;
				CLANG_CXX_LANGUAGE_STANDARD = "gnu++17";
				CLANG_CXX_LIBRARY = "libc++";
				CLANG_ENABLE_MODULES = YES;
				CLANG_ENABLE_OBJC_ARC = YES;
				CLANG_ENABLE_OBJC_WEAK = YES;
				CLANG_WARN_BLOCK_CAPTURE_AUTORELEASING = YES;
				CLANG_WARN_BOOL_CONVERSION = YES;
				CLANG_WARN_COMMA = YES;
				CLANG_WARN_CONSTANT_CONVERSION = YES;
				CLANG_WARN_DEPRECATED_OBJC_IMPLEMENTATIONS = YES;
				CLANG_WARN_DIRECT_OBJC_ISA_USAGE = YES_ERROR;
				CLANG_WARN_DOCUMENTATION_COMMENTS = YES;
				CLANG_WARN_EMPTY_BODY = YES;
				CLANG_WARN_ENUM_CONVERSION = YES;
				CLANG_WARN_INFINITE_RECURSION = YES;
				CLANG_WARN_INT_CONVERSION = YES;
				CLANG_WARN_NON_LITERAL_NULL_CONVERSION = YES;
				CLANG_WARN_OBJC_IMPLICIT_RETAIN_SELF = YES;
				CLANG_WARN_OBJC_LITERAL_CONVERSION = YES;
				CLANG_WARN_OBJC_ROOT_CLASS = YES_ERROR;
				CLANG_WARN_QUOTED_INCLUDE_IN_FRAMEWORK_HEADER = YES;
				CLANG_WARN_RANGE_LOOP_ANALYSIS = YES;
				CLANG_WARN_STRICT_PROTOTYPES = YES;
				CLANG_WARN_SUSPICIOUS_MOVE = YES;
				CLANG_WARN_UNGUARDED_AVAILABILITY = YES_AGGRESSIVE;
				CLANG_WARN_UNREACHABLE_CODE = YES;
				CLANG_WARN__DUPLICATE_METHOD_MATCH = YES;
				COPY_PHASE_STRIP = NO;
				DEBUG_INFORMATION_FORMAT = "dwarf-with-dsym";
				ENABLE_NS_ASSERTIONS = NO;
				ENABLE_STRICT_OBJC_MSGSEND = YES;
				GCC_C_LANGUAGE_STANDARD = gnu11;
				GCC_NO_COMMON_BLOCKS = YES;
				GCC_WARN_64_TO_32_BIT_CONVERSION = YES;
				GCC_WARN_ABOUT_RETURN_TYPE = YES_ERROR;
				GCC_WARN_UNDECLARED_SELECTOR = YES;
				GCC_WARN_UNINITIALIZED_AUTOS = YES_AGGRESSIVE;
				GCC_WARN_UNUSED_FUNCTION = YES;
				GCC_WARN_UNUSED_VARIABLE = YES;
				IPHONEOS_DEPLOYMENT_TARGET = 15.2;
				MTL_ENABLE_DEBUG_INFO = NO;
				MTL_FAST_MATH = YES;
				SDKROOT = iphoneos;
				SWIFT_COMPILATION_MODE = wholemodule;
				SWIFT_OPTIMIZATION_LEVEL = "-O";
				VALIDATE_PRODUCT = YES;
			};
			name = Release;
		};
		E481267327CCF8E100A3FFF6 /* Debug */ = {
			isa = XCBuildConfiguration;
			buildSettings = {
				ASSETCATALOG_COMPILER_APPICON_NAME = AppIcon;
				ASSETCATALOG_COMPILER_GLOBAL_ACCENT_COLOR_NAME = AccentColor;
				CODE_SIGN_STYLE = Automatic;
				CURRENT_PROJECT_VERSION = 1;
				DEVELOPMENT_TEAM = FCQD35AW5P;
				GENERATE_INFOPLIST_FILE = YES;
				INFOPLIST_FILE = DrawingApp/Info.plist;
				INFOPLIST_KEY_UIApplicationSupportsIndirectInputEvents = YES;
				INFOPLIST_KEY_UILaunchStoryboardName = LaunchScreen;
				INFOPLIST_KEY_UIMainStoryboardFile = Main;
				INFOPLIST_KEY_UISupportedInterfaceOrientations_iPad = "UIInterfaceOrientationLandscapeLeft UIInterfaceOrientationLandscapeRight";
				INFOPLIST_KEY_UISupportedInterfaceOrientations_iPhone = "UIInterfaceOrientationPortrait UIInterfaceOrientationLandscapeLeft UIInterfaceOrientationLandscapeRight";
				LD_RUNPATH_SEARCH_PATHS = (
					"$(inherited)",
					"@executable_path/Frameworks",
				);
				MARKETING_VERSION = 1.0;
				PRODUCT_BUNDLE_IDENTIFIER = co.Song.DrawingApp;
				PRODUCT_NAME = "$(TARGET_NAME)";
				SWIFT_EMIT_LOC_STRINGS = YES;
				SWIFT_VERSION = 5.0;
				TARGETED_DEVICE_FAMILY = 2;
			};
			name = Debug;
		};
		E481267427CCF8E100A3FFF6 /* Release */ = {
			isa = XCBuildConfiguration;
			buildSettings = {
				ASSETCATALOG_COMPILER_APPICON_NAME = AppIcon;
				ASSETCATALOG_COMPILER_GLOBAL_ACCENT_COLOR_NAME = AccentColor;
				CODE_SIGN_STYLE = Automatic;
				CURRENT_PROJECT_VERSION = 1;
				DEVELOPMENT_TEAM = FCQD35AW5P;
				GENERATE_INFOPLIST_FILE = YES;
				INFOPLIST_FILE = DrawingApp/Info.plist;
				INFOPLIST_KEY_UIApplicationSupportsIndirectInputEvents = YES;
				INFOPLIST_KEY_UILaunchStoryboardName = LaunchScreen;
				INFOPLIST_KEY_UIMainStoryboardFile = Main;
				INFOPLIST_KEY_UISupportedInterfaceOrientations_iPad = "UIInterfaceOrientationLandscapeLeft UIInterfaceOrientationLandscapeRight";
				INFOPLIST_KEY_UISupportedInterfaceOrientations_iPhone = "UIInterfaceOrientationPortrait UIInterfaceOrientationLandscapeLeft UIInterfaceOrientationLandscapeRight";
				LD_RUNPATH_SEARCH_PATHS = (
					"$(inherited)",
					"@executable_path/Frameworks",
				);
				MARKETING_VERSION = 1.0;
				PRODUCT_BUNDLE_IDENTIFIER = co.Song.DrawingApp;
				PRODUCT_NAME = "$(TARGET_NAME)";
				SWIFT_EMIT_LOC_STRINGS = YES;
				SWIFT_VERSION = 5.0;
				TARGETED_DEVICE_FAMILY = 2;
			};
			name = Release;
		};
		E4E8083F27CE0EBB00F4C062 /* Debug */ = {
			isa = XCBuildConfiguration;
			buildSettings = {
				BUNDLE_LOADER = "$(TEST_HOST)";
				CODE_SIGN_STYLE = Automatic;
				CURRENT_PROJECT_VERSION = 1;
				DEVELOPMENT_TEAM = FCQD35AW5P;
				GENERATE_INFOPLIST_FILE = YES;
				MARKETING_VERSION = 1.0;
				PRODUCT_BUNDLE_IDENTIFIER = co.Song.DrawingAppTests;
				PRODUCT_NAME = "$(TARGET_NAME)";
				SWIFT_EMIT_LOC_STRINGS = NO;
				SWIFT_VERSION = 5.0;
				TARGETED_DEVICE_FAMILY = "1,2";
				TEST_HOST = "$(BUILT_PRODUCTS_DIR)/DrawingApp.app/DrawingApp";
			};
			name = Debug;
		};
		E4E8084027CE0EBB00F4C062 /* Release */ = {
			isa = XCBuildConfiguration;
			buildSettings = {
				BUNDLE_LOADER = "$(TEST_HOST)";
				CODE_SIGN_STYLE = Automatic;
				CURRENT_PROJECT_VERSION = 1;
				DEVELOPMENT_TEAM = FCQD35AW5P;
				GENERATE_INFOPLIST_FILE = YES;
				MARKETING_VERSION = 1.0;
				PRODUCT_BUNDLE_IDENTIFIER = co.Song.DrawingAppTests;
				PRODUCT_NAME = "$(TARGET_NAME)";
				SWIFT_EMIT_LOC_STRINGS = NO;
				SWIFT_VERSION = 5.0;
				TARGETED_DEVICE_FAMILY = "1,2";
				TEST_HOST = "$(BUILT_PRODUCTS_DIR)/DrawingApp.app/DrawingApp";
			};
			name = Release;
		};
/* End XCBuildConfiguration section */

/* Begin XCConfigurationList section */
		E481265927CCF8E000A3FFF6 /* Build configuration list for PBXProject "DrawingApp" */ = {
			isa = XCConfigurationList;
			buildConfigurations = (
				E481267027CCF8E100A3FFF6 /* Debug */,
				E481267127CCF8E100A3FFF6 /* Release */,
			);
			defaultConfigurationIsVisible = 0;
			defaultConfigurationName = Release;
		};
		E481267227CCF8E100A3FFF6 /* Build configuration list for PBXNativeTarget "DrawingApp" */ = {
			isa = XCConfigurationList;
			buildConfigurations = (
				E481267327CCF8E100A3FFF6 /* Debug */,
				E481267427CCF8E100A3FFF6 /* Release */,
			);
			defaultConfigurationIsVisible = 0;
			defaultConfigurationName = Release;
		};
		E4E8083E27CE0EBB00F4C062 /* Build configuration list for PBXNativeTarget "DrawingAppTests" */ = {
			isa = XCConfigurationList;
			buildConfigurations = (
				E4E8083F27CE0EBB00F4C062 /* Debug */,
				E4E8084027CE0EBB00F4C062 /* Release */,
			);
			defaultConfigurationIsVisible = 0;
			defaultConfigurationName = Release;
		};
/* End XCConfigurationList section */
	};
	rootObject = E481265627CCF8E000A3FFF6 /* Project object */;
}
