// !$*UTF8*$!
{
	archiveVersion = 1;
	classes = {
	};
	objectVersion = 55;
	objects = {

/* Begin PBXBuildFile section */
		83450D5026F5ADE9002E5C24 /* PlaneView.swift in Sources */ = {isa = PBXBuildFile; fileRef = 83450D4F26F5ADE9002E5C24 /* PlaneView.swift */; };
		83450D5226F5CCF8002E5C24 /* UIColor+Extension.swift in Sources */ = {isa = PBXBuildFile; fileRef = 83450D5126F5CCF8002E5C24 /* UIColor+Extension.swift */; };
		83450D5426F5CD3D002E5C24 /* Picture.swift in Sources */ = {isa = PBXBuildFile; fileRef = 83450D5326F5CD3D002E5C24 /* Picture.swift */; };
		83450D5626F5CD43002E5C24 /* Drawing.swift in Sources */ = {isa = PBXBuildFile; fileRef = 83450D5526F5CD43002E5C24 /* Drawing.swift */; };
		83450D5826F5CD7F002E5C24 /* BaseRect.swift in Sources */ = {isa = PBXBuildFile; fileRef = 83450D5726F5CD7F002E5C24 /* BaseRect.swift */; };
		83450D5A26F5CDCE002E5C24 /* FigureFactory.swift in Sources */ = {isa = PBXBuildFile; fileRef = 83450D5926F5CDCE002E5C24 /* FigureFactory.swift */; };
		83450D5C26F5CFA6002E5C24 /* PropertyUsecase.swift in Sources */ = {isa = PBXBuildFile; fileRef = 83450D5B26F5CFA6002E5C24 /* PropertyUsecase.swift */; };
		83450D5E26F618AD002E5C24 /* ObjectListViewController.swift in Sources */ = {isa = PBXBuildFile; fileRef = 83450D5D26F618AD002E5C24 /* ObjectListViewController.swift */; };
		83450D6026F63AB8002E5C24 /* DrawingView.swift in Sources */ = {isa = PBXBuildFile; fileRef = 83450D5F26F63AB8002E5C24 /* DrawingView.swift */; };
		8390B22626F2346D008DDF56 /* AppDelegate.swift in Sources */ = {isa = PBXBuildFile; fileRef = 8390B22526F2346D008DDF56 /* AppDelegate.swift */; };
		8390B22826F2346D008DDF56 /* SceneDelegate.swift in Sources */ = {isa = PBXBuildFile; fileRef = 8390B22726F2346D008DDF56 /* SceneDelegate.swift */; };
		8390B22A26F2346D008DDF56 /* CanvasViewController.swift in Sources */ = {isa = PBXBuildFile; fileRef = 8390B22926F2346D008DDF56 /* CanvasViewController.swift */; };
		8390B22D26F2346D008DDF56 /* Main.storyboard in Resources */ = {isa = PBXBuildFile; fileRef = 8390B22B26F2346D008DDF56 /* Main.storyboard */; };
		8390B22F26F2346D008DDF56 /* Assets.xcassets in Resources */ = {isa = PBXBuildFile; fileRef = 8390B22E26F2346D008DDF56 /* Assets.xcassets */; };
		8390B23226F2346D008DDF56 /* LaunchScreen.storyboard in Resources */ = {isa = PBXBuildFile; fileRef = 8390B23026F2346D008DDF56 /* LaunchScreen.storyboard */; };
		8390B23D26F2346E008DDF56 /* CanvasAppTests.swift in Sources */ = {isa = PBXBuildFile; fileRef = 8390B23C26F2346E008DDF56 /* CanvasAppTests.swift */; };
		8390B24726F2346E008DDF56 /* CanvasAppUITests.swift in Sources */ = {isa = PBXBuildFile; fileRef = 8390B24626F2346E008DDF56 /* CanvasAppUITests.swift */; };
		8390B24926F2346E008DDF56 /* CanvasAppUITestsLaunchTests.swift in Sources */ = {isa = PBXBuildFile; fileRef = 8390B24826F2346E008DDF56 /* CanvasAppUITestsLaunchTests.swift */; };
		8390B25626F237DB008DDF56 /* Plane.swift in Sources */ = {isa = PBXBuildFile; fileRef = 8390B25526F237DB008DDF56 /* Plane.swift */; };
		8390B25C26F23810008DDF56 /* RectView.swift in Sources */ = {isa = PBXBuildFile; fileRef = 8390B25B26F23810008DDF56 /* RectView.swift */; };
		8390B25E26F2381D008DDF56 /* Rectangle.swift in Sources */ = {isa = PBXBuildFile; fileRef = 8390B25D26F2381D008DDF56 /* Rectangle.swift */; };
		8390B26126F4CDC6008DDF56 /* MakeUsecase.swift in Sources */ = {isa = PBXBuildFile; fileRef = 8390B26026F4CDC6008DDF56 /* MakeUsecase.swift */; };
		8390B26326F4D636008DDF56 /* ViewFactory.swift in Sources */ = {isa = PBXBuildFile; fileRef = 8390B26226F4D636008DDF56 /* ViewFactory.swift */; };
/* End PBXBuildFile section */

/* Begin PBXContainerItemProxy section */
		8390B23926F2346E008DDF56 /* PBXContainerItemProxy */ = {
			isa = PBXContainerItemProxy;
			containerPortal = 8390B21A26F2346D008DDF56 /* Project object */;
			proxyType = 1;
			remoteGlobalIDString = 8390B22126F2346D008DDF56;
			remoteInfo = CanvasApp;
		};
		8390B24326F2346E008DDF56 /* PBXContainerItemProxy */ = {
			isa = PBXContainerItemProxy;
			containerPortal = 8390B21A26F2346D008DDF56 /* Project object */;
			proxyType = 1;
			remoteGlobalIDString = 8390B22126F2346D008DDF56;
			remoteInfo = CanvasApp;
		};
/* End PBXContainerItemProxy section */

/* Begin PBXFileReference section */
		83450D4F26F5ADE9002E5C24 /* PlaneView.swift */ = {isa = PBXFileReference; lastKnownFileType = sourcecode.swift; path = PlaneView.swift; sourceTree = "<group>"; };
		83450D5126F5CCF8002E5C24 /* UIColor+Extension.swift */ = {isa = PBXFileReference; lastKnownFileType = sourcecode.swift; path = "UIColor+Extension.swift"; sourceTree = "<group>"; };
		83450D5326F5CD3D002E5C24 /* Picture.swift */ = {isa = PBXFileReference; lastKnownFileType = sourcecode.swift; path = Picture.swift; sourceTree = "<group>"; };
		83450D5526F5CD43002E5C24 /* Drawing.swift */ = {isa = PBXFileReference; lastKnownFileType = sourcecode.swift; path = Drawing.swift; sourceTree = "<group>"; };
		83450D5726F5CD7F002E5C24 /* BaseRect.swift */ = {isa = PBXFileReference; lastKnownFileType = sourcecode.swift; path = BaseRect.swift; sourceTree = "<group>"; };
		83450D5926F5CDCE002E5C24 /* FigureFactory.swift */ = {isa = PBXFileReference; lastKnownFileType = sourcecode.swift; path = FigureFactory.swift; sourceTree = "<group>"; };
		83450D5B26F5CFA6002E5C24 /* PropertyUsecase.swift */ = {isa = PBXFileReference; lastKnownFileType = sourcecode.swift; path = PropertyUsecase.swift; sourceTree = "<group>"; };
		83450D5D26F618AD002E5C24 /* ObjectListViewController.swift */ = {isa = PBXFileReference; lastKnownFileType = sourcecode.swift; path = ObjectListViewController.swift; sourceTree = "<group>"; };
		83450D5F26F63AB8002E5C24 /* DrawingView.swift */ = {isa = PBXFileReference; lastKnownFileType = sourcecode.swift; path = DrawingView.swift; sourceTree = "<group>"; };
		8390B22226F2346D008DDF56 /* CanvasApp.app */ = {isa = PBXFileReference; explicitFileType = wrapper.application; includeInIndex = 0; path = CanvasApp.app; sourceTree = BUILT_PRODUCTS_DIR; };
		8390B22526F2346D008DDF56 /* AppDelegate.swift */ = {isa = PBXFileReference; lastKnownFileType = sourcecode.swift; path = AppDelegate.swift; sourceTree = "<group>"; };
		8390B22726F2346D008DDF56 /* SceneDelegate.swift */ = {isa = PBXFileReference; lastKnownFileType = sourcecode.swift; path = SceneDelegate.swift; sourceTree = "<group>"; };
		8390B22926F2346D008DDF56 /* CanvasViewController.swift */ = {isa = PBXFileReference; lastKnownFileType = sourcecode.swift; path = CanvasViewController.swift; sourceTree = "<group>"; };
		8390B22C26F2346D008DDF56 /* Base */ = {isa = PBXFileReference; lastKnownFileType = file.storyboard; name = Base; path = Base.lproj/Main.storyboard; sourceTree = "<group>"; };
		8390B22E26F2346D008DDF56 /* Assets.xcassets */ = {isa = PBXFileReference; lastKnownFileType = folder.assetcatalog; path = Assets.xcassets; sourceTree = "<group>"; };
		8390B23126F2346D008DDF56 /* Base */ = {isa = PBXFileReference; lastKnownFileType = file.storyboard; name = Base; path = Base.lproj/LaunchScreen.storyboard; sourceTree = "<group>"; };
		8390B23326F2346D008DDF56 /* Info.plist */ = {isa = PBXFileReference; lastKnownFileType = text.plist.xml; path = Info.plist; sourceTree = "<group>"; };
		8390B23826F2346E008DDF56 /* CanvasAppTests.xctest */ = {isa = PBXFileReference; explicitFileType = wrapper.cfbundle; includeInIndex = 0; path = CanvasAppTests.xctest; sourceTree = BUILT_PRODUCTS_DIR; };
		8390B23C26F2346E008DDF56 /* CanvasAppTests.swift */ = {isa = PBXFileReference; lastKnownFileType = sourcecode.swift; path = CanvasAppTests.swift; sourceTree = "<group>"; };
		8390B24226F2346E008DDF56 /* CanvasAppUITests.xctest */ = {isa = PBXFileReference; explicitFileType = wrapper.cfbundle; includeInIndex = 0; path = CanvasAppUITests.xctest; sourceTree = BUILT_PRODUCTS_DIR; };
		8390B24626F2346E008DDF56 /* CanvasAppUITests.swift */ = {isa = PBXFileReference; lastKnownFileType = sourcecode.swift; path = CanvasAppUITests.swift; sourceTree = "<group>"; };
		8390B24826F2346E008DDF56 /* CanvasAppUITestsLaunchTests.swift */ = {isa = PBXFileReference; lastKnownFileType = sourcecode.swift; path = CanvasAppUITestsLaunchTests.swift; sourceTree = "<group>"; };
		8390B25526F237DB008DDF56 /* Plane.swift */ = {isa = PBXFileReference; lastKnownFileType = sourcecode.swift; path = Plane.swift; sourceTree = "<group>"; };
		8390B25B26F23810008DDF56 /* RectView.swift */ = {isa = PBXFileReference; lastKnownFileType = sourcecode.swift; path = RectView.swift; sourceTree = "<group>"; };
		8390B25D26F2381D008DDF56 /* Rectangle.swift */ = {isa = PBXFileReference; lastKnownFileType = sourcecode.swift; path = Rectangle.swift; sourceTree = "<group>"; };
		8390B26026F4CDC6008DDF56 /* MakeUsecase.swift */ = {isa = PBXFileReference; lastKnownFileType = sourcecode.swift; path = MakeUsecase.swift; sourceTree = "<group>"; };
		8390B26226F4D636008DDF56 /* ViewFactory.swift */ = {isa = PBXFileReference; lastKnownFileType = sourcecode.swift; path = ViewFactory.swift; sourceTree = "<group>"; };
/* End PBXFileReference section */

/* Begin PBXFrameworksBuildPhase section */
		8390B21F26F2346D008DDF56 /* Frameworks */ = {
			isa = PBXFrameworksBuildPhase;
			buildActionMask = 2147483647;
			files = (
			);
			runOnlyForDeploymentPostprocessing = 0;
		};
		8390B23526F2346E008DDF56 /* Frameworks */ = {
			isa = PBXFrameworksBuildPhase;
			buildActionMask = 2147483647;
			files = (
			);
			runOnlyForDeploymentPostprocessing = 0;
		};
		8390B23F26F2346E008DDF56 /* Frameworks */ = {
			isa = PBXFrameworksBuildPhase;
			buildActionMask = 2147483647;
			files = (
			);
			runOnlyForDeploymentPostprocessing = 0;
		};
/* End PBXFrameworksBuildPhase section */

/* Begin PBXGroup section */
		83450D6126F63B11002E5C24 /* UseCases */ = {
			isa = PBXGroup;
			children = (
				8390B26026F4CDC6008DDF56 /* MakeUsecase.swift */,
				83450D5B26F5CFA6002E5C24 /* PropertyUsecase.swift */,
			);
			path = UseCases;
			sourceTree = "<group>";
		};
		8390B21926F2346D008DDF56 = {
			isa = PBXGroup;
			children = (
				8390B22426F2346D008DDF56 /* CanvasApp */,
				8390B23B26F2346E008DDF56 /* CanvasAppTests */,
				8390B24526F2346E008DDF56 /* CanvasAppUITests */,
				8390B22326F2346D008DDF56 /* Products */,
			);
			sourceTree = "<group>";
		};
		8390B22326F2346D008DDF56 /* Products */ = {
			isa = PBXGroup;
			children = (
				8390B22226F2346D008DDF56 /* CanvasApp.app */,
				8390B23826F2346E008DDF56 /* CanvasAppTests.xctest */,
				8390B24226F2346E008DDF56 /* CanvasAppUITests.xctest */,
			);
			name = Products;
			sourceTree = "<group>";
		};
		8390B22426F2346D008DDF56 /* CanvasApp */ = {
			isa = PBXGroup;
			children = (
				8390B25F26F4CA42008DDF56 /* AppDelegate */,
				8390B25A26F237F6008DDF56 /* View */,
				8390B25726F237E5008DDF56 /* Model */,
				83450D6126F63B11002E5C24 /* UseCases */,
				8390B22926F2346D008DDF56 /* CanvasViewController.swift */,
				83450D5D26F618AD002E5C24 /* ObjectListViewController.swift */,
				8390B22B26F2346D008DDF56 /* Main.storyboard */,
				8390B22E26F2346D008DDF56 /* Assets.xcassets */,
				8390B23026F2346D008DDF56 /* LaunchScreen.storyboard */,
				8390B23326F2346D008DDF56 /* Info.plist */,
			);
			path = CanvasApp;
			sourceTree = "<group>";
		};
		8390B23B26F2346E008DDF56 /* CanvasAppTests */ = {
			isa = PBXGroup;
			children = (
				8390B23C26F2346E008DDF56 /* CanvasAppTests.swift */,
			);
			path = CanvasAppTests;
			sourceTree = "<group>";
		};
		8390B24526F2346E008DDF56 /* CanvasAppUITests */ = {
			isa = PBXGroup;
			children = (
				8390B24626F2346E008DDF56 /* CanvasAppUITests.swift */,
				8390B24826F2346E008DDF56 /* CanvasAppUITestsLaunchTests.swift */,
			);
			path = CanvasAppUITests;
			sourceTree = "<group>";
		};
		8390B25726F237E5008DDF56 /* Model */ = {
			isa = PBXGroup;
			children = (
				8390B25526F237DB008DDF56 /* Plane.swift */,
				83450D5926F5CDCE002E5C24 /* FigureFactory.swift */,
				83450D5726F5CD7F002E5C24 /* BaseRect.swift */,
				8390B25D26F2381D008DDF56 /* Rectangle.swift */,
				83450D5326F5CD3D002E5C24 /* Picture.swift */,
				83450D5526F5CD43002E5C24 /* Drawing.swift */,
			);
			path = Model;
			sourceTree = "<group>";
		};
		8390B25A26F237F6008DDF56 /* View */ = {
			isa = PBXGroup;
			children = (
				8390B25B26F23810008DDF56 /* RectView.swift */,
				83450D5F26F63AB8002E5C24 /* DrawingView.swift */,
				8390B26226F4D636008DDF56 /* ViewFactory.swift */,
				83450D4F26F5ADE9002E5C24 /* PlaneView.swift */,
				83450D5126F5CCF8002E5C24 /* UIColor+Extension.swift */,
			);
			path = View;
			sourceTree = "<group>";
		};
		8390B25F26F4CA42008DDF56 /* AppDelegate */ = {
			isa = PBXGroup;
			children = (
				8390B22526F2346D008DDF56 /* AppDelegate.swift */,
				8390B22726F2346D008DDF56 /* SceneDelegate.swift */,
			);
			path = AppDelegate;
			sourceTree = "<group>";
		};
/* End PBXGroup section */

/* Begin PBXNativeTarget section */
		8390B22126F2346D008DDF56 /* CanvasApp */ = {
			isa = PBXNativeTarget;
			buildConfigurationList = 8390B24C26F2346E008DDF56 /* Build configuration list for PBXNativeTarget "CanvasApp" */;
			buildPhases = (
				8390B21E26F2346D008DDF56 /* Sources */,
				8390B21F26F2346D008DDF56 /* Frameworks */,
				8390B22026F2346D008DDF56 /* Resources */,
			);
			buildRules = (
			);
			dependencies = (
			);
			name = CanvasApp;
			productName = CanvasApp;
			productReference = 8390B22226F2346D008DDF56 /* CanvasApp.app */;
			productType = "com.apple.product-type.application";
		};
		8390B23726F2346E008DDF56 /* CanvasAppTests */ = {
			isa = PBXNativeTarget;
			buildConfigurationList = 8390B24F26F2346E008DDF56 /* Build configuration list for PBXNativeTarget "CanvasAppTests" */;
			buildPhases = (
				8390B23426F2346E008DDF56 /* Sources */,
				8390B23526F2346E008DDF56 /* Frameworks */,
				8390B23626F2346E008DDF56 /* Resources */,
			);
			buildRules = (
			);
			dependencies = (
				8390B23A26F2346E008DDF56 /* PBXTargetDependency */,
			);
			name = CanvasAppTests;
			productName = CanvasAppTests;
			productReference = 8390B23826F2346E008DDF56 /* CanvasAppTests.xctest */;
			productType = "com.apple.product-type.bundle.unit-test";
		};
		8390B24126F2346E008DDF56 /* CanvasAppUITests */ = {
			isa = PBXNativeTarget;
			buildConfigurationList = 8390B25226F2346E008DDF56 /* Build configuration list for PBXNativeTarget "CanvasAppUITests" */;
			buildPhases = (
				8390B23E26F2346E008DDF56 /* Sources */,
				8390B23F26F2346E008DDF56 /* Frameworks */,
				8390B24026F2346E008DDF56 /* Resources */,
			);
			buildRules = (
			);
			dependencies = (
				8390B24426F2346E008DDF56 /* PBXTargetDependency */,
			);
			name = CanvasAppUITests;
			productName = CanvasAppUITests;
			productReference = 8390B24226F2346E008DDF56 /* CanvasAppUITests.xctest */;
			productType = "com.apple.product-type.bundle.ui-testing";
		};
/* End PBXNativeTarget section */

/* Begin PBXProject section */
		8390B21A26F2346D008DDF56 /* Project object */ = {
			isa = PBXProject;
			attributes = {
				BuildIndependentTargetsInParallel = 1;
				LastSwiftUpdateCheck = 1300;
				LastUpgradeCheck = 1300;
				TargetAttributes = {
					8390B22126F2346D008DDF56 = {
						CreatedOnToolsVersion = 13.0;
					};
					8390B23726F2346E008DDF56 = {
						CreatedOnToolsVersion = 13.0;
						TestTargetID = 8390B22126F2346D008DDF56;
					};
					8390B24126F2346E008DDF56 = {
						CreatedOnToolsVersion = 13.0;
						TestTargetID = 8390B22126F2346D008DDF56;
					};
				};
			};
			buildConfigurationList = 8390B21D26F2346D008DDF56 /* Build configuration list for PBXProject "CanvasApp" */;
			compatibilityVersion = "Xcode 13.0";
			developmentRegion = en;
			hasScannedForEncodings = 0;
			knownRegions = (
				en,
				Base,
			);
			mainGroup = 8390B21926F2346D008DDF56;
			productRefGroup = 8390B22326F2346D008DDF56 /* Products */;
			projectDirPath = "";
			projectRoot = "";
			targets = (
				8390B22126F2346D008DDF56 /* CanvasApp */,
				8390B23726F2346E008DDF56 /* CanvasAppTests */,
				8390B24126F2346E008DDF56 /* CanvasAppUITests */,
			);
		};
/* End PBXProject section */

/* Begin PBXResourcesBuildPhase section */
		8390B22026F2346D008DDF56 /* Resources */ = {
			isa = PBXResourcesBuildPhase;
			buildActionMask = 2147483647;
			files = (
				8390B23226F2346D008DDF56 /* LaunchScreen.storyboard in Resources */,
				8390B22F26F2346D008DDF56 /* Assets.xcassets in Resources */,
				8390B22D26F2346D008DDF56 /* Main.storyboard in Resources */,
			);
			runOnlyForDeploymentPostprocessing = 0;
		};
		8390B23626F2346E008DDF56 /* Resources */ = {
			isa = PBXResourcesBuildPhase;
			buildActionMask = 2147483647;
			files = (
			);
			runOnlyForDeploymentPostprocessing = 0;
		};
		8390B24026F2346E008DDF56 /* Resources */ = {
			isa = PBXResourcesBuildPhase;
			buildActionMask = 2147483647;
			files = (
			);
			runOnlyForDeploymentPostprocessing = 0;
		};
/* End PBXResourcesBuildPhase section */

/* Begin PBXSourcesBuildPhase section */
		8390B21E26F2346D008DDF56 /* Sources */ = {
			isa = PBXSourcesBuildPhase;
			buildActionMask = 2147483647;
			files = (
				83450D5826F5CD7F002E5C24 /* BaseRect.swift in Sources */,
				8390B25C26F23810008DDF56 /* RectView.swift in Sources */,
				83450D5C26F5CFA6002E5C24 /* PropertyUsecase.swift in Sources */,
				8390B22A26F2346D008DDF56 /* CanvasViewController.swift in Sources */,
				8390B22626F2346D008DDF56 /* AppDelegate.swift in Sources */,
				83450D5426F5CD3D002E5C24 /* Picture.swift in Sources */,
				8390B26126F4CDC6008DDF56 /* MakeUsecase.swift in Sources */,
				83450D5026F5ADE9002E5C24 /* PlaneView.swift in Sources */,
				8390B25E26F2381D008DDF56 /* Rectangle.swift in Sources */,
				83450D5A26F5CDCE002E5C24 /* FigureFactory.swift in Sources */,
				8390B25626F237DB008DDF56 /* Plane.swift in Sources */,
				83450D5E26F618AD002E5C24 /* ObjectListViewController.swift in Sources */,
				83450D5626F5CD43002E5C24 /* Drawing.swift in Sources */,
				83450D6026F63AB8002E5C24 /* DrawingView.swift in Sources */,
				8390B22826F2346D008DDF56 /* SceneDelegate.swift in Sources */,
				8390B26326F4D636008DDF56 /* ViewFactory.swift in Sources */,
				83450D5226F5CCF8002E5C24 /* UIColor+Extension.swift in Sources */,
			);
			runOnlyForDeploymentPostprocessing = 0;
		};
		8390B23426F2346E008DDF56 /* Sources */ = {
			isa = PBXSourcesBuildPhase;
			buildActionMask = 2147483647;
			files = (
				8390B23D26F2346E008DDF56 /* CanvasAppTests.swift in Sources */,
			);
			runOnlyForDeploymentPostprocessing = 0;
		};
		8390B23E26F2346E008DDF56 /* Sources */ = {
			isa = PBXSourcesBuildPhase;
			buildActionMask = 2147483647;
			files = (
				8390B24926F2346E008DDF56 /* CanvasAppUITestsLaunchTests.swift in Sources */,
				8390B24726F2346E008DDF56 /* CanvasAppUITests.swift in Sources */,
			);
			runOnlyForDeploymentPostprocessing = 0;
		};
/* End PBXSourcesBuildPhase section */

/* Begin PBXTargetDependency section */
		8390B23A26F2346E008DDF56 /* PBXTargetDependency */ = {
			isa = PBXTargetDependency;
			target = 8390B22126F2346D008DDF56 /* CanvasApp */;
			targetProxy = 8390B23926F2346E008DDF56 /* PBXContainerItemProxy */;
		};
		8390B24426F2346E008DDF56 /* PBXTargetDependency */ = {
			isa = PBXTargetDependency;
			target = 8390B22126F2346D008DDF56 /* CanvasApp */;
			targetProxy = 8390B24326F2346E008DDF56 /* PBXContainerItemProxy */;
		};
/* End PBXTargetDependency section */

/* Begin PBXVariantGroup section */
		8390B22B26F2346D008DDF56 /* Main.storyboard */ = {
			isa = PBXVariantGroup;
			children = (
				8390B22C26F2346D008DDF56 /* Base */,
			);
			name = Main.storyboard;
			sourceTree = "<group>";
		};
		8390B23026F2346D008DDF56 /* LaunchScreen.storyboard */ = {
			isa = PBXVariantGroup;
			children = (
				8390B23126F2346D008DDF56 /* Base */,
			);
			name = LaunchScreen.storyboard;
			sourceTree = "<group>";
		};
/* End PBXVariantGroup section */

/* Begin XCBuildConfiguration section */
		8390B24A26F2346E008DDF56 /* Debug */ = {
			isa = XCBuildConfiguration;
			buildSettings = {
				ALWAYS_SEARCH_USER_PATHS = NO;
				CLANG_ANALYZER_NONNULL = YES;
				CLANG_ANALYZER_NUMBER_OBJECT_CONVERSION = YES_AGGRESSIVE;
				CLANG_CXX_LANGUAGE_STANDARD = "gnu++17";
				CLANG_CXX_LIBRARY = "libc++";
				CLANG_ENABLE_MODULES = YES;
				CLANG_ENABLE_OBJC_ARC = YES;
				CLANG_ENABLE_OBJC_WEAK = YES;
				CLANG_WARN_BLOCK_CAPTURE_AUTORELEASING = YES;
				CLANG_WARN_BOOL_CONVERSION = YES;
				CLANG_WARN_COMMA = YES;
				CLANG_WARN_CONSTANT_CONVERSION = YES;
				CLANG_WARN_DEPRECATED_OBJC_IMPLEMENTATIONS = YES;
				CLANG_WARN_DIRECT_OBJC_ISA_USAGE = YES_ERROR;
				CLANG_WARN_DOCUMENTATION_COMMENTS = YES;
				CLANG_WARN_EMPTY_BODY = YES;
				CLANG_WARN_ENUM_CONVERSION = YES;
				CLANG_WARN_INFINITE_RECURSION = YES;
				CLANG_WARN_INT_CONVERSION = YES;
				CLANG_WARN_NON_LITERAL_NULL_CONVERSION = YES;
				CLANG_WARN_OBJC_IMPLICIT_RETAIN_SELF = YES;
				CLANG_WARN_OBJC_LITERAL_CONVERSION = YES;
				CLANG_WARN_OBJC_ROOT_CLASS = YES_ERROR;
				CLANG_WARN_QUOTED_INCLUDE_IN_FRAMEWORK_HEADER = YES;
				CLANG_WARN_RANGE_LOOP_ANALYSIS = YES;
				CLANG_WARN_STRICT_PROTOTYPES = YES;
				CLANG_WARN_SUSPICIOUS_MOVE = YES;
				CLANG_WARN_UNGUARDED_AVAILABILITY = YES_AGGRESSIVE;
				CLANG_WARN_UNREACHABLE_CODE = YES;
				CLANG_WARN__DUPLICATE_METHOD_MATCH = YES;
				COPY_PHASE_STRIP = NO;
				DEBUG_INFORMATION_FORMAT = dwarf;
				ENABLE_STRICT_OBJC_MSGSEND = YES;
				ENABLE_TESTABILITY = YES;
				GCC_C_LANGUAGE_STANDARD = gnu11;
				GCC_DYNAMIC_NO_PIC = NO;
				GCC_NO_COMMON_BLOCKS = YES;
				GCC_OPTIMIZATION_LEVEL = 0;
				GCC_PREPROCESSOR_DEFINITIONS = (
					"DEBUG=1",
					"$(inherited)",
				);
				GCC_WARN_64_TO_32_BIT_CONVERSION = YES;
				GCC_WARN_ABOUT_RETURN_TYPE = YES_ERROR;
				GCC_WARN_UNDECLARED_SELECTOR = YES;
				GCC_WARN_UNINITIALIZED_AUTOS = YES_AGGRESSIVE;
				GCC_WARN_UNUSED_FUNCTION = YES;
				GCC_WARN_UNUSED_VARIABLE = YES;
				IPHONEOS_DEPLOYMENT_TARGET = 14.0;
				MTL_ENABLE_DEBUG_INFO = INCLUDE_SOURCE;
				MTL_FAST_MATH = YES;
				ONLY_ACTIVE_ARCH = YES;
				SDKROOT = iphoneos;
				SWIFT_ACTIVE_COMPILATION_CONDITIONS = DEBUG;
				SWIFT_OPTIMIZATION_LEVEL = "-Onone";
			};
			name = Debug;
		};
		8390B24B26F2346E008DDF56 /* Release */ = {
			isa = XCBuildConfiguration;
			buildSettings = {
				ALWAYS_SEARCH_USER_PATHS = NO;
				CLANG_ANALYZER_NONNULL = YES;
				CLANG_ANALYZER_NUMBER_OBJECT_CONVERSION = YES_AGGRESSIVE;
				CLANG_CXX_LANGUAGE_STANDARD = "gnu++17";
				CLANG_CXX_LIBRARY = "libc++";
				CLANG_ENABLE_MODULES = YES;
				CLANG_ENABLE_OBJC_ARC = YES;
				CLANG_ENABLE_OBJC_WEAK = YES;
				CLANG_WARN_BLOCK_CAPTURE_AUTORELEASING = YES;
				CLANG_WARN_BOOL_CONVERSION = YES;
				CLANG_WARN_COMMA = YES;
				CLANG_WARN_CONSTANT_CONVERSION = YES;
				CLANG_WARN_DEPRECATED_OBJC_IMPLEMENTATIONS = YES;
				CLANG_WARN_DIRECT_OBJC_ISA_USAGE = YES_ERROR;
				CLANG_WARN_DOCUMENTATION_COMMENTS = YES;
				CLANG_WARN_EMPTY_BODY = YES;
				CLANG_WARN_ENUM_CONVERSION = YES;
				CLANG_WARN_INFINITE_RECURSION = YES;
				CLANG_WARN_INT_CONVERSION = YES;
				CLANG_WARN_NON_LITERAL_NULL_CONVERSION = YES;
				CLANG_WARN_OBJC_IMPLICIT_RETAIN_SELF = YES;
				CLANG_WARN_OBJC_LITERAL_CONVERSION = YES;
				CLANG_WARN_OBJC_ROOT_CLASS = YES_ERROR;
				CLANG_WARN_QUOTED_INCLUDE_IN_FRAMEWORK_HEADER = YES;
				CLANG_WARN_RANGE_LOOP_ANALYSIS = YES;
				CLANG_WARN_STRICT_PROTOTYPES = YES;
				CLANG_WARN_SUSPICIOUS_MOVE = YES;
				CLANG_WARN_UNGUARDED_AVAILABILITY = YES_AGGRESSIVE;
				CLANG_WARN_UNREACHABLE_CODE = YES;
				CLANG_WARN__DUPLICATE_METHOD_MATCH = YES;
				COPY_PHASE_STRIP = NO;
				DEBUG_INFORMATION_FORMAT = "dwarf-with-dsym";
				ENABLE_NS_ASSERTIONS = NO;
				ENABLE_STRICT_OBJC_MSGSEND = YES;
				GCC_C_LANGUAGE_STANDARD = gnu11;
				GCC_NO_COMMON_BLOCKS = YES;
				GCC_WARN_64_TO_32_BIT_CONVERSION = YES;
				GCC_WARN_ABOUT_RETURN_TYPE = YES_ERROR;
				GCC_WARN_UNDECLARED_SELECTOR = YES;
				GCC_WARN_UNINITIALIZED_AUTOS = YES_AGGRESSIVE;
				GCC_WARN_UNUSED_FUNCTION = YES;
				GCC_WARN_UNUSED_VARIABLE = YES;
				IPHONEOS_DEPLOYMENT_TARGET = 14.0;
				MTL_ENABLE_DEBUG_INFO = NO;
				MTL_FAST_MATH = YES;
				SDKROOT = iphoneos;
				SWIFT_COMPILATION_MODE = wholemodule;
				SWIFT_OPTIMIZATION_LEVEL = "-O";
				VALIDATE_PRODUCT = YES;
			};
			name = Release;
		};
		8390B24D26F2346E008DDF56 /* Debug */ = {
			isa = XCBuildConfiguration;
			buildSettings = {
				ASSETCATALOG_COMPILER_APPICON_NAME = AppIcon;
				ASSETCATALOG_COMPILER_GLOBAL_ACCENT_COLOR_NAME = AccentColor;
				CODE_SIGN_STYLE = Automatic;
				CURRENT_PROJECT_VERSION = 1;
				DEVELOPMENT_TEAM = B3PWYBKFUK;
				GENERATE_INFOPLIST_FILE = YES;
				INFOPLIST_FILE = CanvasApp/Info.plist;
				INFOPLIST_KEY_NSPhotoLibraryUsageDescription = "앨범에 접근하려고 합니다";
				INFOPLIST_KEY_UIApplicationSupportsIndirectInputEvents = YES;
				INFOPLIST_KEY_UILaunchStoryboardName = LaunchScreen;
				INFOPLIST_KEY_UIMainStoryboardFile = Main;
				INFOPLIST_KEY_UISupportedInterfaceOrientations_iPad = "UIInterfaceOrientationLandscapeLeft UIInterfaceOrientationLandscapeRight";
				INFOPLIST_KEY_UISupportedInterfaceOrientations_iPhone = "UIInterfaceOrientationPortrait UIInterfaceOrientationLandscapeLeft UIInterfaceOrientationLandscapeRight";
				LD_RUNPATH_SEARCH_PATHS = (
					"$(inherited)",
					"@executable_path/Frameworks",
				);
				MARKETING_VERSION = 1.0;
				PRODUCT_BUNDLE_IDENTIFIER = kr.codesquad.CanvasApp;
				PRODUCT_NAME = "$(TARGET_NAME)";
				SWIFT_EMIT_LOC_STRINGS = YES;
				SWIFT_VERSION = 5.0;
				TARGETED_DEVICE_FAMILY = 2;
			};
			name = Debug;
		};
		8390B24E26F2346E008DDF56 /* Release */ = {
			isa = XCBuildConfiguration;
			buildSettings = {
				ASSETCATALOG_COMPILER_APPICON_NAME = AppIcon;
				ASSETCATALOG_COMPILER_GLOBAL_ACCENT_COLOR_NAME = AccentColor;
				CODE_SIGN_STYLE = Automatic;
				CURRENT_PROJECT_VERSION = 1;
				DEVELOPMENT_TEAM = B3PWYBKFUK;
				GENERATE_INFOPLIST_FILE = YES;
				INFOPLIST_FILE = CanvasApp/Info.plist;
				INFOPLIST_KEY_NSPhotoLibraryUsageDescription = "앨범에 접근하려고 합니다";
				INFOPLIST_KEY_UIApplicationSupportsIndirectInputEvents = YES;
				INFOPLIST_KEY_UILaunchStoryboardName = LaunchScreen;
				INFOPLIST_KEY_UIMainStoryboardFile = Main;
				INFOPLIST_KEY_UISupportedInterfaceOrientations_iPad = "UIInterfaceOrientationLandscapeLeft UIInterfaceOrientationLandscapeRight";
				INFOPLIST_KEY_UISupportedInterfaceOrientations_iPhone = "UIInterfaceOrientationPortrait UIInterfaceOrientationLandscapeLeft UIInterfaceOrientationLandscapeRight";
				LD_RUNPATH_SEARCH_PATHS = (
					"$(inherited)",
					"@executable_path/Frameworks",
				);
				MARKETING_VERSION = 1.0;
				PRODUCT_BUNDLE_IDENTIFIER = kr.codesquad.CanvasApp;
				PRODUCT_NAME = "$(TARGET_NAME)";
				SWIFT_EMIT_LOC_STRINGS = YES;
				SWIFT_VERSION = 5.0;
				TARGETED_DEVICE_FAMILY = 2;
			};
			name = Release;
		};
		8390B25026F2346E008DDF56 /* Debug */ = {
			isa = XCBuildConfiguration;
			buildSettings = {
				ALWAYS_EMBED_SWIFT_STANDARD_LIBRARIES = YES;
				BUNDLE_LOADER = "$(TEST_HOST)";
				CODE_SIGN_STYLE = Automatic;
				CURRENT_PROJECT_VERSION = 1;
				DEVELOPMENT_TEAM = B3PWYBKFUK;
				GENERATE_INFOPLIST_FILE = YES;
				IPHONEOS_DEPLOYMENT_TARGET = 15.0;
				LD_RUNPATH_SEARCH_PATHS = (
					"$(inherited)",
					"@executable_path/Frameworks",
					"@loader_path/Frameworks",
				);
				MARKETING_VERSION = 1.0;
				PRODUCT_BUNDLE_IDENTIFIER = kr.codesquad.CanvasAppTests;
				PRODUCT_NAME = "$(TARGET_NAME)";
				SWIFT_EMIT_LOC_STRINGS = NO;
				SWIFT_VERSION = 5.0;
				TARGETED_DEVICE_FAMILY = "1,2";
				TEST_HOST = "$(BUILT_PRODUCTS_DIR)/CanvasApp.app/CanvasApp";
			};
			name = Debug;
		};
		8390B25126F2346E008DDF56 /* Release */ = {
			isa = XCBuildConfiguration;
			buildSettings = {
				ALWAYS_EMBED_SWIFT_STANDARD_LIBRARIES = YES;
				BUNDLE_LOADER = "$(TEST_HOST)";
				CODE_SIGN_STYLE = Automatic;
				CURRENT_PROJECT_VERSION = 1;
				DEVELOPMENT_TEAM = B3PWYBKFUK;
				GENERATE_INFOPLIST_FILE = YES;
				IPHONEOS_DEPLOYMENT_TARGET = 15.0;
				LD_RUNPATH_SEARCH_PATHS = (
					"$(inherited)",
					"@executable_path/Frameworks",
					"@loader_path/Frameworks",
				);
				MARKETING_VERSION = 1.0;
				PRODUCT_BUNDLE_IDENTIFIER = kr.codesquad.CanvasAppTests;
				PRODUCT_NAME = "$(TARGET_NAME)";
				SWIFT_EMIT_LOC_STRINGS = NO;
				SWIFT_VERSION = 5.0;
				TARGETED_DEVICE_FAMILY = "1,2";
				TEST_HOST = "$(BUILT_PRODUCTS_DIR)/CanvasApp.app/CanvasApp";
			};
			name = Release;
		};
		8390B25326F2346E008DDF56 /* Debug */ = {
			isa = XCBuildConfiguration;
			buildSettings = {
				ALWAYS_EMBED_SWIFT_STANDARD_LIBRARIES = YES;
				CODE_SIGN_STYLE = Automatic;
				CURRENT_PROJECT_VERSION = 1;
				DEVELOPMENT_TEAM = B3PWYBKFUK;
				GENERATE_INFOPLIST_FILE = YES;
				LD_RUNPATH_SEARCH_PATHS = (
					"$(inherited)",
					"@executable_path/Frameworks",
					"@loader_path/Frameworks",
				);
				MARKETING_VERSION = 1.0;
				PRODUCT_BUNDLE_IDENTIFIER = kr.codesquad.CanvasAppUITests;
				PRODUCT_NAME = "$(TARGET_NAME)";
				SWIFT_EMIT_LOC_STRINGS = NO;
				SWIFT_VERSION = 5.0;
				TARGETED_DEVICE_FAMILY = "1,2";
				TEST_TARGET_NAME = CanvasApp;
			};
			name = Debug;
		};
		8390B25426F2346E008DDF56 /* Release */ = {
			isa = XCBuildConfiguration;
			buildSettings = {
				ALWAYS_EMBED_SWIFT_STANDARD_LIBRARIES = YES;
				CODE_SIGN_STYLE = Automatic;
				CURRENT_PROJECT_VERSION = 1;
				DEVELOPMENT_TEAM = B3PWYBKFUK;
				GENERATE_INFOPLIST_FILE = YES;
				LD_RUNPATH_SEARCH_PATHS = (
					"$(inherited)",
					"@executable_path/Frameworks",
					"@loader_path/Frameworks",
				);
				MARKETING_VERSION = 1.0;
				PRODUCT_BUNDLE_IDENTIFIER = kr.codesquad.CanvasAppUITests;
				PRODUCT_NAME = "$(TARGET_NAME)";
				SWIFT_EMIT_LOC_STRINGS = NO;
				SWIFT_VERSION = 5.0;
				TARGETED_DEVICE_FAMILY = "1,2";
				TEST_TARGET_NAME = CanvasApp;
			};
			name = Release;
		};
/* End XCBuildConfiguration section */

/* Begin XCConfigurationList section */
		8390B21D26F2346D008DDF56 /* Build configuration list for PBXProject "CanvasApp" */ = {
			isa = XCConfigurationList;
			buildConfigurations = (
				8390B24A26F2346E008DDF56 /* Debug */,
				8390B24B26F2346E008DDF56 /* Release */,
			);
			defaultConfigurationIsVisible = 0;
			defaultConfigurationName = Release;
		};
		8390B24C26F2346E008DDF56 /* Build configuration list for PBXNativeTarget "CanvasApp" */ = {
			isa = XCConfigurationList;
			buildConfigurations = (
				8390B24D26F2346E008DDF56 /* Debug */,
				8390B24E26F2346E008DDF56 /* Release */,
			);
			defaultConfigurationIsVisible = 0;
			defaultConfigurationName = Release;
		};
		8390B24F26F2346E008DDF56 /* Build configuration list for PBXNativeTarget "CanvasAppTests" */ = {
			isa = XCConfigurationList;
			buildConfigurations = (
				8390B25026F2346E008DDF56 /* Debug */,
				8390B25126F2346E008DDF56 /* Release */,
			);
			defaultConfigurationIsVisible = 0;
			defaultConfigurationName = Release;
		};
		8390B25226F2346E008DDF56 /* Build configuration list for PBXNativeTarget "CanvasAppUITests" */ = {
			isa = XCConfigurationList;
			buildConfigurations = (
				8390B25326F2346E008DDF56 /* Debug */,
				8390B25426F2346E008DDF56 /* Release */,
			);
			defaultConfigurationIsVisible = 0;
			defaultConfigurationName = Release;
		};
/* End XCConfigurationList section */
	};
	rootObject = 8390B21A26F2346D008DDF56 /* Project object */;
}
