// !$*UTF8*$!
{
	archiveVersion = 1;
	classes = {
	};
	objectVersion = 55;
	objects = {

/* Begin PBXBuildFile section */
		D24BDFF727D6567B006FB721 /* UIColorSilderDelegate.swift in Sources */ = {isa = PBXBuildFile; fileRef = D24BDFF627D6567B006FB721 /* UIColorSilderDelegate.swift */; };
		D254096827DB168C003F574C /* Plane.swift in Sources */ = {isa = PBXBuildFile; fileRef = D254096727DB168C003F574C /* Plane.swift */; };
		D255615A27CEFA4700B4F9D7 /* MyPoint.swift in Sources */ = {isa = PBXBuildFile; fileRef = D255615927CEFA4700B4F9D7 /* MyPoint.swift */; };
		D255615C27CEFA5C00B4F9D7 /* RGBColor.swift in Sources */ = {isa = PBXBuildFile; fileRef = D255615B27CEFA5C00B4F9D7 /* RGBColor.swift */; };
		D255615E27CEFA7000B4F9D7 /* Alpha.swift in Sources */ = {isa = PBXBuildFile; fileRef = D255615D27CEFA7000B4F9D7 /* Alpha.swift */; };
		D255616127CF003000B4F9D7 /* IDFactory.swift in Sources */ = {isa = PBXBuildFile; fileRef = D255616027CF003000B4F9D7 /* IDFactory.swift */; };
		D255617127CF42A000B4F9D7 /* RightAttributerView.swift in Sources */ = {isa = PBXBuildFile; fileRef = D255617027CF42A000B4F9D7 /* RightAttributerView.swift */; };
		D255617327CF492F00B4F9D7 /* RectangleView.swift in Sources */ = {isa = PBXBuildFile; fileRef = D255617227CF492F00B4F9D7 /* RectangleView.swift */; };
		D255617C27CFBB8F00B4F9D7 /* PlaneTest.swift in Sources */ = {isa = PBXBuildFile; fileRef = D255617B27CFBB8F00B4F9D7 /* PlaneTest.swift */; };
		D258493E27DEDF6500B32D95 /* ViewDragable.swift in Sources */ = {isa = PBXBuildFile; fileRef = D258493D27DEDF6500B32D95 /* ViewDragable.swift */; };
		D258494227DF34B200B32D95 /* CustomViewFactory.swift in Sources */ = {isa = PBXBuildFile; fileRef = D258494127DF34B100B32D95 /* CustomViewFactory.swift */; };
		D26D915727CC67E8007507AE /* MySize.swift in Sources */ = {isa = PBXBuildFile; fileRef = D26D915627CC67E8007507AE /* MySize.swift */; };
		D26D915927CC6D87007507AE /* RectangleFactory.swift in Sources */ = {isa = PBXBuildFile; fileRef = D26D915827CC6D87007507AE /* RectangleFactory.swift */; };
		D26D916327CD03B0007507AE /* RectangleTest.swift in Sources */ = {isa = PBXBuildFile; fileRef = D26D916227CD03B0007507AE /* RectangleTest.swift */; };
		D26D916B27CD08C6007507AE /* RectangleFactoryTest.swift in Sources */ = {isa = PBXBuildFile; fileRef = D26D916A27CD08C6007507AE /* RectangleFactoryTest.swift */; };
		D27017D427D84F4E003A591B /* RectValue.swift in Sources */ = {isa = PBXBuildFile; fileRef = D27017D327D84F4E003A591B /* RectValue.swift */; };
		D273EADE27CC5C6500DCDF78 /* AppDelegate.swift in Sources */ = {isa = PBXBuildFile; fileRef = D273EADD27CC5C6500DCDF78 /* AppDelegate.swift */; };
		D273EAE027CC5C6500DCDF78 /* SceneDelegate.swift in Sources */ = {isa = PBXBuildFile; fileRef = D273EADF27CC5C6500DCDF78 /* SceneDelegate.swift */; };
		D273EAE227CC5C6500DCDF78 /* MainViewController.swift in Sources */ = {isa = PBXBuildFile; fileRef = D273EAE127CC5C6500DCDF78 /* MainViewController.swift */; };
		D273EAE527CC5C6500DCDF78 /* Main.storyboard in Resources */ = {isa = PBXBuildFile; fileRef = D273EAE327CC5C6500DCDF78 /* Main.storyboard */; };
		D273EAE727CC5C6600DCDF78 /* Assets.xcassets in Resources */ = {isa = PBXBuildFile; fileRef = D273EAE627CC5C6600DCDF78 /* Assets.xcassets */; };
		D273EAEA27CC5C6600DCDF78 /* LaunchScreen.storyboard in Resources */ = {isa = PBXBuildFile; fileRef = D273EAE827CC5C6600DCDF78 /* LaunchScreen.storyboard */; };
		D273EAF327CC5DA000DCDF78 /* Rectangle.swift in Sources */ = {isa = PBXBuildFile; fileRef = D273EAF227CC5DA000DCDF78 /* Rectangle.swift */; };
		D285468E27D73F430040488F /* Image.swift in Sources */ = {isa = PBXBuildFile; fileRef = D285468D27D73F430040488F /* Image.swift */; };
		D285469027D744A30040488F /* ImageView.swift in Sources */ = {isa = PBXBuildFile; fileRef = D285468F27D744A30040488F /* ImageView.swift */; };
		D285469227D7818F0040488F /* ImageTest.swift in Sources */ = {isa = PBXBuildFile; fileRef = D285469127D7818F0040488F /* ImageTest.swift */; };
		D285469527D7851C0040488F /* MyImage.swift in Sources */ = {isa = PBXBuildFile; fileRef = D285469427D7851C0040488F /* MyImage.swift */; };
		D285469927D79F580040488F /* ImagePlaneTest.swift in Sources */ = {isa = PBXBuildFile; fileRef = D285469827D79F580040488F /* ImagePlaneTest.swift */; };
/* End PBXBuildFile section */

/* Begin PBXContainerItemProxy section */
		D26D916427CD03B0007507AE /* PBXContainerItemProxy */ = {
			isa = PBXContainerItemProxy;
			containerPortal = D273EAD227CC5C6500DCDF78 /* Project object */;
			proxyType = 1;
			remoteGlobalIDString = D273EAD927CC5C6500DCDF78;
			remoteInfo = DrawingApp;
		};
/* End PBXContainerItemProxy section */

/* Begin PBXFileReference section */
		D24BDFF627D6567B006FB721 /* UIColorSilderDelegate.swift */ = {isa = PBXFileReference; lastKnownFileType = sourcecode.swift; path = UIColorSilderDelegate.swift; sourceTree = "<group>"; };
		D254096727DB168C003F574C /* Plane.swift */ = {isa = PBXFileReference; lastKnownFileType = sourcecode.swift; path = Plane.swift; sourceTree = "<group>"; };
		D255615927CEFA4700B4F9D7 /* MyPoint.swift */ = {isa = PBXFileReference; lastKnownFileType = sourcecode.swift; path = MyPoint.swift; sourceTree = "<group>"; };
		D255615B27CEFA5C00B4F9D7 /* RGBColor.swift */ = {isa = PBXFileReference; lastKnownFileType = sourcecode.swift; path = RGBColor.swift; sourceTree = "<group>"; };
		D255615D27CEFA7000B4F9D7 /* Alpha.swift */ = {isa = PBXFileReference; lastKnownFileType = sourcecode.swift; path = Alpha.swift; sourceTree = "<group>"; };
		D255616027CF003000B4F9D7 /* IDFactory.swift */ = {isa = PBXFileReference; lastKnownFileType = sourcecode.swift; path = IDFactory.swift; sourceTree = "<group>"; };
		D255617027CF42A000B4F9D7 /* RightAttributerView.swift */ = {isa = PBXFileReference; lastKnownFileType = sourcecode.swift; path = RightAttributerView.swift; sourceTree = "<group>"; };
		D255617227CF492F00B4F9D7 /* RectangleView.swift */ = {isa = PBXFileReference; lastKnownFileType = sourcecode.swift; path = RectangleView.swift; sourceTree = "<group>"; };
		D255617B27CFBB8F00B4F9D7 /* PlaneTest.swift */ = {isa = PBXFileReference; lastKnownFileType = sourcecode.swift; path = PlaneTest.swift; sourceTree = "<group>"; };
		D258493D27DEDF6500B32D95 /* ViewDragable.swift */ = {isa = PBXFileReference; lastKnownFileType = sourcecode.swift; path = ViewDragable.swift; sourceTree = "<group>"; };
		D258494127DF34B100B32D95 /* CustomViewFactory.swift */ = {isa = PBXFileReference; lastKnownFileType = sourcecode.swift; path = CustomViewFactory.swift; sourceTree = "<group>"; };
		D26D915627CC67E8007507AE /* MySize.swift */ = {isa = PBXFileReference; lastKnownFileType = sourcecode.swift; path = MySize.swift; sourceTree = "<group>"; };
		D26D915827CC6D87007507AE /* RectangleFactory.swift */ = {isa = PBXFileReference; lastKnownFileType = sourcecode.swift; path = RectangleFactory.swift; sourceTree = "<group>"; };
		D26D916027CD03B0007507AE /* RectangleTest.xctest */ = {isa = PBXFileReference; explicitFileType = wrapper.cfbundle; includeInIndex = 0; path = RectangleTest.xctest; sourceTree = BUILT_PRODUCTS_DIR; };
		D26D916227CD03B0007507AE /* RectangleTest.swift */ = {isa = PBXFileReference; lastKnownFileType = sourcecode.swift; path = RectangleTest.swift; sourceTree = "<group>"; };
		D26D916A27CD08C6007507AE /* RectangleFactoryTest.swift */ = {isa = PBXFileReference; lastKnownFileType = sourcecode.swift; path = RectangleFactoryTest.swift; sourceTree = "<group>"; };
		D27017D327D84F4E003A591B /* RectValue.swift */ = {isa = PBXFileReference; lastKnownFileType = sourcecode.swift; path = RectValue.swift; sourceTree = "<group>"; };
		D273EADA27CC5C6500DCDF78 /* DrawingApp.app */ = {isa = PBXFileReference; explicitFileType = wrapper.application; includeInIndex = 0; path = DrawingApp.app; sourceTree = BUILT_PRODUCTS_DIR; };
		D273EADD27CC5C6500DCDF78 /* AppDelegate.swift */ = {isa = PBXFileReference; lastKnownFileType = sourcecode.swift; path = AppDelegate.swift; sourceTree = "<group>"; };
		D273EADF27CC5C6500DCDF78 /* SceneDelegate.swift */ = {isa = PBXFileReference; lastKnownFileType = sourcecode.swift; path = SceneDelegate.swift; sourceTree = "<group>"; };
		D273EAE127CC5C6500DCDF78 /* MainViewController.swift */ = {isa = PBXFileReference; lastKnownFileType = sourcecode.swift; path = MainViewController.swift; sourceTree = "<group>"; };
		D273EAE427CC5C6500DCDF78 /* Base */ = {isa = PBXFileReference; lastKnownFileType = file.storyboard; name = Base; path = Base.lproj/Main.storyboard; sourceTree = "<group>"; };
		D273EAE627CC5C6600DCDF78 /* Assets.xcassets */ = {isa = PBXFileReference; lastKnownFileType = folder.assetcatalog; path = Assets.xcassets; sourceTree = "<group>"; };
		D273EAE927CC5C6600DCDF78 /* Base */ = {isa = PBXFileReference; lastKnownFileType = file.storyboard; name = Base; path = Base.lproj/LaunchScreen.storyboard; sourceTree = "<group>"; };
		D273EAEB27CC5C6600DCDF78 /* Info.plist */ = {isa = PBXFileReference; lastKnownFileType = text.plist.xml; path = Info.plist; sourceTree = "<group>"; };
		D273EAF227CC5DA000DCDF78 /* Rectangle.swift */ = {isa = PBXFileReference; lastKnownFileType = sourcecode.swift; path = Rectangle.swift; sourceTree = "<group>"; };
		D285468D27D73F430040488F /* Image.swift */ = {isa = PBXFileReference; lastKnownFileType = sourcecode.swift; path = Image.swift; sourceTree = "<group>"; };
		D285468F27D744A30040488F /* ImageView.swift */ = {isa = PBXFileReference; lastKnownFileType = sourcecode.swift; path = ImageView.swift; sourceTree = "<group>"; };
		D285469127D7818F0040488F /* ImageTest.swift */ = {isa = PBXFileReference; lastKnownFileType = sourcecode.swift; path = ImageTest.swift; sourceTree = "<group>"; };
		D285469427D7851C0040488F /* MyImage.swift */ = {isa = PBXFileReference; lastKnownFileType = sourcecode.swift; path = MyImage.swift; sourceTree = "<group>"; };
		D285469827D79F580040488F /* ImagePlaneTest.swift */ = {isa = PBXFileReference; lastKnownFileType = sourcecode.swift; path = ImagePlaneTest.swift; sourceTree = "<group>"; };
/* End PBXFileReference section */

/* Begin PBXFrameworksBuildPhase section */
		D26D915D27CD03B0007507AE /* Frameworks */ = {
			isa = PBXFrameworksBuildPhase;
			buildActionMask = 2147483647;
			files = (
			);
			runOnlyForDeploymentPostprocessing = 0;
		};
		D273EAD727CC5C6500DCDF78 /* Frameworks */ = {
			isa = PBXFrameworksBuildPhase;
			buildActionMask = 2147483647;
			files = (
			);
			runOnlyForDeploymentPostprocessing = 0;
		};
/* End PBXFrameworksBuildPhase section */

/* Begin PBXGroup section */
		D24BDFF527D65669006FB721 /* Delegate */ = {
			isa = PBXGroup;
			children = (
				D24BDFF627D6567B006FB721 /* UIColorSilderDelegate.swift */,
			);
			path = Delegate;
			sourceTree = "<group>";
		};
		D254096627DAE307003F574C /* Plane */ = {
			isa = PBXGroup;
			children = (
				D254096727DB168C003F574C /* Plane.swift */,
			);
			path = Plane;
			sourceTree = "<group>";
		};
		D255615827CEFA1200B4F9D7 /* Attributes */ = {
			isa = PBXGroup;
			children = (
				D285469427D7851C0040488F /* MyImage.swift */,
				D26D915627CC67E8007507AE /* MySize.swift */,
				D255615927CEFA4700B4F9D7 /* MyPoint.swift */,
				D255615B27CEFA5C00B4F9D7 /* RGBColor.swift */,
				D255615D27CEFA7000B4F9D7 /* Alpha.swift */,
			);
			path = Attributes;
			sourceTree = "<group>";
		};
		D255615F27CF000300B4F9D7 /* Values */ = {
			isa = PBXGroup;
			children = (
				D27017D327D84F4E003A591B /* RectValue.swift */,
				D273EAF227CC5DA000DCDF78 /* Rectangle.swift */,
				D285468D27D73F430040488F /* Image.swift */,
			);
			path = Values;
			sourceTree = "<group>";
		};
		D255616F27CF429500B4F9D7 /* View */ = {
			isa = PBXGroup;
			children = (
				D255617027CF42A000B4F9D7 /* RightAttributerView.swift */,
				D255617227CF492F00B4F9D7 /* RectangleView.swift */,
				D285468F27D744A30040488F /* ImageView.swift */,
				D258493C27DEDEFF00B32D95 /* Protocol */,
				D24BDFF527D65669006FB721 /* Delegate */,
			);
			path = View;
			sourceTree = "<group>";
		};
		D255617427CF53D000B4F9D7 /* VC */ = {
			isa = PBXGroup;
			children = (
				D273EAE127CC5C6500DCDF78 /* MainViewController.swift */,
			);
			path = VC;
			sourceTree = "<group>";
		};
		D258493C27DEDEFF00B32D95 /* Protocol */ = {
			isa = PBXGroup;
			children = (
				D258493D27DEDF6500B32D95 /* ViewDragable.swift */,
			);
			path = Protocol;
			sourceTree = "<group>";
		};
		D26D916127CD03B0007507AE /* RectangleTest */ = {
			isa = PBXGroup;
			children = (
				D26D916227CD03B0007507AE /* RectangleTest.swift */,
				D26D916A27CD08C6007507AE /* RectangleFactoryTest.swift */,
				D255617B27CFBB8F00B4F9D7 /* PlaneTest.swift */,
			);
			path = RectangleTest;
			sourceTree = "<group>";
		};
		D273EAD127CC5C6500DCDF78 = {
			isa = PBXGroup;
			children = (
				D273EADC27CC5C6500DCDF78 /* DrawingApp */,
				D285469327D781970040488F /* ImageTest */,
				D26D916127CD03B0007507AE /* RectangleTest */,
				D273EADB27CC5C6500DCDF78 /* Products */,
			);
			sourceTree = "<group>";
		};
		D273EADB27CC5C6500DCDF78 /* Products */ = {
			isa = PBXGroup;
			children = (
				D273EADA27CC5C6500DCDF78 /* DrawingApp.app */,
				D26D916027CD03B0007507AE /* RectangleTest.xctest */,
			);
			name = Products;
			sourceTree = "<group>";
		};
		D273EADC27CC5C6500DCDF78 /* DrawingApp */ = {
			isa = PBXGroup;
			children = (
				D255617427CF53D000B4F9D7 /* VC */,
				D255616F27CF429500B4F9D7 /* View */,
				D273EAF127CC5D8600DCDF78 /* Model */,
				D273EADD27CC5C6500DCDF78 /* AppDelegate.swift */,
				D273EADF27CC5C6500DCDF78 /* SceneDelegate.swift */,
				D273EAE327CC5C6500DCDF78 /* Main.storyboard */,
				D273EAE627CC5C6600DCDF78 /* Assets.xcassets */,
				D273EAE827CC5C6600DCDF78 /* LaunchScreen.storyboard */,
				D273EAEB27CC5C6600DCDF78 /* Info.plist */,
			);
			path = DrawingApp;
			sourceTree = "<group>";
		};
		D273EAF127CC5D8600DCDF78 /* Model */ = {
			isa = PBXGroup;
			children = (
				D254096627DAE307003F574C /* Plane */,
				D292CE5E27D0FADA0063658A /* Factory */,
				D255615F27CF000300B4F9D7 /* Values */,
				D255615827CEFA1200B4F9D7 /* Attributes */,
			);
			path = Model;
			sourceTree = "<group>";
		};
		D285469327D781970040488F /* ImageTest */ = {
			isa = PBXGroup;
			children = (
				D285469127D7818F0040488F /* ImageTest.swift */,
				D285469827D79F580040488F /* ImagePlaneTest.swift */,
			);
			path = ImageTest;
			sourceTree = "<group>";
		};
		D292CE5E27D0FADA0063658A /* Factory */ = {
			isa = PBXGroup;
			children = (
				D255616027CF003000B4F9D7 /* IDFactory.swift */,
				D26D915827CC6D87007507AE /* RectangleFactory.swift */,
				D258494127DF34B100B32D95 /* CustomViewFactory.swift */,
			);
			path = Factory;
			sourceTree = "<group>";
		};
/* End PBXGroup section */

/* Begin PBXNativeTarget section */
		D26D915F27CD03B0007507AE /* RectangleTest */ = {
			isa = PBXNativeTarget;
			buildConfigurationList = D26D916627CD03B0007507AE /* Build configuration list for PBXNativeTarget "RectangleTest" */;
			buildPhases = (
				D26D915C27CD03B0007507AE /* Sources */,
				D26D915D27CD03B0007507AE /* Frameworks */,
				D26D915E27CD03B0007507AE /* Resources */,
			);
			buildRules = (
			);
			dependencies = (
				D26D916527CD03B0007507AE /* PBXTargetDependency */,
			);
			name = RectangleTest;
			productName = RectangleTest;
			productReference = D26D916027CD03B0007507AE /* RectangleTest.xctest */;
			productType = "com.apple.product-type.bundle.unit-test";
		};
		D273EAD927CC5C6500DCDF78 /* DrawingApp */ = {
			isa = PBXNativeTarget;
			buildConfigurationList = D273EAEE27CC5C6600DCDF78 /* Build configuration list for PBXNativeTarget "DrawingApp" */;
			buildPhases = (
				D273EAD627CC5C6500DCDF78 /* Sources */,
				D273EAD727CC5C6500DCDF78 /* Frameworks */,
				D273EAD827CC5C6500DCDF78 /* Resources */,
			);
			buildRules = (
			);
			dependencies = (
			);
			name = DrawingApp;
			productName = DrawingApp;
			productReference = D273EADA27CC5C6500DCDF78 /* DrawingApp.app */;
			productType = "com.apple.product-type.application";
		};
/* End PBXNativeTarget section */

/* Begin PBXProject section */
		D273EAD227CC5C6500DCDF78 /* Project object */ = {
			isa = PBXProject;
			attributes = {
				BuildIndependentTargetsInParallel = 1;
				LastSwiftUpdateCheck = 1320;
				LastUpgradeCheck = 1320;
				TargetAttributes = {
					D26D915F27CD03B0007507AE = {
						CreatedOnToolsVersion = 13.2.1;
						TestTargetID = D273EAD927CC5C6500DCDF78;
					};
					D273EAD927CC5C6500DCDF78 = {
						CreatedOnToolsVersion = 13.2.1;
					};
				};
			};
			buildConfigurationList = D273EAD527CC5C6500DCDF78 /* Build configuration list for PBXProject "DrawingApp" */;
			compatibilityVersion = "Xcode 13.0";
			developmentRegion = en;
			hasScannedForEncodings = 0;
			knownRegions = (
				en,
				Base,
			);
			mainGroup = D273EAD127CC5C6500DCDF78;
			productRefGroup = D273EADB27CC5C6500DCDF78 /* Products */;
			projectDirPath = "";
			projectRoot = "";
			targets = (
				D273EAD927CC5C6500DCDF78 /* DrawingApp */,
				D26D915F27CD03B0007507AE /* RectangleTest */,
			);
		};
/* End PBXProject section */

/* Begin PBXResourcesBuildPhase section */
		D26D915E27CD03B0007507AE /* Resources */ = {
			isa = PBXResourcesBuildPhase;
			buildActionMask = 2147483647;
			files = (
			);
			runOnlyForDeploymentPostprocessing = 0;
		};
		D273EAD827CC5C6500DCDF78 /* Resources */ = {
			isa = PBXResourcesBuildPhase;
			buildActionMask = 2147483647;
			files = (
				D273EAEA27CC5C6600DCDF78 /* LaunchScreen.storyboard in Resources */,
				D273EAE727CC5C6600DCDF78 /* Assets.xcassets in Resources */,
				D273EAE527CC5C6500DCDF78 /* Main.storyboard in Resources */,
			);
			runOnlyForDeploymentPostprocessing = 0;
		};
/* End PBXResourcesBuildPhase section */

/* Begin PBXSourcesBuildPhase section */
		D26D915C27CD03B0007507AE /* Sources */ = {
			isa = PBXSourcesBuildPhase;
			buildActionMask = 2147483647;
			files = (
				D26D916B27CD08C6007507AE /* RectangleFactoryTest.swift in Sources */,
				D285469227D7818F0040488F /* ImageTest.swift in Sources */,
				D285469927D79F580040488F /* ImagePlaneTest.swift in Sources */,
				D255617C27CFBB8F00B4F9D7 /* PlaneTest.swift in Sources */,
				D26D916327CD03B0007507AE /* RectangleTest.swift in Sources */,
			);
			runOnlyForDeploymentPostprocessing = 0;
		};
		D273EAD627CC5C6500DCDF78 /* Sources */ = {
			isa = PBXSourcesBuildPhase;
			buildActionMask = 2147483647;
			files = (
				D255615C27CEFA5C00B4F9D7 /* RGBColor.swift in Sources */,
				D255616127CF003000B4F9D7 /* IDFactory.swift in Sources */,
				D27017D427D84F4E003A591B /* RectValue.swift in Sources */,
				D24BDFF727D6567B006FB721 /* UIColorSilderDelegate.swift in Sources */,
				D255615A27CEFA4700B4F9D7 /* MyPoint.swift in Sources */,
				D255617327CF492F00B4F9D7 /* RectangleView.swift in Sources */,
				D285468E27D73F430040488F /* Image.swift in Sources */,
				D255617127CF42A000B4F9D7 /* RightAttributerView.swift in Sources */,
				D258494227DF34B200B32D95 /* CustomViewFactory.swift in Sources */,
				D273EAE227CC5C6500DCDF78 /* MainViewController.swift in Sources */,
				D285469027D744A30040488F /* ImageView.swift in Sources */,
				D285469527D7851C0040488F /* MyImage.swift in Sources */,
				D273EADE27CC5C6500DCDF78 /* AppDelegate.swift in Sources */,
				D26D915927CC6D87007507AE /* RectangleFactory.swift in Sources */,
				D254096827DB168C003F574C /* Plane.swift in Sources */,
				D255615E27CEFA7000B4F9D7 /* Alpha.swift in Sources */,
				D273EAE027CC5C6500DCDF78 /* SceneDelegate.swift in Sources */,
				D26D915727CC67E8007507AE /* MySize.swift in Sources */,
				D258493E27DEDF6500B32D95 /* ViewDragable.swift in Sources */,
				D273EAF327CC5DA000DCDF78 /* Rectangle.swift in Sources */,
			);
			runOnlyForDeploymentPostprocessing = 0;
		};
/* End PBXSourcesBuildPhase section */

/* Begin PBXTargetDependency section */
		D26D916527CD03B0007507AE /* PBXTargetDependency */ = {
			isa = PBXTargetDependency;
			target = D273EAD927CC5C6500DCDF78 /* DrawingApp */;
			targetProxy = D26D916427CD03B0007507AE /* PBXContainerItemProxy */;
		};
/* End PBXTargetDependency section */

/* Begin PBXVariantGroup section */
		D273EAE327CC5C6500DCDF78 /* Main.storyboard */ = {
			isa = PBXVariantGroup;
			children = (
				D273EAE427CC5C6500DCDF78 /* Base */,
			);
			name = Main.storyboard;
			sourceTree = "<group>";
		};
		D273EAE827CC5C6600DCDF78 /* LaunchScreen.storyboard */ = {
			isa = PBXVariantGroup;
			children = (
				D273EAE927CC5C6600DCDF78 /* Base */,
			);
			name = LaunchScreen.storyboard;
			sourceTree = "<group>";
		};
/* End PBXVariantGroup section */

/* Begin XCBuildConfiguration section */
		D26D916727CD03B0007507AE /* Debug */ = {
			isa = XCBuildConfiguration;
			buildSettings = {
				BUNDLE_LOADER = "$(TEST_HOST)";
				CODE_SIGN_STYLE = Automatic;
				CURRENT_PROJECT_VERSION = 1;
				DEVELOPMENT_TEAM = Q646ABLXY6;
				GENERATE_INFOPLIST_FILE = YES;
				MARKETING_VERSION = 1.0;
				PRODUCT_BUNDLE_IDENTIFIER = com.codesquad.RectangleTest;
				PRODUCT_NAME = "$(TARGET_NAME)";
				SWIFT_EMIT_LOC_STRINGS = NO;
				SWIFT_VERSION = 5.0;
				TARGETED_DEVICE_FAMILY = "1,2";
				TEST_HOST = "$(BUILT_PRODUCTS_DIR)/DrawingApp.app/DrawingApp";
			};
			name = Debug;
		};
		D26D916827CD03B0007507AE /* Release */ = {
			isa = XCBuildConfiguration;
			buildSettings = {
				BUNDLE_LOADER = "$(TEST_HOST)";
				CODE_SIGN_STYLE = Automatic;
				CURRENT_PROJECT_VERSION = 1;
				DEVELOPMENT_TEAM = Q646ABLXY6;
				GENERATE_INFOPLIST_FILE = YES;
				MARKETING_VERSION = 1.0;
				PRODUCT_BUNDLE_IDENTIFIER = com.codesquad.RectangleTest;
				PRODUCT_NAME = "$(TARGET_NAME)";
				SWIFT_EMIT_LOC_STRINGS = NO;
				SWIFT_VERSION = 5.0;
				TARGETED_DEVICE_FAMILY = "1,2";
				TEST_HOST = "$(BUILT_PRODUCTS_DIR)/DrawingApp.app/DrawingApp";
			};
			name = Release;
		};
		D273EAEC27CC5C6600DCDF78 /* Debug */ = {
			isa = XCBuildConfiguration;
			buildSettings = {
				ALWAYS_SEARCH_USER_PATHS = NO;
				CLANG_ANALYZER_NONNULL = YES;
				CLANG_ANALYZER_NUMBER_OBJECT_CONVERSION = YES_AGGRESSIVE;
				CLANG_CXX_LANGUAGE_STANDARD = "gnu++17";
				CLANG_CXX_LIBRARY = "libc++";
				CLANG_ENABLE_MODULES = YES;
				CLANG_ENABLE_OBJC_ARC = YES;
				CLANG_ENABLE_OBJC_WEAK = YES;
				CLANG_WARN_BLOCK_CAPTURE_AUTORELEASING = YES;
				CLANG_WARN_BOOL_CONVERSION = YES;
				CLANG_WARN_COMMA = YES;
				CLANG_WARN_CONSTANT_CONVERSION = YES;
				CLANG_WARN_DEPRECATED_OBJC_IMPLEMENTATIONS = YES;
				CLANG_WARN_DIRECT_OBJC_ISA_USAGE = YES_ERROR;
				CLANG_WARN_DOCUMENTATION_COMMENTS = YES;
				CLANG_WARN_EMPTY_BODY = YES;
				CLANG_WARN_ENUM_CONVERSION = YES;
				CLANG_WARN_INFINITE_RECURSION = YES;
				CLANG_WARN_INT_CONVERSION = YES;
				CLANG_WARN_NON_LITERAL_NULL_CONVERSION = YES;
				CLANG_WARN_OBJC_IMPLICIT_RETAIN_SELF = YES;
				CLANG_WARN_OBJC_LITERAL_CONVERSION = YES;
				CLANG_WARN_OBJC_ROOT_CLASS = YES_ERROR;
				CLANG_WARN_QUOTED_INCLUDE_IN_FRAMEWORK_HEADER = YES;
				CLANG_WARN_RANGE_LOOP_ANALYSIS = YES;
				CLANG_WARN_STRICT_PROTOTYPES = YES;
				CLANG_WARN_SUSPICIOUS_MOVE = YES;
				CLANG_WARN_UNGUARDED_AVAILABILITY = YES_AGGRESSIVE;
				CLANG_WARN_UNREACHABLE_CODE = YES;
				CLANG_WARN__DUPLICATE_METHOD_MATCH = YES;
				COPY_PHASE_STRIP = NO;
				DEBUG_INFORMATION_FORMAT = dwarf;
				ENABLE_STRICT_OBJC_MSGSEND = YES;
				ENABLE_TESTABILITY = YES;
				GCC_C_LANGUAGE_STANDARD = gnu11;
				GCC_DYNAMIC_NO_PIC = NO;
				GCC_NO_COMMON_BLOCKS = YES;
				GCC_OPTIMIZATION_LEVEL = 0;
				GCC_PREPROCESSOR_DEFINITIONS = (
					"DEBUG=1",
					"$(inherited)",
				);
				GCC_WARN_64_TO_32_BIT_CONVERSION = YES;
				GCC_WARN_ABOUT_RETURN_TYPE = YES_ERROR;
				GCC_WARN_UNDECLARED_SELECTOR = YES;
				GCC_WARN_UNINITIALIZED_AUTOS = YES_AGGRESSIVE;
				GCC_WARN_UNUSED_FUNCTION = YES;
				GCC_WARN_UNUSED_VARIABLE = YES;
				IPHONEOS_DEPLOYMENT_TARGET = 15.2;
				MTL_ENABLE_DEBUG_INFO = INCLUDE_SOURCE;
				MTL_FAST_MATH = YES;
				ONLY_ACTIVE_ARCH = YES;
				SDKROOT = iphoneos;
				SWIFT_ACTIVE_COMPILATION_CONDITIONS = DEBUG;
				SWIFT_OPTIMIZATION_LEVEL = "-Onone";
			};
			name = Debug;
		};
		D273EAED27CC5C6600DCDF78 /* Release */ = {
			isa = XCBuildConfiguration;
			buildSettings = {
				ALWAYS_SEARCH_USER_PATHS = NO;
				CLANG_ANALYZER_NONNULL = YES;
				CLANG_ANALYZER_NUMBER_OBJECT_CONVERSION = YES_AGGRESSIVE;
				CLANG_CXX_LANGUAGE_STANDARD = "gnu++17";
				CLANG_CXX_LIBRARY = "libc++";
				CLANG_ENABLE_MODULES = YES;
				CLANG_ENABLE_OBJC_ARC = YES;
				CLANG_ENABLE_OBJC_WEAK = YES;
				CLANG_WARN_BLOCK_CAPTURE_AUTORELEASING = YES;
				CLANG_WARN_BOOL_CONVERSION = YES;
				CLANG_WARN_COMMA = YES;
				CLANG_WARN_CONSTANT_CONVERSION = YES;
				CLANG_WARN_DEPRECATED_OBJC_IMPLEMENTATIONS = YES;
				CLANG_WARN_DIRECT_OBJC_ISA_USAGE = YES_ERROR;
				CLANG_WARN_DOCUMENTATION_COMMENTS = YES;
				CLANG_WARN_EMPTY_BODY = YES;
				CLANG_WARN_ENUM_CONVERSION = YES;
				CLANG_WARN_INFINITE_RECURSION = YES;
				CLANG_WARN_INT_CONVERSION = YES;
				CLANG_WARN_NON_LITERAL_NULL_CONVERSION = YES;
				CLANG_WARN_OBJC_IMPLICIT_RETAIN_SELF = YES;
				CLANG_WARN_OBJC_LITERAL_CONVERSION = YES;
				CLANG_WARN_OBJC_ROOT_CLASS = YES_ERROR;
				CLANG_WARN_QUOTED_INCLUDE_IN_FRAMEWORK_HEADER = YES;
				CLANG_WARN_RANGE_LOOP_ANALYSIS = YES;
				CLANG_WARN_STRICT_PROTOTYPES = YES;
				CLANG_WARN_SUSPICIOUS_MOVE = YES;
				CLANG_WARN_UNGUARDED_AVAILABILITY = YES_AGGRESSIVE;
				CLANG_WARN_UNREACHABLE_CODE = YES;
				CLANG_WARN__DUPLICATE_METHOD_MATCH = YES;
				COPY_PHASE_STRIP = NO;
				DEBUG_INFORMATION_FORMAT = "dwarf-with-dsym";
				ENABLE_NS_ASSERTIONS = NO;
				ENABLE_STRICT_OBJC_MSGSEND = YES;
				GCC_C_LANGUAGE_STANDARD = gnu11;
				GCC_NO_COMMON_BLOCKS = YES;
				GCC_WARN_64_TO_32_BIT_CONVERSION = YES;
				GCC_WARN_ABOUT_RETURN_TYPE = YES_ERROR;
				GCC_WARN_UNDECLARED_SELECTOR = YES;
				GCC_WARN_UNINITIALIZED_AUTOS = YES_AGGRESSIVE;
				GCC_WARN_UNUSED_FUNCTION = YES;
				GCC_WARN_UNUSED_VARIABLE = YES;
				IPHONEOS_DEPLOYMENT_TARGET = 15.2;
				MTL_ENABLE_DEBUG_INFO = NO;
				MTL_FAST_MATH = YES;
				SDKROOT = iphoneos;
				SWIFT_COMPILATION_MODE = wholemodule;
				SWIFT_OPTIMIZATION_LEVEL = "-O";
				VALIDATE_PRODUCT = YES;
			};
			name = Release;
		};
		D273EAEF27CC5C6600DCDF78 /* Debug */ = {
			isa = XCBuildConfiguration;
			buildSettings = {
				ASSETCATALOG_COMPILER_APPICON_NAME = AppIcon;
				ASSETCATALOG_COMPILER_GLOBAL_ACCENT_COLOR_NAME = AccentColor;
				CODE_SIGN_STYLE = Automatic;
				CURRENT_PROJECT_VERSION = 1;
				DEVELOPMENT_TEAM = Q646ABLXY6;
				GENERATE_INFOPLIST_FILE = YES;
				INFOPLIST_FILE = DrawingApp/Info.plist;
				INFOPLIST_KEY_UIApplicationSupportsIndirectInputEvents = YES;
				INFOPLIST_KEY_UILaunchStoryboardName = LaunchScreen;
				INFOPLIST_KEY_UIMainStoryboardFile = Main;
				INFOPLIST_KEY_UISupportedInterfaceOrientations = "UIInterfaceOrientationLandscapeLeft UIInterfaceOrientationLandscapeRight";
				INFOPLIST_KEY_UISupportedInterfaceOrientations_iPad = "UIInterfaceOrientationLandscapeLeft UIInterfaceOrientationLandscapeRight";
				INFOPLIST_KEY_UISupportedInterfaceOrientations_iPhone = "UIInterfaceOrientationPortrait UIInterfaceOrientationLandscapeLeft UIInterfaceOrientationLandscapeRight";
				LD_RUNPATH_SEARCH_PATHS = (
					"$(inherited)",
					"@executable_path/Frameworks",
				);
				MARKETING_VERSION = 1.0;
				PRODUCT_BUNDLE_IDENTIFIER = com.codesquad.DrawingApp;
				PRODUCT_NAME = "$(TARGET_NAME)";
				SWIFT_EMIT_LOC_STRINGS = YES;
				SWIFT_VERSION = 5.0;
				TARGETED_DEVICE_FAMILY = 2;
			};
			name = Debug;
		};
		D273EAF027CC5C6600DCDF78 /* Release */ = {
			isa = XCBuildConfiguration;
			buildSettings = {
				ASSETCATALOG_COMPILER_APPICON_NAME = AppIcon;
				ASSETCATALOG_COMPILER_GLOBAL_ACCENT_COLOR_NAME = AccentColor;
				CODE_SIGN_STYLE = Automatic;
				CURRENT_PROJECT_VERSION = 1;
				DEVELOPMENT_TEAM = Q646ABLXY6;
				GENERATE_INFOPLIST_FILE = YES;
				INFOPLIST_FILE = DrawingApp/Info.plist;
				INFOPLIST_KEY_UIApplicationSupportsIndirectInputEvents = YES;
				INFOPLIST_KEY_UILaunchStoryboardName = LaunchScreen;
				INFOPLIST_KEY_UIMainStoryboardFile = Main;
				INFOPLIST_KEY_UISupportedInterfaceOrientations = "UIInterfaceOrientationLandscapeLeft UIInterfaceOrientationLandscapeRight";
				INFOPLIST_KEY_UISupportedInterfaceOrientations_iPad = "UIInterfaceOrientationLandscapeLeft UIInterfaceOrientationLandscapeRight";
				INFOPLIST_KEY_UISupportedInterfaceOrientations_iPhone = "UIInterfaceOrientationPortrait UIInterfaceOrientationLandscapeLeft UIInterfaceOrientationLandscapeRight";
				LD_RUNPATH_SEARCH_PATHS = (
					"$(inherited)",
					"@executable_path/Frameworks",
				);
				MARKETING_VERSION = 1.0;
				PRODUCT_BUNDLE_IDENTIFIER = com.codesquad.DrawingApp;
				PRODUCT_NAME = "$(TARGET_NAME)";
				SWIFT_EMIT_LOC_STRINGS = YES;
				SWIFT_VERSION = 5.0;
				TARGETED_DEVICE_FAMILY = 2;
			};
			name = Release;
		};
/* End XCBuildConfiguration section */

/* Begin XCConfigurationList section */
		D26D916627CD03B0007507AE /* Build configuration list for PBXNativeTarget "RectangleTest" */ = {
			isa = XCConfigurationList;
			buildConfigurations = (
				D26D916727CD03B0007507AE /* Debug */,
				D26D916827CD03B0007507AE /* Release */,
			);
			defaultConfigurationIsVisible = 0;
			defaultConfigurationName = Release;
		};
		D273EAD527CC5C6500DCDF78 /* Build configuration list for PBXProject "DrawingApp" */ = {
			isa = XCConfigurationList;
			buildConfigurations = (
				D273EAEC27CC5C6600DCDF78 /* Debug */,
				D273EAED27CC5C6600DCDF78 /* Release */,
			);
			defaultConfigurationIsVisible = 0;
			defaultConfigurationName = Release;
		};
		D273EAEE27CC5C6600DCDF78 /* Build configuration list for PBXNativeTarget "DrawingApp" */ = {
			isa = XCConfigurationList;
			buildConfigurations = (
				D273EAEF27CC5C6600DCDF78 /* Debug */,
				D273EAF027CC5C6600DCDF78 /* Release */,
			);
			defaultConfigurationIsVisible = 0;
			defaultConfigurationName = Release;
		};
/* End XCConfigurationList section */
	};
	rootObject = D273EAD227CC5C6500DCDF78 /* Project object */;
}
